
Microsoft Visual Studio Solution File, Format Version 12.00
# Visual Studio 15
VisualStudioVersion = 15.0.27004.2010
MinimumVisualStudioVersion = 10.0.40219.1
Project("{2150E333-8FDC-42A3-9474-1A3956D46DE8}") = "Solution Items", "Solution Items", "{7B775065-11E3-400F-A56F-76E98EDD8187}"
	ProjectSection(SolutionItems) = preProject
		src\HeavenlyWind.props = src\HeavenlyWind.props
		README.md = README.md
		src\SharedAssemblyInfo.cs = src\SharedAssemblyInfo.cs
	EndProjectSection
EndProject
Project("{FAE04EC0-301F-11D3-BF4B-00C04F79EFBC}") = "HeavenlyWind.UWP", "src\HeavenlyWind.UWP\HeavenlyWind.UWP.csproj", "{872A67E9-1A02-45CB-8948-0AA25BC71974}"
EndProject
Project("{FAE04EC0-301F-11D3-BF4B-00C04F79EFBC}") = "HeavenlyWind.UWP.Data", "src\HeavenlyWind.UWP.Data\HeavenlyWind.UWP.Data.csproj", "{9F2DE7A3-B59D-4234-B886-A1E23FE03775}"
EndProject
Global
	GlobalSection(SolutionConfigurationPlatforms) = preSolution
		Debug|ARM = Debug|ARM
		Debug|x64 = Debug|x64
		Debug|x86 = Debug|x86
		DebugNative|ARM = DebugNative|ARM
		DebugNative|x64 = DebugNative|x64
		DebugNative|x86 = DebugNative|x86
		Release|ARM = Release|ARM
		Release|x64 = Release|x64
		Release|x86 = Release|x86
	EndGlobalSection
	GlobalSection(ProjectConfigurationPlatforms) = postSolution
		{872A67E9-1A02-45CB-8948-0AA25BC71974}.Debug|ARM.ActiveCfg = Debug|ARM
		{872A67E9-1A02-45CB-8948-0AA25BC71974}.Debug|ARM.Build.0 = Debug|ARM
		{872A67E9-1A02-45CB-8948-0AA25BC71974}.Debug|ARM.Deploy.0 = Debug|ARM
		{872A67E9-1A02-45CB-8948-0AA25BC71974}.Debug|x64.ActiveCfg = Debug|x64
		{872A67E9-1A02-45CB-8948-0AA25BC71974}.Debug|x64.Build.0 = Debug|x64
		{872A67E9-1A02-45CB-8948-0AA25BC71974}.Debug|x64.Deploy.0 = Debug|x64
		{872A67E9-1A02-45CB-8948-0AA25BC71974}.Debug|x86.ActiveCfg = Debug|x86
		{872A67E9-1A02-45CB-8948-0AA25BC71974}.Debug|x86.Build.0 = Debug|x86
		{872A67E9-1A02-45CB-8948-0AA25BC71974}.Debug|x86.Deploy.0 = Debug|x86
		{872A67E9-1A02-45CB-8948-0AA25BC71974}.DebugNative|ARM.ActiveCfg = DebugNative|ARM
		{872A67E9-1A02-45CB-8948-0AA25BC71974}.DebugNative|ARM.Build.0 = DebugNative|ARM
		{872A67E9-1A02-45CB-8948-0AA25BC71974}.DebugNative|ARM.Deploy.0 = DebugNative|ARM
		{872A67E9-1A02-45CB-8948-0AA25BC71974}.DebugNative|x64.ActiveCfg = DebugNative|x64
		{872A67E9-1A02-45CB-8948-0AA25BC71974}.DebugNative|x64.Build.0 = DebugNative|x64
		{872A67E9-1A02-45CB-8948-0AA25BC71974}.DebugNative|x64.Deploy.0 = DebugNative|x64
		{872A67E9-1A02-45CB-8948-0AA25BC71974}.DebugNative|x86.ActiveCfg = DebugNative|x86
		{872A67E9-1A02-45CB-8948-0AA25BC71974}.DebugNative|x86.Build.0 = DebugNative|x86
		{872A67E9-1A02-45CB-8948-0AA25BC71974}.DebugNative|x86.Deploy.0 = DebugNative|x86
		{872A67E9-1A02-45CB-8948-0AA25BC71974}.Release|ARM.ActiveCfg = Release|ARM
		{872A67E9-1A02-45CB-8948-0AA25BC71974}.Release|ARM.Build.0 = Release|ARM
		{872A67E9-1A02-45CB-8948-0AA25BC71974}.Release|ARM.Deploy.0 = Release|ARM
		{872A67E9-1A02-45CB-8948-0AA25BC71974}.Release|x64.ActiveCfg = Release|x64
		{872A67E9-1A02-45CB-8948-0AA25BC71974}.Release|x64.Build.0 = Release|x64
		{872A67E9-1A02-45CB-8948-0AA25BC71974}.Release|x64.Deploy.0 = Release|x64
		{872A67E9-1A02-45CB-8948-0AA25BC71974}.Release|x86.ActiveCfg = Release|x86
		{872A67E9-1A02-45CB-8948-0AA25BC71974}.Release|x86.Build.0 = Release|x86
		{872A67E9-1A02-45CB-8948-0AA25BC71974}.Release|x86.Deploy.0 = Release|x86
		{9F2DE7A3-B59D-4234-B886-A1E23FE03775}.Debug|ARM.ActiveCfg = Debug|Any CPU
		{9F2DE7A3-B59D-4234-B886-A1E23FE03775}.Debug|ARM.Build.0 = Debug|Any CPU
		{9F2DE7A3-B59D-4234-B886-A1E23FE03775}.Debug|x64.ActiveCfg = Debug|Any CPU
		{9F2DE7A3-B59D-4234-B886-A1E23FE03775}.Debug|x64.Build.0 = Debug|Any CPU
		{9F2DE7A3-B59D-4234-B886-A1E23FE03775}.Debug|x86.ActiveCfg = Debug|Any CPU
		{9F2DE7A3-B59D-4234-B886-A1E23FE03775}.Debug|x86.Build.0 = Debug|Any CPU
		{9F2DE7A3-B59D-4234-B886-A1E23FE03775}.DebugNative|ARM.ActiveCfg = Debug|Any CPU
		{9F2DE7A3-B59D-4234-B886-A1E23FE03775}.DebugNative|ARM.Build.0 = Debug|Any CPU
		{9F2DE7A3-B59D-4234-B886-A1E23FE03775}.DebugNative|x64.ActiveCfg = Debug|Any CPU
		{9F2DE7A3-B59D-4234-B886-A1E23FE03775}.DebugNative|x64.Build.0 = Debug|Any CPU
		{9F2DE7A3-B59D-4234-B886-A1E23FE03775}.DebugNative|x86.ActiveCfg = Debug|Any CPU
		{9F2DE7A3-B59D-4234-B886-A1E23FE03775}.DebugNative|x86.Build.0 = Debug|Any CPU
		{9F2DE7A3-B59D-4234-B886-A1E23FE03775}.Release|ARM.ActiveCfg = Release|Any CPU
		{9F2DE7A3-B59D-4234-B886-A1E23FE03775}.Release|ARM.Build.0 = Release|Any CPU
		{9F2DE7A3-B59D-4234-B886-A1E23FE03775}.Release|x64.ActiveCfg = Release|Any CPU
		{9F2DE7A3-B59D-4234-B886-A1E23FE03775}.Release|x64.Build.0 = Release|Any CPU
		{9F2DE7A3-B59D-4234-B886-A1E23FE03775}.Release|x86.ActiveCfg = Release|Any CPU
		{9F2DE7A3-B59D-4234-B886-A1E23FE03775}.Release|x86.Build.0 = Release|Any CPU
	EndGlobalSection
	GlobalSection(SolutionProperties) = preSolution
		HideSolutionNode = FALSE
	EndGlobalSection
	GlobalSection(ExtensibilityGlobals) = postSolution
		SolutionGuid = {BA130E1B-1364-45CE-83E0-56A03B171075}
	EndGlobalSection
EndGlobal
