
Microsoft Visual Studio Solution File, Format Version 12.00
# Visual Studio 15
VisualStudioVersion = 15.0.27130.2026
MinimumVisualStudioVersion = 10.0.40219.1
Project("{2150E333-8FDC-42A3-9474-1A3956D46DE8}") = "Solution Items", "Solution Items", "{3550C478-67C1-4C06-B4DF-01CEA77C1EAD}"
	ProjectSection(SolutionItems) = preProject
		.editorconfig = .editorconfig
		src\HeavenlyWind.props = src\HeavenlyWind.props
		README.md = README.md
	EndProjectSection
EndProject
Project("{9A19103F-16F7-4668-BE54-9A1E7A4F7556}") = "HeavenlyWind.Core.Listener", "src\HeavenlyWind.Core.Listener\HeavenlyWind.Core.Listener.csproj", "{08C823F1-7E6A-47A9-83E1-D3E9EAE07E51}"
EndProject
Project("{9A19103F-16F7-4668-BE54-9A1E7A4F7556}") = "HeavenlyWind.Game.Provider", "src\HeavenlyWind.Game.Provider\HeavenlyWind.Game.Provider.csproj", "{05EB7B5D-CC39-4D62-8D11-EF3EAA99DD91}"
EndProject
Project("{9A19103F-16F7-4668-BE54-9A1E7A4F7556}") = "HeavenlyWind.Game.Models", "src\HeavenlyWind.Game.Models\HeavenlyWind.Game.Models.csproj", "{2DB243BB-D99C-4D5C-AAA9-98104CC7EFA0}"
EndProject
Project("{9A19103F-16F7-4668-BE54-9A1E7A4F7556}") = "HeavenlyWind.Game.Models.Raw", "src\HeavenlyWind.Game.Models.Raw\HeavenlyWind.Game.Models.Raw.csproj", "{9CCC28AD-ACC3-4043-A408-6E67CE46D7B5}"
EndProject
Project("{2150E333-8FDC-42A3-9474-1A3956D46DE8}") = "Test", "Test", "{F56CCD2C-4509-47A4-A64E-1AE8A127938D}"
EndProject
Project("{FAE04EC0-301F-11D3-BF4B-00C04F79EFBC}") = "HeavenlyWind.Game.Provider.Test", "Test\HeavenlyWind.Game.Provider.Test\HeavenlyWind.Game.Provider.Test.csproj", "{DD061355-BCEC-4512-A262-8FBDDF2F3C5D}"
EndProject
Global
	GlobalSection(SolutionConfigurationPlatforms) = preSolution
		Debug|Any CPU = Debug|Any CPU
		Release|Any CPU = Release|Any CPU
	EndGlobalSection
	GlobalSection(ProjectConfigurationPlatforms) = postSolution
		{08C823F1-7E6A-47A9-83E1-D3E9EAE07E51}.Debug|Any CPU.ActiveCfg = Debug|Any CPU
		{08C823F1-7E6A-47A9-83E1-D3E9EAE07E51}.Debug|Any CPU.Build.0 = Debug|Any CPU
		{08C823F1-7E6A-47A9-83E1-D3E9EAE07E51}.Release|Any CPU.ActiveCfg = Release|Any CPU
		{08C823F1-7E6A-47A9-83E1-D3E9EAE07E51}.Release|Any CPU.Build.0 = Release|Any CPU
		{05EB7B5D-CC39-4D62-8D11-EF3EAA99DD91}.Debug|Any CPU.ActiveCfg = Debug|Any CPU
		{05EB7B5D-CC39-4D62-8D11-EF3EAA99DD91}.Debug|Any CPU.Build.0 = Debug|Any CPU
		{05EB7B5D-CC39-4D62-8D11-EF3EAA99DD91}.Release|Any CPU.ActiveCfg = Release|Any CPU
		{05EB7B5D-CC39-4D62-8D11-EF3EAA99DD91}.Release|Any CPU.Build.0 = Release|Any CPU
		{2DB243BB-D99C-4D5C-AAA9-98104CC7EFA0}.Debug|Any CPU.ActiveCfg = Debug|Any CPU
		{2DB243BB-D99C-4D5C-AAA9-98104CC7EFA0}.Debug|Any CPU.Build.0 = Debug|Any CPU
		{2DB243BB-D99C-4D5C-AAA9-98104CC7EFA0}.Release|Any CPU.ActiveCfg = Release|Any CPU
		{2DB243BB-D99C-4D5C-AAA9-98104CC7EFA0}.Release|Any CPU.Build.0 = Release|Any CPU
		{9CCC28AD-ACC3-4043-A408-6E67CE46D7B5}.Debug|Any CPU.ActiveCfg = Debug|Any CPU
		{9CCC28AD-ACC3-4043-A408-6E67CE46D7B5}.Debug|Any CPU.Build.0 = Debug|Any CPU
		{9CCC28AD-ACC3-4043-A408-6E67CE46D7B5}.Release|Any CPU.ActiveCfg = Release|Any CPU
		{9CCC28AD-ACC3-4043-A408-6E67CE46D7B5}.Release|Any CPU.Build.0 = Release|Any CPU
		{DD061355-BCEC-4512-A262-8FBDDF2F3C5D}.Debug|Any CPU.ActiveCfg = Debug|Any CPU
		{DD061355-BCEC-4512-A262-8FBDDF2F3C5D}.Debug|Any CPU.Build.0 = Debug|Any CPU
		{DD061355-BCEC-4512-A262-8FBDDF2F3C5D}.Release|Any CPU.ActiveCfg = Release|Any CPU
		{DD061355-BCEC-4512-A262-8FBDDF2F3C5D}.Release|Any CPU.Build.0 = Release|Any CPU
	EndGlobalSection
	GlobalSection(SolutionProperties) = preSolution
		HideSolutionNode = FALSE
	EndGlobalSection
	GlobalSection(NestedProjects) = preSolution
		{DD061355-BCEC-4512-A262-8FBDDF2F3C5D} = {F56CCD2C-4509-47A4-A64E-1AE8A127938D}
	EndGlobalSection
	GlobalSection(ExtensibilityGlobals) = postSolution
		SolutionGuid = {55847EB3-F9E8-47EC-83F6-05F05EE640A4}
	EndGlobalSection
EndGlobal
