Microsoft Visual Studio Solution File, Format Version 12.00
# Visual Studio Version 16
VisualStudioVersion = 16.0.28407.52
MinimumVisualStudioVersion = 10.0.40219.1
Project("{2150E333-8FDC-42A3-9474-1A3956D46DE8}") = "Solution Items", "Solution Items", "{C29D66F9-D2E7-4C82-84CE-7A56EEBBA684}"
	ProjectSection(SolutionItems) = preProject
		src\app.manifest = src\app.manifest
		src\Directory.Build.props = src\Directory.Build.props
		src\SharedAssemblyInfo.cs = src\SharedAssemblyInfo.cs
		src\SharedAssemblyInfo.vb = src\SharedAssemblyInfo.vb
		src\UWP.props = src\UWP.props
		src\UWPBridge.props = src\UWPBridge.props
	EndProjectSection
EndProject
Project("{2150E333-8FDC-42A3-9474-1A3956D46DE8}") = "Infrastructure", "Infrastructure", "{51A97823-F0E6-42BE-B01B-F6686C1C4BD1}"
	ProjectSection(SolutionItems) = preProject
		src\Infrastructure\Directory.Build.props = src\Infrastructure\Directory.Build.props
	EndProjectSection
EndProject
Project("{9A19103F-16F7-4668-BE54-9A1E7A4F7556}") = "Sakuno.ING.Bootstrap", "src\Infrastructure\Sakuno.ING.Bootstrap\Sakuno.ING.Bootstrap.csproj", "{773D4281-944D-4154-AE00-A69CFCA6659C}"
EndProject
Project("{9A19103F-16F7-4668-BE54-9A1E7A4F7556}") = "Sakuno.ING.Data", "src\Infrastructure\Sakuno.ING.Data\Sakuno.ING.Data.csproj", "{AB6EC829-12AC-4B7C-A348-5C7620C96EB5}"
EndProject
Project("{9A19103F-16F7-4668-BE54-9A1E7A4F7556}") = "Sakuno.ING.Data.Design", "src\Infrastructure\Sakuno.ING.Data.Design\Sakuno.ING.Data.Design.csproj", "{A16DFBEC-F553-4F70-B1F8-24FB37012CF3}"
EndProject
Project("{9A19103F-16F7-4668-BE54-9A1E7A4F7556}") = "Sakuno.ING.Standard", "src\Infrastructure\Sakuno.ING.Standard\Sakuno.ING.Standard.csproj", "{D5E9FD1A-A812-4FEB-B252-A84242B0E4CC}"
EndProject
Project("{9A19103F-16F7-4668-BE54-9A1E7A4F7556}") = "Sakuno.ING.Settings.Common", "src\Infrastructure\Sakuno.ING.Settings.Common\Sakuno.ING.Settings.Common.csproj", "{A3E0327E-E89C-4B56-B9D2-75C6E60EBB39}"
EndProject
Project("{2150E333-8FDC-42A3-9474-1A3956D46DE8}") = "Game", "Game", "{38D02581-E437-4553-815D-C4FBB67029A0}"
	ProjectSection(SolutionItems) = preProject
		src\Game\Directory.Build.props = src\Game\Directory.Build.props
	EndProjectSection
EndProject
Project("{9A19103F-16F7-4668-BE54-9A1E7A4F7556}") = "Sakuno.ING.Core.Listener", "src\Game\Sakuno.ING.Core.Listener\Sakuno.ING.Core.Listener.csproj", "{08C823F1-7E6A-47A9-83E1-D3E9EAE07E51}"
EndProject
Project("{9A19103F-16F7-4668-BE54-9A1E7A4F7556}") = "Sakuno.ING.Game.Provider", "src\Game\Sakuno.ING.Game.Provider\Sakuno.ING.Game.Provider.csproj", "{05EB7B5D-CC39-4D62-8D11-EF3EAA99DD91}"
EndProject
Project("{9A19103F-16F7-4668-BE54-9A1E7A4F7556}") = "Sakuno.ING.Game.Models", "src\Game\Sakuno.ING.Game.Models\Sakuno.ING.Game.Models.csproj", "{2DB243BB-D99C-4D5C-AAA9-98104CC7EFA0}"
EndProject
Project("{9A19103F-16F7-4668-BE54-9A1E7A4F7556}") = "Sakuno.ING.Game.Logger", "src\Game\Sakuno.ING.Game.Logger\Sakuno.ING.Game.Logger.csproj", "{159E60F5-E46D-48E8-BC31-3987AC70F991}"
EndProject
Project("{9A19103F-16F7-4668-BE54-9A1E7A4F7556}") = "Sakuno.ING.Game.Logger.Design", "src\Game\Sakuno.ING.Game.Logger.Design\Sakuno.ING.Game.Logger.Design.csproj", "{86E8F33C-8ACF-4AFE-BE87-FF6A30034C17}"
EndProject
Project("{2150E333-8FDC-42A3-9474-1A3956D46DE8}") = "Tests", "Tests", "{F56CCD2C-4509-47A4-A64E-1AE8A127938D}"
EndProject
Project("{9A19103F-16F7-4668-BE54-9A1E7A4F7556}") = "Sakuno.ING.Game.Logger.Tests", "tests\Sakuno.ING.Game.Logger.Tests\Sakuno.ING.Game.Logger.Tests.csproj", "{41FA3355-BC75-4A9F-BD29-C09978FA5145}"
EndProject
Project("{9A19103F-16F7-4668-BE54-9A1E7A4F7556}") = "Sakuno.ING.Game.Provider.Tests", "tests\Sakuno.ING.Game.Provider.Tests\Sakuno.ING.Game.Provider.Tests.csproj", "{DD061355-BCEC-4512-A262-8FBDDF2F3C5D}"
EndProject
Project("{9A19103F-16F7-4668-BE54-9A1E7A4F7556}") = "Nekomimi", "Nekomimi\src\Nekomimi\Nekomimi.csproj", "{27A2F92A-B419-4DA2-94BE-B53E29AC5604}"
EndProject
Project("{2150E333-8FDC-42A3-9474-1A3956D46DE8}") = "Core", "Core", "{BFE81E41-9386-4F4B-A1AC-6A55B1C9D664}"
EndProject
Project("{2150E333-8FDC-42A3-9474-1A3956D46DE8}") = "Shared", "Shared", "{C9BC41C7-7558-4441-823F-682BBB4A436B}"
	ProjectSection(SolutionItems) = preProject
		src\Core\Shared\Directory.Build.props = src\Core\Shared\Directory.Build.props
	EndProjectSection
EndProject
Project("{9A19103F-16F7-4668-BE54-9A1E7A4F7556}") = "Sakuno.ING.Data.Desktop", "src\Core\Shared\Sakuno.ING.Data.Desktop\Sakuno.ING.Data.Desktop.csproj", "{B579EBD9-4C99-466D-B9A2-DC6E6B8BA314}"
EndProject
Project("{9A19103F-16F7-4668-BE54-9A1E7A4F7556}") = "Sakuno.ING.Localization.Embed", "src\Core\Shared\Sakuno.ING.Localization.Embed\Sakuno.ING.Localization.Embed.csproj", "{B4A2ED9D-C6D6-4332-8891-AA36D55D4B7D}"
EndProject
Project("{9A19103F-16F7-4668-BE54-9A1E7A4F7556}") = "Sakuno.ING.Timing.NTP", "src\Core\Shared\Sakuno.ING.Timing.NTP\Sakuno.ING.Timing.NTP.csproj", "{6BBBE871-BEB9-47CF-BBF9-28DB9B64729A}"
EndProject
Project("{9A19103F-16F7-4668-BE54-9A1E7A4F7556}") = "Sakuno.ING.Views.Desktop.Base", "src\Core\Desktop\Sakuno.ING.Views.Desktop.Base\Sakuno.ING.Views.Desktop.Base.csproj", "{29889146-82DB-460C-9A4E-3BB765C6477C}"
EndProject
Project("{9A19103F-16F7-4668-BE54-9A1E7A4F7556}") = "Sakuno.ING.Views.Desktop.Common", "src\Core\Desktop\Sakuno.ING.Views.Desktop.Common\Sakuno.ING.Views.Desktop.Common.csproj", "{0F5123BF-F32D-4F2A-A605-6EFDCB07BAF0}"
EndProject
Project("{2150E333-8FDC-42A3-9474-1A3956D46DE8}") = "Desktop", "Desktop", "{C7F25EE9-2529-47AE-8328-A4F986799234}"
	ProjectSection(SolutionItems) = preProject
		src\Core\Desktop\Directory.Build.props = src\Core\Desktop\Directory.Build.props
	EndProjectSection
EndProject
Project("{9A19103F-16F7-4668-BE54-9A1E7A4F7556}") = "Sakuno.ING.Shell.Desktop", "src\Core\Desktop\Sakuno.ING.Shell.Desktop\Sakuno.ING.Shell.Desktop.csproj", "{F90C7AD1-0918-4CD2-B775-305C19379EDB}"
EndProject
Project("{9A19103F-16F7-4668-BE54-9A1E7A4F7556}") = "Sakuno.ING.Launcher", "src\Core\Desktop\Sakuno.ING.Launcher\Sakuno.ING.Launcher.csproj", "{96E968EB-417E-40DC-A9EF-F83D12733FF7}"
EndProject
Project("{9A19103F-16F7-4668-BE54-9A1E7A4F7556}") = "Sakuno.ING.Launcher.Canonical", "src\Core\Desktop\Sakuno.ING.Launcher.Canonical\Sakuno.ING.Launcher.Canonical.csproj", "{0D940FFD-E834-4B73-AF34-B1937936C9C4}"
EndProject
Project("{2150E333-8FDC-42A3-9474-1A3956D46DE8}") = "UWP", "UWP", "{DE2A5BB5-F569-4BA6-88C8-06EF340A51EA}"
EndProject
Project("{FAE04EC0-301F-11D3-BF4B-00C04F79EFBC}") = "Sakuno.ING.UWP", "src\Core\UWP\Sakuno.ING.UWP\Sakuno.ING.UWP.csproj", "{872A67E9-1A02-45CB-8948-0AA25BC71974}"
EndProject
Project("{FAE04EC0-301F-11D3-BF4B-00C04F79EFBC}") = "Sakuno.ING.Views.UWP.Common", "src\Core\UWP\Sakuno.ING.Views.UWP.Common\Sakuno.ING.Views.UWP.Common.csproj", "{7AADB43E-3E31-4E9F-B2E7-AE225833A7A8}"
EndProject
Project("{2150E333-8FDC-42A3-9474-1A3956D46DE8}") = "Views", "Views", "{B8A48836-73E5-4AB3-AA71-C3C70B426963}"
EndProject
Project("{FAE04EC0-301F-11D3-BF4B-00C04F79EFBC}") = "Sakuno.ING.Views.UWP", "src\Views\Sakuno.ING.Views.UWP\Sakuno.ING.Views.UWP.csproj", "{C3653662-15E1-4ECF-A183-77460068AB3A}"
EndProject
Project("{2150E333-8FDC-42A3-9474-1A3956D46DE8}") = "ViewModels", "ViewModels", "{1C43A003-5E6B-4354-BA6E-C402BE43028D}"
	ProjectSection(SolutionItems) = preProject
		src\ViewModels\Directory.Build.props = src\ViewModels\Directory.Build.props
	EndProjectSection
EndProject
Project("{9A19103F-16F7-4668-BE54-9A1E7A4F7556}") = "Sakuno.ING.Game.Logger.Migrators", "src\Game\Sakuno.ING.Game.Logger.Migrators\Sakuno.ING.Game.Logger.Migrators.csproj", "{1879752A-AF06-4ABA-B8A0-043D79B5BA4F}"
EndProject
Project("{2150E333-8FDC-42A3-9474-1A3956D46DE8}") = "Root", "Root", "{46000D44-CD1D-4443-BBA5-88430A032608}"
	ProjectSection(SolutionItems) = preProject
		.editorconfig = .editorconfig
		.vsconfig = .vsconfig
		Directory.Build.props = Directory.Build.props
		global.json = global.json
		README.md = README.md
	EndProjectSection
EndProject
Project("{2150E333-8FDC-42A3-9474-1A3956D46DE8}") = "Browser", "Browser", "{60A2096A-49B1-42AB-938A-33534F6AC5F8}"
	ProjectSection(SolutionItems) = preProject
		src\Browser\Directory.Build.props = src\Browser\Directory.Build.props
	EndProjectSection
EndProject
Project("{9A19103F-16F7-4668-BE54-9A1E7A4F7556}") = "Sakuno.ING.Browser.Desktop", "src\Browser\Sakuno.ING.Browser.Desktop\Sakuno.ING.Browser.Desktop.csproj", "{D2C1A78A-DAEC-493C-B8C6-A7A6263621B3}"
EndProject
Project("{9A19103F-16F7-4668-BE54-9A1E7A4F7556}") = "Sakuno.ING.Browser.Desktop.Cef", "src\Browser\Sakuno.ING.Browser.Desktop.Cef\Sakuno.ING.Browser.Desktop.Cef.csproj", "{8E69489B-CC84-4965-B960-76105C4D2E80}"
EndProject
Project("{9A19103F-16F7-4668-BE54-9A1E7A4F7556}") = "Sakuno.ING.Views.Desktop", "src\Views\Sakuno.ING.Views.Desktop\Sakuno.ING.Views.Desktop.csproj", "{2B080991-01DC-4CE0-B240-42A372740F5D}"
EndProject
Project("{9A19103F-16F7-4668-BE54-9A1E7A4F7556}") = "Sakuno.ING.ViewModels", "src\ViewModels\Sakuno.ING.ViewModels\Sakuno.ING.ViewModels.csproj", "{EB22B36C-7687-4C43-B61B-1339708AA77F}"
EndProject
Global
	GlobalSection(SolutionConfigurationPlatforms) = preSolution
		Debug|x64 = Debug|x64
		Debug|x86 = Debug|x86
		Release|x64 = Release|x64
		Release|x86 = Release|x86
	EndGlobalSection
	GlobalSection(ProjectConfigurationPlatforms) = postSolution
		{773D4281-944D-4154-AE00-A69CFCA6659C}.Debug|x64.ActiveCfg = Debug|Any CPU
		{773D4281-944D-4154-AE00-A69CFCA6659C}.Debug|x64.Build.0 = Debug|Any CPU
		{773D4281-944D-4154-AE00-A69CFCA6659C}.Debug|x86.ActiveCfg = Debug|Any CPU
		{773D4281-944D-4154-AE00-A69CFCA6659C}.Debug|x86.Build.0 = Debug|Any CPU
		{773D4281-944D-4154-AE00-A69CFCA6659C}.Release|x64.ActiveCfg = Release|Any CPU
		{773D4281-944D-4154-AE00-A69CFCA6659C}.Release|x64.Build.0 = Release|Any CPU
		{773D4281-944D-4154-AE00-A69CFCA6659C}.Release|x86.ActiveCfg = Release|Any CPU
		{773D4281-944D-4154-AE00-A69CFCA6659C}.Release|x86.Build.0 = Release|Any CPU
		{AB6EC829-12AC-4B7C-A348-5C7620C96EB5}.Debug|x64.ActiveCfg = Debug|Any CPU
		{AB6EC829-12AC-4B7C-A348-5C7620C96EB5}.Debug|x64.Build.0 = Debug|Any CPU
		{AB6EC829-12AC-4B7C-A348-5C7620C96EB5}.Debug|x86.ActiveCfg = Debug|Any CPU
		{AB6EC829-12AC-4B7C-A348-5C7620C96EB5}.Debug|x86.Build.0 = Debug|Any CPU
		{AB6EC829-12AC-4B7C-A348-5C7620C96EB5}.Release|x64.ActiveCfg = Release|Any CPU
		{AB6EC829-12AC-4B7C-A348-5C7620C96EB5}.Release|x64.Build.0 = Release|Any CPU
		{AB6EC829-12AC-4B7C-A348-5C7620C96EB5}.Release|x86.ActiveCfg = Release|Any CPU
		{AB6EC829-12AC-4B7C-A348-5C7620C96EB5}.Release|x86.Build.0 = Release|Any CPU
		{A16DFBEC-F553-4F70-B1F8-24FB37012CF3}.Debug|x64.ActiveCfg = Debug|Any CPU
		{A16DFBEC-F553-4F70-B1F8-24FB37012CF3}.Debug|x64.Build.0 = Debug|Any CPU
		{A16DFBEC-F553-4F70-B1F8-24FB37012CF3}.Debug|x86.ActiveCfg = Debug|Any CPU
		{A16DFBEC-F553-4F70-B1F8-24FB37012CF3}.Debug|x86.Build.0 = Debug|Any CPU
		{A16DFBEC-F553-4F70-B1F8-24FB37012CF3}.Release|x64.ActiveCfg = Release|Any CPU
		{A16DFBEC-F553-4F70-B1F8-24FB37012CF3}.Release|x86.ActiveCfg = Release|Any CPU
		{D5E9FD1A-A812-4FEB-B252-A84242B0E4CC}.Debug|x64.ActiveCfg = Debug|Any CPU
		{D5E9FD1A-A812-4FEB-B252-A84242B0E4CC}.Debug|x64.Build.0 = Debug|Any CPU
		{D5E9FD1A-A812-4FEB-B252-A84242B0E4CC}.Debug|x86.ActiveCfg = Debug|Any CPU
		{D5E9FD1A-A812-4FEB-B252-A84242B0E4CC}.Debug|x86.Build.0 = Debug|Any CPU
		{D5E9FD1A-A812-4FEB-B252-A84242B0E4CC}.Release|x64.ActiveCfg = Release|Any CPU
		{D5E9FD1A-A812-4FEB-B252-A84242B0E4CC}.Release|x64.Build.0 = Release|Any CPU
		{D5E9FD1A-A812-4FEB-B252-A84242B0E4CC}.Release|x86.ActiveCfg = Release|Any CPU
		{D5E9FD1A-A812-4FEB-B252-A84242B0E4CC}.Release|x86.Build.0 = Release|Any CPU
		{A3E0327E-E89C-4B56-B9D2-75C6E60EBB39}.Debug|x64.ActiveCfg = Debug|Any CPU
		{A3E0327E-E89C-4B56-B9D2-75C6E60EBB39}.Debug|x64.Build.0 = Debug|Any CPU
		{A3E0327E-E89C-4B56-B9D2-75C6E60EBB39}.Debug|x86.ActiveCfg = Debug|Any CPU
		{A3E0327E-E89C-4B56-B9D2-75C6E60EBB39}.Debug|x86.Build.0 = Debug|Any CPU
		{A3E0327E-E89C-4B56-B9D2-75C6E60EBB39}.Release|x64.ActiveCfg = Release|Any CPU
		{A3E0327E-E89C-4B56-B9D2-75C6E60EBB39}.Release|x64.Build.0 = Release|Any CPU
		{A3E0327E-E89C-4B56-B9D2-75C6E60EBB39}.Release|x86.ActiveCfg = Release|Any CPU
		{A3E0327E-E89C-4B56-B9D2-75C6E60EBB39}.Release|x86.Build.0 = Release|Any CPU
		{08C823F1-7E6A-47A9-83E1-D3E9EAE07E51}.Debug|x64.ActiveCfg = Debug|Any CPU
		{08C823F1-7E6A-47A9-83E1-D3E9EAE07E51}.Debug|x64.Build.0 = Debug|Any CPU
		{08C823F1-7E6A-47A9-83E1-D3E9EAE07E51}.Debug|x86.ActiveCfg = Debug|Any CPU
		{08C823F1-7E6A-47A9-83E1-D3E9EAE07E51}.Debug|x86.Build.0 = Debug|Any CPU
		{08C823F1-7E6A-47A9-83E1-D3E9EAE07E51}.Release|x64.ActiveCfg = Release|Any CPU
		{08C823F1-7E6A-47A9-83E1-D3E9EAE07E51}.Release|x64.Build.0 = Release|Any CPU
		{08C823F1-7E6A-47A9-83E1-D3E9EAE07E51}.Release|x86.ActiveCfg = Release|Any CPU
		{08C823F1-7E6A-47A9-83E1-D3E9EAE07E51}.Release|x86.Build.0 = Release|Any CPU
		{05EB7B5D-CC39-4D62-8D11-EF3EAA99DD91}.Debug|x64.ActiveCfg = Debug|Any CPU
		{05EB7B5D-CC39-4D62-8D11-EF3EAA99DD91}.Debug|x64.Build.0 = Debug|Any CPU
		{05EB7B5D-CC39-4D62-8D11-EF3EAA99DD91}.Debug|x86.ActiveCfg = Debug|Any CPU
		{05EB7B5D-CC39-4D62-8D11-EF3EAA99DD91}.Debug|x86.Build.0 = Debug|Any CPU
		{05EB7B5D-CC39-4D62-8D11-EF3EAA99DD91}.Release|x64.ActiveCfg = Release|Any CPU
		{05EB7B5D-CC39-4D62-8D11-EF3EAA99DD91}.Release|x64.Build.0 = Release|Any CPU
		{05EB7B5D-CC39-4D62-8D11-EF3EAA99DD91}.Release|x86.ActiveCfg = Release|Any CPU
		{05EB7B5D-CC39-4D62-8D11-EF3EAA99DD91}.Release|x86.Build.0 = Release|Any CPU
		{2DB243BB-D99C-4D5C-AAA9-98104CC7EFA0}.Debug|x64.ActiveCfg = Debug|Any CPU
		{2DB243BB-D99C-4D5C-AAA9-98104CC7EFA0}.Debug|x64.Build.0 = Debug|Any CPU
		{2DB243BB-D99C-4D5C-AAA9-98104CC7EFA0}.Debug|x86.ActiveCfg = Debug|Any CPU
		{2DB243BB-D99C-4D5C-AAA9-98104CC7EFA0}.Debug|x86.Build.0 = Debug|Any CPU
		{2DB243BB-D99C-4D5C-AAA9-98104CC7EFA0}.Release|x64.ActiveCfg = Release|Any CPU
		{2DB243BB-D99C-4D5C-AAA9-98104CC7EFA0}.Release|x64.Build.0 = Release|Any CPU
		{2DB243BB-D99C-4D5C-AAA9-98104CC7EFA0}.Release|x86.ActiveCfg = Release|Any CPU
		{2DB243BB-D99C-4D5C-AAA9-98104CC7EFA0}.Release|x86.Build.0 = Release|Any CPU
		{159E60F5-E46D-48E8-BC31-3987AC70F991}.Debug|x64.ActiveCfg = Debug|Any CPU
		{159E60F5-E46D-48E8-BC31-3987AC70F991}.Debug|x64.Build.0 = Debug|Any CPU
		{159E60F5-E46D-48E8-BC31-3987AC70F991}.Debug|x86.ActiveCfg = Debug|Any CPU
		{159E60F5-E46D-48E8-BC31-3987AC70F991}.Debug|x86.Build.0 = Debug|Any CPU
		{159E60F5-E46D-48E8-BC31-3987AC70F991}.Release|x64.ActiveCfg = Release|Any CPU
		{159E60F5-E46D-48E8-BC31-3987AC70F991}.Release|x64.Build.0 = Release|Any CPU
		{159E60F5-E46D-48E8-BC31-3987AC70F991}.Release|x86.ActiveCfg = Release|Any CPU
		{159E60F5-E46D-48E8-BC31-3987AC70F991}.Release|x86.Build.0 = Release|Any CPU
		{86E8F33C-8ACF-4AFE-BE87-FF6A30034C17}.Debug|x64.ActiveCfg = Debug|Any CPU
		{86E8F33C-8ACF-4AFE-BE87-FF6A30034C17}.Debug|x64.Build.0 = Debug|Any CPU
		{86E8F33C-8ACF-4AFE-BE87-FF6A30034C17}.Debug|x86.ActiveCfg = Debug|Any CPU
		{86E8F33C-8ACF-4AFE-BE87-FF6A30034C17}.Debug|x86.Build.0 = Debug|Any CPU
		{86E8F33C-8ACF-4AFE-BE87-FF6A30034C17}.Release|x64.ActiveCfg = Release|Any CPU
		{86E8F33C-8ACF-4AFE-BE87-FF6A30034C17}.Release|x86.ActiveCfg = Release|Any CPU
		{41FA3355-BC75-4A9F-BD29-C09978FA5145}.Debug|x64.ActiveCfg = Debug|Any CPU
		{41FA3355-BC75-4A9F-BD29-C09978FA5145}.Debug|x64.Build.0 = Debug|Any CPU
		{41FA3355-BC75-4A9F-BD29-C09978FA5145}.Debug|x86.ActiveCfg = Debug|Any CPU
		{41FA3355-BC75-4A9F-BD29-C09978FA5145}.Debug|x86.Build.0 = Debug|Any CPU
		{41FA3355-BC75-4A9F-BD29-C09978FA5145}.Release|x64.ActiveCfg = Release|Any CPU
		{41FA3355-BC75-4A9F-BD29-C09978FA5145}.Release|x64.Build.0 = Release|Any CPU
		{41FA3355-BC75-4A9F-BD29-C09978FA5145}.Release|x86.ActiveCfg = Release|Any CPU
		{41FA3355-BC75-4A9F-BD29-C09978FA5145}.Release|x86.Build.0 = Release|Any CPU
		{DD061355-BCEC-4512-A262-8FBDDF2F3C5D}.Debug|x64.ActiveCfg = Debug|Any CPU
		{DD061355-BCEC-4512-A262-8FBDDF2F3C5D}.Debug|x64.Build.0 = Debug|Any CPU
		{DD061355-BCEC-4512-A262-8FBDDF2F3C5D}.Debug|x86.ActiveCfg = Debug|Any CPU
		{DD061355-BCEC-4512-A262-8FBDDF2F3C5D}.Debug|x86.Build.0 = Debug|Any CPU
		{DD061355-BCEC-4512-A262-8FBDDF2F3C5D}.Release|x64.ActiveCfg = Release|Any CPU
		{DD061355-BCEC-4512-A262-8FBDDF2F3C5D}.Release|x64.Build.0 = Release|Any CPU
		{DD061355-BCEC-4512-A262-8FBDDF2F3C5D}.Release|x86.ActiveCfg = Release|Any CPU
		{DD061355-BCEC-4512-A262-8FBDDF2F3C5D}.Release|x86.Build.0 = Release|Any CPU
		{27A2F92A-B419-4DA2-94BE-B53E29AC5604}.Debug|x64.ActiveCfg = Debug|Any CPU
		{27A2F92A-B419-4DA2-94BE-B53E29AC5604}.Debug|x64.Build.0 = Debug|Any CPU
		{27A2F92A-B419-4DA2-94BE-B53E29AC5604}.Debug|x86.ActiveCfg = Debug|Any CPU
		{27A2F92A-B419-4DA2-94BE-B53E29AC5604}.Debug|x86.Build.0 = Debug|Any CPU
		{27A2F92A-B419-4DA2-94BE-B53E29AC5604}.Release|x64.ActiveCfg = Release|Any CPU
		{27A2F92A-B419-4DA2-94BE-B53E29AC5604}.Release|x64.Build.0 = Release|Any CPU
		{27A2F92A-B419-4DA2-94BE-B53E29AC5604}.Release|x86.ActiveCfg = Release|Any CPU
		{27A2F92A-B419-4DA2-94BE-B53E29AC5604}.Release|x86.Build.0 = Release|Any CPU
		{B579EBD9-4C99-466D-B9A2-DC6E6B8BA314}.Debug|x64.ActiveCfg = Debug|Any CPU
		{B579EBD9-4C99-466D-B9A2-DC6E6B8BA314}.Debug|x64.Build.0 = Debug|Any CPU
		{B579EBD9-4C99-466D-B9A2-DC6E6B8BA314}.Debug|x86.ActiveCfg = Debug|Any CPU
		{B579EBD9-4C99-466D-B9A2-DC6E6B8BA314}.Debug|x86.Build.0 = Debug|Any CPU
		{B579EBD9-4C99-466D-B9A2-DC6E6B8BA314}.Release|x64.ActiveCfg = Release|Any CPU
		{B579EBD9-4C99-466D-B9A2-DC6E6B8BA314}.Release|x64.Build.0 = Release|Any CPU
		{B579EBD9-4C99-466D-B9A2-DC6E6B8BA314}.Release|x86.ActiveCfg = Release|Any CPU
		{B579EBD9-4C99-466D-B9A2-DC6E6B8BA314}.Release|x86.Build.0 = Release|Any CPU
		{B4A2ED9D-C6D6-4332-8891-AA36D55D4B7D}.Debug|x64.ActiveCfg = Debug|Any CPU
		{B4A2ED9D-C6D6-4332-8891-AA36D55D4B7D}.Debug|x64.Build.0 = Debug|Any CPU
		{B4A2ED9D-C6D6-4332-8891-AA36D55D4B7D}.Debug|x86.ActiveCfg = Debug|Any CPU
		{B4A2ED9D-C6D6-4332-8891-AA36D55D4B7D}.Debug|x86.Build.0 = Debug|Any CPU
		{B4A2ED9D-C6D6-4332-8891-AA36D55D4B7D}.Release|x64.ActiveCfg = Release|Any CPU
		{B4A2ED9D-C6D6-4332-8891-AA36D55D4B7D}.Release|x64.Build.0 = Release|Any CPU
		{B4A2ED9D-C6D6-4332-8891-AA36D55D4B7D}.Release|x86.ActiveCfg = Release|Any CPU
		{B4A2ED9D-C6D6-4332-8891-AA36D55D4B7D}.Release|x86.Build.0 = Release|Any CPU
		{6BBBE871-BEB9-47CF-BBF9-28DB9B64729A}.Debug|x64.ActiveCfg = Debug|Any CPU
		{6BBBE871-BEB9-47CF-BBF9-28DB9B64729A}.Debug|x64.Build.0 = Debug|Any CPU
		{6BBBE871-BEB9-47CF-BBF9-28DB9B64729A}.Debug|x86.ActiveCfg = Debug|Any CPU
		{6BBBE871-BEB9-47CF-BBF9-28DB9B64729A}.Debug|x86.Build.0 = Debug|Any CPU
		{6BBBE871-BEB9-47CF-BBF9-28DB9B64729A}.Release|x64.ActiveCfg = Release|Any CPU
		{6BBBE871-BEB9-47CF-BBF9-28DB9B64729A}.Release|x64.Build.0 = Release|Any CPU
		{6BBBE871-BEB9-47CF-BBF9-28DB9B64729A}.Release|x86.ActiveCfg = Release|Any CPU
		{6BBBE871-BEB9-47CF-BBF9-28DB9B64729A}.Release|x86.Build.0 = Release|Any CPU
		{29889146-82DB-460C-9A4E-3BB765C6477C}.Debug|x64.ActiveCfg = Debug|Any CPU
		{29889146-82DB-460C-9A4E-3BB765C6477C}.Debug|x64.Build.0 = Debug|Any CPU
		{29889146-82DB-460C-9A4E-3BB765C6477C}.Debug|x86.ActiveCfg = Debug|Any CPU
		{29889146-82DB-460C-9A4E-3BB765C6477C}.Debug|x86.Build.0 = Debug|Any CPU
		{29889146-82DB-460C-9A4E-3BB765C6477C}.Release|x64.ActiveCfg = Release|Any CPU
		{29889146-82DB-460C-9A4E-3BB765C6477C}.Release|x64.Build.0 = Release|Any CPU
		{29889146-82DB-460C-9A4E-3BB765C6477C}.Release|x86.ActiveCfg = Release|Any CPU
		{29889146-82DB-460C-9A4E-3BB765C6477C}.Release|x86.Build.0 = Release|Any CPU
		{0F5123BF-F32D-4F2A-A605-6EFDCB07BAF0}.Debug|x64.ActiveCfg = Debug|Any CPU
		{0F5123BF-F32D-4F2A-A605-6EFDCB07BAF0}.Debug|x64.Build.0 = Debug|Any CPU
		{0F5123BF-F32D-4F2A-A605-6EFDCB07BAF0}.Debug|x86.ActiveCfg = Debug|Any CPU
		{0F5123BF-F32D-4F2A-A605-6EFDCB07BAF0}.Debug|x86.Build.0 = Debug|Any CPU
		{0F5123BF-F32D-4F2A-A605-6EFDCB07BAF0}.Release|x64.ActiveCfg = Release|Any CPU
		{0F5123BF-F32D-4F2A-A605-6EFDCB07BAF0}.Release|x64.Build.0 = Release|Any CPU
		{0F5123BF-F32D-4F2A-A605-6EFDCB07BAF0}.Release|x86.ActiveCfg = Release|Any CPU
		{0F5123BF-F32D-4F2A-A605-6EFDCB07BAF0}.Release|x86.Build.0 = Release|Any CPU
		{F90C7AD1-0918-4CD2-B775-305C19379EDB}.Debug|x64.ActiveCfg = Debug|Any CPU
		{F90C7AD1-0918-4CD2-B775-305C19379EDB}.Debug|x64.Build.0 = Debug|Any CPU
		{F90C7AD1-0918-4CD2-B775-305C19379EDB}.Debug|x86.ActiveCfg = Debug|Any CPU
		{F90C7AD1-0918-4CD2-B775-305C19379EDB}.Debug|x86.Build.0 = Debug|Any CPU
		{F90C7AD1-0918-4CD2-B775-305C19379EDB}.Release|x64.ActiveCfg = Release|Any CPU
		{F90C7AD1-0918-4CD2-B775-305C19379EDB}.Release|x64.Build.0 = Release|Any CPU
		{F90C7AD1-0918-4CD2-B775-305C19379EDB}.Release|x86.ActiveCfg = Release|Any CPU
		{F90C7AD1-0918-4CD2-B775-305C19379EDB}.Release|x86.Build.0 = Release|Any CPU
		{96E968EB-417E-40DC-A9EF-F83D12733FF7}.Debug|x64.ActiveCfg = Debug|Any CPU
		{96E968EB-417E-40DC-A9EF-F83D12733FF7}.Debug|x64.Build.0 = Debug|Any CPU
		{96E968EB-417E-40DC-A9EF-F83D12733FF7}.Debug|x86.ActiveCfg = Debug|Any CPU
		{96E968EB-417E-40DC-A9EF-F83D12733FF7}.Debug|x86.Build.0 = Debug|Any CPU
		{96E968EB-417E-40DC-A9EF-F83D12733FF7}.Release|x64.ActiveCfg = Release|Any CPU
		{96E968EB-417E-40DC-A9EF-F83D12733FF7}.Release|x64.Build.0 = Release|Any CPU
		{96E968EB-417E-40DC-A9EF-F83D12733FF7}.Release|x86.ActiveCfg = Release|Any CPU
		{96E968EB-417E-40DC-A9EF-F83D12733FF7}.Release|x86.Build.0 = Release|Any CPU
		{0D940FFD-E834-4B73-AF34-B1937936C9C4}.Debug|x64.ActiveCfg = Debug|x64
		{0D940FFD-E834-4B73-AF34-B1937936C9C4}.Debug|x64.Build.0 = Debug|x64
		{0D940FFD-E834-4B73-AF34-B1937936C9C4}.Debug|x86.ActiveCfg = Debug|x86
		{0D940FFD-E834-4B73-AF34-B1937936C9C4}.Debug|x86.Build.0 = Debug|x86
		{0D940FFD-E834-4B73-AF34-B1937936C9C4}.Release|x64.ActiveCfg = Release|x64
		{0D940FFD-E834-4B73-AF34-B1937936C9C4}.Release|x64.Build.0 = Release|x64
		{0D940FFD-E834-4B73-AF34-B1937936C9C4}.Release|x86.ActiveCfg = Release|x86
		{0D940FFD-E834-4B73-AF34-B1937936C9C4}.Release|x86.Build.0 = Release|x86
		{872A67E9-1A02-45CB-8948-0AA25BC71974}.Debug|x64.ActiveCfg = Debug|x64
		{872A67E9-1A02-45CB-8948-0AA25BC71974}.Debug|x64.Build.0 = Debug|x64
		{872A67E9-1A02-45CB-8948-0AA25BC71974}.Debug|x64.Deploy.0 = Debug|x64
		{872A67E9-1A02-45CB-8948-0AA25BC71974}.Debug|x86.ActiveCfg = Debug|x86
		{872A67E9-1A02-45CB-8948-0AA25BC71974}.Debug|x86.Build.0 = Debug|x86
		{872A67E9-1A02-45CB-8948-0AA25BC71974}.Debug|x86.Deploy.0 = Debug|x86
		{872A67E9-1A02-45CB-8948-0AA25BC71974}.Release|x64.ActiveCfg = Release|x64
		{872A67E9-1A02-45CB-8948-0AA25BC71974}.Release|x64.Build.0 = Release|x64
		{872A67E9-1A02-45CB-8948-0AA25BC71974}.Release|x64.Deploy.0 = Release|x64
		{872A67E9-1A02-45CB-8948-0AA25BC71974}.Release|x86.ActiveCfg = Release|x86
		{872A67E9-1A02-45CB-8948-0AA25BC71974}.Release|x86.Build.0 = Release|x86
		{872A67E9-1A02-45CB-8948-0AA25BC71974}.Release|x86.Deploy.0 = Release|x86
		{7AADB43E-3E31-4E9F-B2E7-AE225833A7A8}.Debug|x64.ActiveCfg = Debug|x64
		{7AADB43E-3E31-4E9F-B2E7-AE225833A7A8}.Debug|x64.Build.0 = Debug|x64
		{7AADB43E-3E31-4E9F-B2E7-AE225833A7A8}.Debug|x86.ActiveCfg = Debug|x86
		{7AADB43E-3E31-4E9F-B2E7-AE225833A7A8}.Debug|x86.Build.0 = Debug|x86
		{7AADB43E-3E31-4E9F-B2E7-AE225833A7A8}.Release|x64.ActiveCfg = Release|x64
		{7AADB43E-3E31-4E9F-B2E7-AE225833A7A8}.Release|x64.Build.0 = Release|x64
		{7AADB43E-3E31-4E9F-B2E7-AE225833A7A8}.Release|x86.ActiveCfg = Release|x86
		{7AADB43E-3E31-4E9F-B2E7-AE225833A7A8}.Release|x86.Build.0 = Release|x86
		{C3653662-15E1-4ECF-A183-77460068AB3A}.Debug|x64.ActiveCfg = Debug|x64
		{C3653662-15E1-4ECF-A183-77460068AB3A}.Debug|x64.Build.0 = Debug|x64
		{C3653662-15E1-4ECF-A183-77460068AB3A}.Debug|x86.ActiveCfg = Debug|x86
		{C3653662-15E1-4ECF-A183-77460068AB3A}.Debug|x86.Build.0 = Debug|x86
		{C3653662-15E1-4ECF-A183-77460068AB3A}.Release|x64.ActiveCfg = Release|x64
		{C3653662-15E1-4ECF-A183-77460068AB3A}.Release|x64.Build.0 = Release|x64
		{C3653662-15E1-4ECF-A183-77460068AB3A}.Release|x86.ActiveCfg = Release|x86
		{C3653662-15E1-4ECF-A183-77460068AB3A}.Release|x86.Build.0 = Release|x86
		{1879752A-AF06-4ABA-B8A0-043D79B5BA4F}.Debug|x64.ActiveCfg = Debug|Any CPU
		{1879752A-AF06-4ABA-B8A0-043D79B5BA4F}.Debug|x64.Build.0 = Debug|Any CPU
		{1879752A-AF06-4ABA-B8A0-043D79B5BA4F}.Debug|x86.ActiveCfg = Debug|Any CPU
		{1879752A-AF06-4ABA-B8A0-043D79B5BA4F}.Debug|x86.Build.0 = Debug|Any CPU
		{1879752A-AF06-4ABA-B8A0-043D79B5BA4F}.Release|x64.ActiveCfg = Release|Any CPU
		{1879752A-AF06-4ABA-B8A0-043D79B5BA4F}.Release|x64.Build.0 = Release|Any CPU
		{1879752A-AF06-4ABA-B8A0-043D79B5BA4F}.Release|x86.ActiveCfg = Release|Any CPU
		{1879752A-AF06-4ABA-B8A0-043D79B5BA4F}.Release|x86.Build.0 = Release|Any CPU
		{D2C1A78A-DAEC-493C-B8C6-A7A6263621B3}.Debug|x64.ActiveCfg = Debug|Any CPU
		{D2C1A78A-DAEC-493C-B8C6-A7A6263621B3}.Debug|x64.Build.0 = Debug|Any CPU
		{D2C1A78A-DAEC-493C-B8C6-A7A6263621B3}.Debug|x86.ActiveCfg = Debug|Any CPU
		{D2C1A78A-DAEC-493C-B8C6-A7A6263621B3}.Debug|x86.Build.0 = Debug|Any CPU
		{D2C1A78A-DAEC-493C-B8C6-A7A6263621B3}.Release|x64.ActiveCfg = Release|Any CPU
		{D2C1A78A-DAEC-493C-B8C6-A7A6263621B3}.Release|x64.Build.0 = Release|Any CPU
		{D2C1A78A-DAEC-493C-B8C6-A7A6263621B3}.Release|x86.ActiveCfg = Release|Any CPU
		{D2C1A78A-DAEC-493C-B8C6-A7A6263621B3}.Release|x86.Build.0 = Release|Any CPU
		{8E69489B-CC84-4965-B960-76105C4D2E80}.Debug|x64.ActiveCfg = Debug|x64
		{8E69489B-CC84-4965-B960-76105C4D2E80}.Debug|x64.Build.0 = Debug|x64
		{8E69489B-CC84-4965-B960-76105C4D2E80}.Debug|x86.ActiveCfg = Debug|x86
		{8E69489B-CC84-4965-B960-76105C4D2E80}.Debug|x86.Build.0 = Debug|x86
		{8E69489B-CC84-4965-B960-76105C4D2E80}.Release|x64.ActiveCfg = Release|x64
		{8E69489B-CC84-4965-B960-76105C4D2E80}.Release|x64.Build.0 = Release|x64
		{8E69489B-CC84-4965-B960-76105C4D2E80}.Release|x86.ActiveCfg = Release|x86
		{8E69489B-CC84-4965-B960-76105C4D2E80}.Release|x86.Build.0 = Release|x86
		{2B080991-01DC-4CE0-B240-42A372740F5D}.Debug|x64.ActiveCfg = Debug|Any CPU
		{2B080991-01DC-4CE0-B240-42A372740F5D}.Debug|x64.Build.0 = Debug|Any CPU
		{2B080991-01DC-4CE0-B240-42A372740F5D}.Debug|x86.ActiveCfg = Debug|Any CPU
		{2B080991-01DC-4CE0-B240-42A372740F5D}.Debug|x86.Build.0 = Debug|Any CPU
		{2B080991-01DC-4CE0-B240-42A372740F5D}.Release|x64.ActiveCfg = Release|Any CPU
		{2B080991-01DC-4CE0-B240-42A372740F5D}.Release|x64.Build.0 = Release|Any CPU
		{2B080991-01DC-4CE0-B240-42A372740F5D}.Release|x86.ActiveCfg = Release|Any CPU
		{2B080991-01DC-4CE0-B240-42A372740F5D}.Release|x86.Build.0 = Release|Any CPU
		{EB22B36C-7687-4C43-B61B-1339708AA77F}.Debug|x64.ActiveCfg = Debug|Any CPU
		{EB22B36C-7687-4C43-B61B-1339708AA77F}.Debug|x64.Build.0 = Debug|Any CPU
		{EB22B36C-7687-4C43-B61B-1339708AA77F}.Debug|x86.ActiveCfg = Debug|Any CPU
		{EB22B36C-7687-4C43-B61B-1339708AA77F}.Debug|x86.Build.0 = Debug|Any CPU
		{EB22B36C-7687-4C43-B61B-1339708AA77F}.Release|x64.ActiveCfg = Release|Any CPU
		{EB22B36C-7687-4C43-B61B-1339708AA77F}.Release|x64.Build.0 = Release|Any CPU
		{EB22B36C-7687-4C43-B61B-1339708AA77F}.Release|x86.ActiveCfg = Release|Any CPU
		{EB22B36C-7687-4C43-B61B-1339708AA77F}.Release|x86.Build.0 = Release|Any CPU
	EndGlobalSection
	GlobalSection(SolutionProperties) = preSolution
		HideSolutionNode = FALSE
	EndGlobalSection
	GlobalSection(NestedProjects) = preSolution
		{773D4281-944D-4154-AE00-A69CFCA6659C} = {51A97823-F0E6-42BE-B01B-F6686C1C4BD1}
		{AB6EC829-12AC-4B7C-A348-5C7620C96EB5} = {51A97823-F0E6-42BE-B01B-F6686C1C4BD1}
		{A16DFBEC-F553-4F70-B1F8-24FB37012CF3} = {51A97823-F0E6-42BE-B01B-F6686C1C4BD1}
		{D5E9FD1A-A812-4FEB-B252-A84242B0E4CC} = {51A97823-F0E6-42BE-B01B-F6686C1C4BD1}
		{A3E0327E-E89C-4B56-B9D2-75C6E60EBB39} = {51A97823-F0E6-42BE-B01B-F6686C1C4BD1}
		{08C823F1-7E6A-47A9-83E1-D3E9EAE07E51} = {38D02581-E437-4553-815D-C4FBB67029A0}
		{05EB7B5D-CC39-4D62-8D11-EF3EAA99DD91} = {38D02581-E437-4553-815D-C4FBB67029A0}
		{2DB243BB-D99C-4D5C-AAA9-98104CC7EFA0} = {38D02581-E437-4553-815D-C4FBB67029A0}
		{159E60F5-E46D-48E8-BC31-3987AC70F991} = {38D02581-E437-4553-815D-C4FBB67029A0}
		{86E8F33C-8ACF-4AFE-BE87-FF6A30034C17} = {38D02581-E437-4553-815D-C4FBB67029A0}
		{41FA3355-BC75-4A9F-BD29-C09978FA5145} = {F56CCD2C-4509-47A4-A64E-1AE8A127938D}
		{DD061355-BCEC-4512-A262-8FBDDF2F3C5D} = {F56CCD2C-4509-47A4-A64E-1AE8A127938D}
		{C9BC41C7-7558-4441-823F-682BBB4A436B} = {BFE81E41-9386-4F4B-A1AC-6A55B1C9D664}
		{B579EBD9-4C99-466D-B9A2-DC6E6B8BA314} = {C9BC41C7-7558-4441-823F-682BBB4A436B}
		{B4A2ED9D-C6D6-4332-8891-AA36D55D4B7D} = {C9BC41C7-7558-4441-823F-682BBB4A436B}
		{6BBBE871-BEB9-47CF-BBF9-28DB9B64729A} = {C9BC41C7-7558-4441-823F-682BBB4A436B}
		{29889146-82DB-460C-9A4E-3BB765C6477C} = {C7F25EE9-2529-47AE-8328-A4F986799234}
		{0F5123BF-F32D-4F2A-A605-6EFDCB07BAF0} = {C7F25EE9-2529-47AE-8328-A4F986799234}
		{C7F25EE9-2529-47AE-8328-A4F986799234} = {BFE81E41-9386-4F4B-A1AC-6A55B1C9D664}
		{F90C7AD1-0918-4CD2-B775-305C19379EDB} = {C7F25EE9-2529-47AE-8328-A4F986799234}
		{96E968EB-417E-40DC-A9EF-F83D12733FF7} = {C7F25EE9-2529-47AE-8328-A4F986799234}
		{0D940FFD-E834-4B73-AF34-B1937936C9C4} = {C7F25EE9-2529-47AE-8328-A4F986799234}
		{DE2A5BB5-F569-4BA6-88C8-06EF340A51EA} = {BFE81E41-9386-4F4B-A1AC-6A55B1C9D664}
		{872A67E9-1A02-45CB-8948-0AA25BC71974} = {DE2A5BB5-F569-4BA6-88C8-06EF340A51EA}
		{7AADB43E-3E31-4E9F-B2E7-AE225833A7A8} = {DE2A5BB5-F569-4BA6-88C8-06EF340A51EA}
		{C3653662-15E1-4ECF-A183-77460068AB3A} = {B8A48836-73E5-4AB3-AA71-C3C70B426963}
		{1879752A-AF06-4ABA-B8A0-043D79B5BA4F} = {38D02581-E437-4553-815D-C4FBB67029A0}
		{D2C1A78A-DAEC-493C-B8C6-A7A6263621B3} = {60A2096A-49B1-42AB-938A-33534F6AC5F8}
		{8E69489B-CC84-4965-B960-76105C4D2E80} = {60A2096A-49B1-42AB-938A-33534F6AC5F8}
		{2B080991-01DC-4CE0-B240-42A372740F5D} = {B8A48836-73E5-4AB3-AA71-C3C70B426963}
		{EB22B36C-7687-4C43-B61B-1339708AA77F} = {1C43A003-5E6B-4354-BA6E-C402BE43028D}
	EndGlobalSection
	GlobalSection(ExtensibilityGlobals) = postSolution
		SolutionGuid = {D453CD6A-4918-42E2-A29D-43391DB418D2}
	EndGlobalSection
EndGlobal
