Microsoft Visual Studio Solution File, Format Version 12.00
# Visual Studio 15
VisualStudioVersion = 15.0.27130.2026
MinimumVisualStudioVersion = 10.0.40219.1
Project("{2150E333-8FDC-42A3-9474-1A3956D46DE8}") = "Solution Items", "Solution Items", "{C29D66F9-D2E7-4C82-84CE-7A56EEBBA684}"
	ProjectSection(SolutionItems) = preProject
		.editorconfig = .editorconfig
		src\Directory.Build.props = src\Directory.Build.props
		global.json = global.json
		README.md = README.md
		src\SharedAssemblyInfo.cs = src\SharedAssemblyInfo.cs
		src\SharedAssemblyInfo.vb = src\SharedAssemblyInfo.vb
		src\UWP.props = src\UWP.props
	EndProjectSection
EndProject
Project("{2150E333-8FDC-42A3-9474-1A3956D46DE8}") = "Infrastructure", "Infrastructure", "{51A97823-F0E6-42BE-B01B-F6686C1C4BD1}"
	ProjectSection(SolutionItems) = preProject
		src\Infrastructure\Directory.Build.props = src\Infrastructure\Directory.Build.props
	EndProjectSection
EndProject
Project("{9A19103F-16F7-4668-BE54-9A1E7A4F7556}") = "Sakuno.ING.Bootstrap", "src\Infrastructure\Sakuno.ING.Bootstrap\Sakuno.ING.Bootstrap.csproj", "{773D4281-944D-4154-AE00-A69CFCA6659C}"
EndProject
Project("{9A19103F-16F7-4668-BE54-9A1E7A4F7556}") = "Sakuno.ING.Data", "src\Infrastructure\Sakuno.ING.Data\Sakuno.ING.Data.csproj", "{AB6EC829-12AC-4B7C-A348-5C7620C96EB5}"
EndProject
Project("{9A19103F-16F7-4668-BE54-9A1E7A4F7556}") = "Sakuno.ING.Data.Design", "src\Infrastructure\Sakuno.ING.Data.Design\Sakuno.ING.Data.Design.csproj", "{A16DFBEC-F553-4F70-B1F8-24FB37012CF3}"
EndProject
Project("{9A19103F-16F7-4668-BE54-9A1E7A4F7556}") = "Sakuno.ING.Standard", "src\Infrastructure\Sakuno.ING.Standard\Sakuno.ING.Standard.csproj", "{D5E9FD1A-A812-4FEB-B252-A84242B0E4CC}"
EndProject
Project("{9A19103F-16F7-4668-BE54-9A1E7A4F7556}") = "Sakuno.ING.Settings.Common", "src\Infrastructure\Sakuno.ING.Settings.Common\Sakuno.ING.Settings.Common.csproj", "{A3E0327E-E89C-4B56-B9D2-75C6E60EBB39}"
EndProject
Project("{2150E333-8FDC-42A3-9474-1A3956D46DE8}") = "Game", "Game", "{38D02581-E437-4553-815D-C4FBB67029A0}"
	ProjectSection(SolutionItems) = preProject
		src\Game\Directory.Build.props = src\Game\Directory.Build.props
	EndProjectSection
EndProject
Project("{9A19103F-16F7-4668-BE54-9A1E7A4F7556}") = "Sakuno.ING.Core.Listener", "src\Game\Sakuno.ING.Core.Listener\Sakuno.ING.Core.Listener.csproj", "{08C823F1-7E6A-47A9-83E1-D3E9EAE07E51}"
EndProject
Project("{9A19103F-16F7-4668-BE54-9A1E7A4F7556}") = "Sakuno.ING.Game.Provider", "src\Game\Sakuno.ING.Game.Provider\Sakuno.ING.Game.Provider.csproj", "{05EB7B5D-CC39-4D62-8D11-EF3EAA99DD91}"
EndProject
Project("{9A19103F-16F7-4668-BE54-9A1E7A4F7556}") = "Sakuno.ING.Game.Models", "src\Game\Sakuno.ING.Game.Models\Sakuno.ING.Game.Models.csproj", "{2DB243BB-D99C-4D5C-AAA9-98104CC7EFA0}"
EndProject
Project("{9A19103F-16F7-4668-BE54-9A1E7A4F7556}") = "Sakuno.ING.Game.Models.Raw", "src\Game\Sakuno.ING.Game.Models.Raw\Sakuno.ING.Game.Models.Raw.csproj", "{9CCC28AD-ACC3-4043-A408-6E67CE46D7B5}"
EndProject
Project("{9A19103F-16F7-4668-BE54-9A1E7A4F7556}") = "Sakuno.ING.Game.Logger", "src\Game\Sakuno.ING.Game.Logger\Sakuno.ING.Game.Logger.csproj", "{159E60F5-E46D-48E8-BC31-3987AC70F991}"
EndProject
Project("{9A19103F-16F7-4668-BE54-9A1E7A4F7556}") = "Sakuno.ING.Game.Logger.Design", "src\Game\Sakuno.ING.Game.Logger.Design\Sakuno.ING.Game.Logger.Design.csproj", "{86E8F33C-8ACF-4AFE-BE87-FF6A30034C17}"
EndProject
Project("{2150E333-8FDC-42A3-9474-1A3956D46DE8}") = "Test", "Test", "{F56CCD2C-4509-47A4-A64E-1AE8A127938D}"
EndProject
Project("{9A19103F-16F7-4668-BE54-9A1E7A4F7556}") = "Sakuno.ING.Game.Provider.Test", "Test\Sakuno.ING.Game.Provider.Test\Sakuno.ING.Game.Provider.Test.csproj", "{DD061355-BCEC-4512-A262-8FBDDF2F3C5D}"
EndProject
Project("{9A19103F-16F7-4668-BE54-9A1E7A4F7556}") = "Nekomimi", "Nekomimi\src\Nekomimi\Nekomimi.csproj", "{27A2F92A-B419-4DA2-94BE-B53E29AC5604}"
EndProject
Project("{2150E333-8FDC-42A3-9474-1A3956D46DE8}") = "Core", "Core", "{BFE81E41-9386-4F4B-A1AC-6A55B1C9D664}"
EndProject
Project("{2150E333-8FDC-42A3-9474-1A3956D46DE8}") = "Shared", "Shared", "{C9BC41C7-7558-4441-823F-682BBB4A436B}"
	ProjectSection(SolutionItems) = preProject
		src\Core\Shared\Directory.Build.props = src\Core\Shared\Directory.Build.props
	EndProjectSection
EndProject
Project("{9A19103F-16F7-4668-BE54-9A1E7A4F7556}") = "Sakuno.ING.Data.Desktop", "src\Core\Shared\Sakuno.ING.Data.Desktop\Sakuno.ING.Data.Desktop.csproj", "{B579EBD9-4C99-466D-B9A2-DC6E6B8BA314}"
EndProject
Project("{9A19103F-16F7-4668-BE54-9A1E7A4F7556}") = "Sakuno.ING.Localization.Embed", "src\Core\Shared\Sakuno.ING.Localization.Embed\Sakuno.ING.Localization.Embed.csproj", "{B4A2ED9D-C6D6-4332-8891-AA36D55D4B7D}"
EndProject
Project("{9A19103F-16F7-4668-BE54-9A1E7A4F7556}") = "Sakuno.ING.Timing.NTP", "src\Core\Shared\Sakuno.ING.Timing.NTP\Sakuno.ING.Timing.NTP.csproj", "{6BBBE871-BEB9-47CF-BBF9-28DB9B64729A}"
EndProject
Project("{2150E333-8FDC-42A3-9474-1A3956D46DE8}") = "Desktop", "Desktop", "{C7F25EE9-2529-47AE-8328-A4F986799234}"
	ProjectSection(SolutionItems) = preProject
		src\Core\Desktop\Directory.Build.props = src\Core\Desktop\Directory.Build.props
	EndProjectSection
EndProject
Project("{9A19103F-16F7-4668-BE54-9A1E7A4F7556}") = "Sakuno.ING.Shell.Desktop", "src\Core\Desktop\Sakuno.ING.Shell.Desktop\Sakuno.ING.Shell.Desktop.csproj", "{F90C7AD1-0918-4CD2-B775-305C19379EDB}"
EndProject
Project("{9A19103F-16F7-4668-BE54-9A1E7A4F7556}") = "Sakuno.ING.Launcher", "src\Core\Desktop\Sakuno.ING.Launcher\Sakuno.ING.Launcher.csproj", "{96E968EB-417E-40DC-A9EF-F83D12733FF7}"
EndProject
Project("{9A19103F-16F7-4668-BE54-9A1E7A4F7556}") = "Sakuno.ING.Launcher.Canonical", "src\Core\Desktop\Sakuno.ING.Launcher.Canonical\Sakuno.ING.Launcher.Canonical.csproj", "{0D940FFD-E834-4B73-AF34-B1937936C9C4}"
EndProject
Project("{2150E333-8FDC-42A3-9474-1A3956D46DE8}") = "UWP", "UWP", "{DE2A5BB5-F569-4BA6-88C8-06EF340A51EA}"
EndProject
Project("{FAE04EC0-301F-11D3-BF4B-00C04F79EFBC}") = "Sakuno.ING.UWP", "src\Core\UWP\Sakuno.ING.UWP\Sakuno.ING.UWP.csproj", "{872A67E9-1A02-45CB-8948-0AA25BC71974}"
EndProject
Project("{FAE04EC0-301F-11D3-BF4B-00C04F79EFBC}") = "Sakuno.ING.Data.UWP", "src\Core\UWP\Sakuno.ING.Data.UWP\Sakuno.ING.Data.UWP.csproj", "{9F2DE7A3-B59D-4234-B886-A1E23FE03775}"
EndProject
Project("{2150E333-8FDC-42A3-9474-1A3956D46DE8}") = "Bridge", "Bridge", "{B540A9B0-CAFD-434C-BAA1-7CE09D7FF45D}"
EndProject
Project("{9A19103F-16F7-4668-BE54-9A1E7A4F7556}") = "Sakuno.ING.UWP.Bridge.Proxy", "src\Core\UWP\Sakuno.ING.UWP.Bridge.Proxy\Sakuno.ING.UWP.Bridge.Proxy.csproj", "{54D66FB9-FD17-440C-8E2C-18079FF0189F}"
EndProject
Project("{FAE04EC0-301F-11D3-BF4B-00C04F79EFBC}") = "Sakuno.ING.UWP.Bridge.Listener", "src\Core\UWP\Sakuno.ING.UWP.Bridge.Listener\Sakuno.ING.UWP.Bridge.Listener.csproj", "{E38F80D6-2E82-4716-B47D-C15E54AEC590}"
EndProject
Project("{2150E333-8FDC-42A3-9474-1A3956D46DE8}") = "Views", "Views", "{B8A48836-73E5-4AB3-AA71-C3C70B426963}"
EndProject
Project("{2150E333-8FDC-42A3-9474-1A3956D46DE8}") = "Desktop", "Desktop", "{13AEA7CB-B526-4F8F-89EC-C0DEAEF0F43F}"
	ProjectSection(SolutionItems) = preProject
		src\Views\Desktop\Directory.Build.props = src\Views\Desktop\Directory.Build.props
	EndProjectSection
EndProject
Project("{9A19103F-16F7-4668-BE54-9A1E7A4F7556}") = "Sakuno.ING.Views.Desktop.Common", "src\Views\Desktop\Sakuno.ING.Views.Desktop.Common\Sakuno.ING.Views.Desktop.Common.csproj", "{0F5123BF-F32D-4F2A-A605-6EFDCB07BAF0}"
EndProject
Project("{9A19103F-16F7-4668-BE54-9A1E7A4F7556}") = "Sakuno.ING.Views.Desktop.Settings", "src\Views\Desktop\Sakuno.ING.Views.Desktop.Settings\Sakuno.ING.Views.Desktop.Settings.csproj", "{CEEDDA10-843F-4F30-A359-CF29ACDC73D6}"
EndProject
Project("{9A19103F-16F7-4668-BE54-9A1E7A4F7556}") = "Sakuno.ING.Views.Desktop.Homeport", "src\Views\Desktop\Sakuno.ING.Views.Desktop.Homeport\Sakuno.ING.Views.Desktop.Homeport.csproj", "{67DEDEB5-1B30-4826-A9FA-BE3F29B16E6C}"
EndProject
Project("{2150E333-8FDC-42A3-9474-1A3956D46DE8}") = "UWP", "UWP", "{5DCA75CC-ABFA-4CE0-A4FA-4666D4D1255F}"
EndProject
Project("{FAE04EC0-301F-11D3-BF4B-00C04F79EFBC}") = "Sakuno.ING.Views.UWP.ApiDebug", "src\Views\UWP\Sakuno.ING.Views.UWP.ApiDebug\Sakuno.ING.Views.UWP.ApiDebug.csproj", "{185F9A4D-07DE-4C67-AA3A-E0B837C23036}"
EndProject
Project("{FAE04EC0-301F-11D3-BF4B-00C04F79EFBC}") = "Sakuno.ING.Views.UWP.MasterData", "src\Views\UWP\Sakuno.ING.Views.UWP.MasterData\Sakuno.ING.Views.UWP.MasterData.csproj", "{9458A085-A9BC-4FB7-91CA-370DB87D0ECA}"
EndProject
Project("{FAE04EC0-301F-11D3-BF4B-00C04F79EFBC}") = "Sakuno.ING.Views.UWP.Settings", "src\Views\UWP\Sakuno.ING.Views.UWP.Settings\Sakuno.ING.Views.UWP.Settings.csproj", "{E5D369E8-B344-410C-8D1A-C87E9C621C80}"
EndProject
Project("{2150E333-8FDC-42A3-9474-1A3956D46DE8}") = "ViewModels", "ViewModels", "{1C43A003-5E6B-4354-BA6E-C402BE43028D}"
	ProjectSection(SolutionItems) = preProject
		src\ViewModels\Directory.Build.props = src\ViewModels\Directory.Build.props
	EndProjectSection
EndProject
Project("{778DAE3C-4631-46EA-AA77-85C1314464D9}") = "Sakuno.ING.ViewModels.Logging", "src\ViewModels\Sakuno.ING.ViewModels.Logging\Sakuno.ING.ViewModels.Logging.vbproj", "{1C87416D-DDEF-4416-86E6-13DC44931CF5}"
EndProject
Project("{9A19103F-16F7-4668-BE54-9A1E7A4F7556}") = "Sakuno.ING.Game.Logger.Migrators", "src\Game\Sakuno.ING.Game.Logger.Migrators\Sakuno.ING.Game.Logger.Migrators.csproj", "{1879752A-AF06-4ABA-B8A0-043D79B5BA4F}"
EndProject
Project("{9A19103F-16F7-4668-BE54-9A1E7A4F7556}") = "Sakuno.ING.Views.Desktop.Logging", "src\Views\Desktop\Sakuno.ING.Views.Desktop.Logging\Sakuno.ING.Views.Desktop.Logging.csproj", "{A5BF1D19-DBF2-4CFF-939D-ADBA933B216D}"
EndProject
Project("{FAE04EC0-301F-11D3-BF4B-00C04F79EFBC}") = "Sakuno.ING.Views.UWP.Logging", "src\Views\UWP\Sakuno.ING.Views.UWP.Logging\Sakuno.ING.Views.UWP.Logging.csproj", "{0B790E9C-EB63-487F-93B3-97B4BDE25385}"
EndProject
Project("{F184B08F-C81C-45F6-A57F-5ABD9991F28F}") = "Sakuno.ING.Views.UWP.Common", "src\Views\UWP\Sakuno.ING.Views.UWP.Common\Sakuno.ING.Views.UWP.Common.vbproj", "{7AADB43E-3E31-4E9F-B2E7-AE225833A7A8}"
EndProject
Global
	GlobalSection(SolutionConfigurationPlatforms) = preSolution
		Debug|Any CPU = Debug|Any CPU
		Debug|ARM = Debug|ARM
		Debug|x64 = Debug|x64
		Debug|x86 = Debug|x86
		DebugNative|Any CPU = DebugNative|Any CPU
		DebugNative|ARM = DebugNative|ARM
		DebugNative|x64 = DebugNative|x64
		DebugNative|x86 = DebugNative|x86
		Release|Any CPU = Release|Any CPU
		Release|ARM = Release|ARM
		Release|x64 = Release|x64
		Release|x86 = Release|x86
	EndGlobalSection
	GlobalSection(ProjectConfigurationPlatforms) = postSolution
		{773D4281-944D-4154-AE00-A69CFCA6659C}.Debug|Any CPU.ActiveCfg = Debug|Any CPU
		{773D4281-944D-4154-AE00-A69CFCA6659C}.Debug|Any CPU.Build.0 = Debug|Any CPU
		{773D4281-944D-4154-AE00-A69CFCA6659C}.Debug|ARM.ActiveCfg = Debug|Any CPU
		{773D4281-944D-4154-AE00-A69CFCA6659C}.Debug|ARM.Build.0 = Debug|Any CPU
		{773D4281-944D-4154-AE00-A69CFCA6659C}.Debug|x64.ActiveCfg = Debug|Any CPU
		{773D4281-944D-4154-AE00-A69CFCA6659C}.Debug|x64.Build.0 = Debug|Any CPU
		{773D4281-944D-4154-AE00-A69CFCA6659C}.Debug|x86.ActiveCfg = Debug|Any CPU
		{773D4281-944D-4154-AE00-A69CFCA6659C}.Debug|x86.Build.0 = Debug|Any CPU
		{773D4281-944D-4154-AE00-A69CFCA6659C}.DebugNative|Any CPU.ActiveCfg = Debug|Any CPU
		{773D4281-944D-4154-AE00-A69CFCA6659C}.DebugNative|Any CPU.Build.0 = Debug|Any CPU
		{773D4281-944D-4154-AE00-A69CFCA6659C}.DebugNative|ARM.ActiveCfg = Debug|Any CPU
		{773D4281-944D-4154-AE00-A69CFCA6659C}.DebugNative|ARM.Build.0 = Debug|Any CPU
		{773D4281-944D-4154-AE00-A69CFCA6659C}.DebugNative|x64.ActiveCfg = Debug|Any CPU
		{773D4281-944D-4154-AE00-A69CFCA6659C}.DebugNative|x64.Build.0 = Debug|Any CPU
		{773D4281-944D-4154-AE00-A69CFCA6659C}.DebugNative|x86.ActiveCfg = Debug|Any CPU
		{773D4281-944D-4154-AE00-A69CFCA6659C}.DebugNative|x86.Build.0 = Debug|Any CPU
		{773D4281-944D-4154-AE00-A69CFCA6659C}.Release|Any CPU.ActiveCfg = Release|Any CPU
		{773D4281-944D-4154-AE00-A69CFCA6659C}.Release|Any CPU.Build.0 = Release|Any CPU
		{773D4281-944D-4154-AE00-A69CFCA6659C}.Release|ARM.ActiveCfg = Release|Any CPU
		{773D4281-944D-4154-AE00-A69CFCA6659C}.Release|ARM.Build.0 = Release|Any CPU
		{773D4281-944D-4154-AE00-A69CFCA6659C}.Release|x64.ActiveCfg = Release|Any CPU
		{773D4281-944D-4154-AE00-A69CFCA6659C}.Release|x64.Build.0 = Release|Any CPU
		{773D4281-944D-4154-AE00-A69CFCA6659C}.Release|x86.ActiveCfg = Release|Any CPU
		{773D4281-944D-4154-AE00-A69CFCA6659C}.Release|x86.Build.0 = Release|Any CPU
		{AB6EC829-12AC-4B7C-A348-5C7620C96EB5}.Debug|Any CPU.ActiveCfg = Debug|Any CPU
		{AB6EC829-12AC-4B7C-A348-5C7620C96EB5}.Debug|Any CPU.Build.0 = Debug|Any CPU
		{AB6EC829-12AC-4B7C-A348-5C7620C96EB5}.Debug|ARM.ActiveCfg = Debug|Any CPU
		{AB6EC829-12AC-4B7C-A348-5C7620C96EB5}.Debug|ARM.Build.0 = Debug|Any CPU
		{AB6EC829-12AC-4B7C-A348-5C7620C96EB5}.Debug|x64.ActiveCfg = Debug|Any CPU
		{AB6EC829-12AC-4B7C-A348-5C7620C96EB5}.Debug|x64.Build.0 = Debug|Any CPU
		{AB6EC829-12AC-4B7C-A348-5C7620C96EB5}.Debug|x86.ActiveCfg = Debug|Any CPU
		{AB6EC829-12AC-4B7C-A348-5C7620C96EB5}.Debug|x86.Build.0 = Debug|Any CPU
		{AB6EC829-12AC-4B7C-A348-5C7620C96EB5}.DebugNative|Any CPU.ActiveCfg = Debug|Any CPU
		{AB6EC829-12AC-4B7C-A348-5C7620C96EB5}.DebugNative|Any CPU.Build.0 = Debug|Any CPU
		{AB6EC829-12AC-4B7C-A348-5C7620C96EB5}.DebugNative|ARM.ActiveCfg = Debug|Any CPU
		{AB6EC829-12AC-4B7C-A348-5C7620C96EB5}.DebugNative|ARM.Build.0 = Debug|Any CPU
		{AB6EC829-12AC-4B7C-A348-5C7620C96EB5}.DebugNative|x64.ActiveCfg = Debug|Any CPU
		{AB6EC829-12AC-4B7C-A348-5C7620C96EB5}.DebugNative|x64.Build.0 = Debug|Any CPU
		{AB6EC829-12AC-4B7C-A348-5C7620C96EB5}.DebugNative|x86.ActiveCfg = Debug|Any CPU
		{AB6EC829-12AC-4B7C-A348-5C7620C96EB5}.DebugNative|x86.Build.0 = Debug|Any CPU
		{AB6EC829-12AC-4B7C-A348-5C7620C96EB5}.Release|Any CPU.ActiveCfg = Release|Any CPU
		{AB6EC829-12AC-4B7C-A348-5C7620C96EB5}.Release|Any CPU.Build.0 = Release|Any CPU
		{AB6EC829-12AC-4B7C-A348-5C7620C96EB5}.Release|ARM.ActiveCfg = Release|Any CPU
		{AB6EC829-12AC-4B7C-A348-5C7620C96EB5}.Release|ARM.Build.0 = Release|Any CPU
		{AB6EC829-12AC-4B7C-A348-5C7620C96EB5}.Release|x64.ActiveCfg = Release|Any CPU
		{AB6EC829-12AC-4B7C-A348-5C7620C96EB5}.Release|x64.Build.0 = Release|Any CPU
		{AB6EC829-12AC-4B7C-A348-5C7620C96EB5}.Release|x86.ActiveCfg = Release|Any CPU
		{AB6EC829-12AC-4B7C-A348-5C7620C96EB5}.Release|x86.Build.0 = Release|Any CPU
		{A16DFBEC-F553-4F70-B1F8-24FB37012CF3}.Debug|Any CPU.ActiveCfg = Debug|Any CPU
		{A16DFBEC-F553-4F70-B1F8-24FB37012CF3}.Debug|ARM.ActiveCfg = Debug|Any CPU
		{A16DFBEC-F553-4F70-B1F8-24FB37012CF3}.Debug|x64.ActiveCfg = Debug|Any CPU
		{A16DFBEC-F553-4F70-B1F8-24FB37012CF3}.Debug|x86.ActiveCfg = Debug|Any CPU
		{A16DFBEC-F553-4F70-B1F8-24FB37012CF3}.DebugNative|Any CPU.ActiveCfg = Debug|Any CPU
		{A16DFBEC-F553-4F70-B1F8-24FB37012CF3}.DebugNative|ARM.ActiveCfg = Debug|Any CPU
		{A16DFBEC-F553-4F70-B1F8-24FB37012CF3}.DebugNative|x64.ActiveCfg = Debug|Any CPU
		{A16DFBEC-F553-4F70-B1F8-24FB37012CF3}.DebugNative|x86.ActiveCfg = Debug|Any CPU
		{A16DFBEC-F553-4F70-B1F8-24FB37012CF3}.Release|Any CPU.ActiveCfg = Release|Any CPU
		{A16DFBEC-F553-4F70-B1F8-24FB37012CF3}.Release|ARM.ActiveCfg = Release|Any CPU
		{A16DFBEC-F553-4F70-B1F8-24FB37012CF3}.Release|x64.ActiveCfg = Release|Any CPU
		{A16DFBEC-F553-4F70-B1F8-24FB37012CF3}.Release|x86.ActiveCfg = Release|Any CPU
		{D5E9FD1A-A812-4FEB-B252-A84242B0E4CC}.Debug|Any CPU.ActiveCfg = Debug|Any CPU
		{D5E9FD1A-A812-4FEB-B252-A84242B0E4CC}.Debug|Any CPU.Build.0 = Debug|Any CPU
		{D5E9FD1A-A812-4FEB-B252-A84242B0E4CC}.Debug|ARM.ActiveCfg = Debug|Any CPU
		{D5E9FD1A-A812-4FEB-B252-A84242B0E4CC}.Debug|ARM.Build.0 = Debug|Any CPU
		{D5E9FD1A-A812-4FEB-B252-A84242B0E4CC}.Debug|x64.ActiveCfg = Debug|Any CPU
		{D5E9FD1A-A812-4FEB-B252-A84242B0E4CC}.Debug|x64.Build.0 = Debug|Any CPU
		{D5E9FD1A-A812-4FEB-B252-A84242B0E4CC}.Debug|x86.ActiveCfg = Debug|Any CPU
		{D5E9FD1A-A812-4FEB-B252-A84242B0E4CC}.Debug|x86.Build.0 = Debug|Any CPU
		{D5E9FD1A-A812-4FEB-B252-A84242B0E4CC}.DebugNative|Any CPU.ActiveCfg = Debug|Any CPU
		{D5E9FD1A-A812-4FEB-B252-A84242B0E4CC}.DebugNative|Any CPU.Build.0 = Debug|Any CPU
		{D5E9FD1A-A812-4FEB-B252-A84242B0E4CC}.DebugNative|ARM.ActiveCfg = Debug|Any CPU
		{D5E9FD1A-A812-4FEB-B252-A84242B0E4CC}.DebugNative|ARM.Build.0 = Debug|Any CPU
		{D5E9FD1A-A812-4FEB-B252-A84242B0E4CC}.DebugNative|x64.ActiveCfg = Debug|Any CPU
		{D5E9FD1A-A812-4FEB-B252-A84242B0E4CC}.DebugNative|x64.Build.0 = Debug|Any CPU
		{D5E9FD1A-A812-4FEB-B252-A84242B0E4CC}.DebugNative|x86.ActiveCfg = Debug|Any CPU
		{D5E9FD1A-A812-4FEB-B252-A84242B0E4CC}.DebugNative|x86.Build.0 = Debug|Any CPU
		{D5E9FD1A-A812-4FEB-B252-A84242B0E4CC}.Release|Any CPU.ActiveCfg = Release|Any CPU
		{D5E9FD1A-A812-4FEB-B252-A84242B0E4CC}.Release|Any CPU.Build.0 = Release|Any CPU
		{D5E9FD1A-A812-4FEB-B252-A84242B0E4CC}.Release|ARM.ActiveCfg = Release|Any CPU
		{D5E9FD1A-A812-4FEB-B252-A84242B0E4CC}.Release|ARM.Build.0 = Release|Any CPU
		{D5E9FD1A-A812-4FEB-B252-A84242B0E4CC}.Release|x64.ActiveCfg = Release|Any CPU
		{D5E9FD1A-A812-4FEB-B252-A84242B0E4CC}.Release|x64.Build.0 = Release|Any CPU
		{D5E9FD1A-A812-4FEB-B252-A84242B0E4CC}.Release|x86.ActiveCfg = Release|Any CPU
		{D5E9FD1A-A812-4FEB-B252-A84242B0E4CC}.Release|x86.Build.0 = Release|Any CPU
		{A3E0327E-E89C-4B56-B9D2-75C6E60EBB39}.Debug|Any CPU.ActiveCfg = Debug|Any CPU
		{A3E0327E-E89C-4B56-B9D2-75C6E60EBB39}.Debug|Any CPU.Build.0 = Debug|Any CPU
		{A3E0327E-E89C-4B56-B9D2-75C6E60EBB39}.Debug|ARM.ActiveCfg = Debug|Any CPU
		{A3E0327E-E89C-4B56-B9D2-75C6E60EBB39}.Debug|ARM.Build.0 = Debug|Any CPU
		{A3E0327E-E89C-4B56-B9D2-75C6E60EBB39}.Debug|x64.ActiveCfg = Debug|Any CPU
		{A3E0327E-E89C-4B56-B9D2-75C6E60EBB39}.Debug|x64.Build.0 = Debug|Any CPU
		{A3E0327E-E89C-4B56-B9D2-75C6E60EBB39}.Debug|x86.ActiveCfg = Debug|Any CPU
		{A3E0327E-E89C-4B56-B9D2-75C6E60EBB39}.Debug|x86.Build.0 = Debug|Any CPU
		{A3E0327E-E89C-4B56-B9D2-75C6E60EBB39}.DebugNative|Any CPU.ActiveCfg = Debug|Any CPU
		{A3E0327E-E89C-4B56-B9D2-75C6E60EBB39}.DebugNative|Any CPU.Build.0 = Debug|Any CPU
		{A3E0327E-E89C-4B56-B9D2-75C6E60EBB39}.DebugNative|ARM.ActiveCfg = Debug|Any CPU
		{A3E0327E-E89C-4B56-B9D2-75C6E60EBB39}.DebugNative|ARM.Build.0 = Debug|Any CPU
		{A3E0327E-E89C-4B56-B9D2-75C6E60EBB39}.DebugNative|x64.ActiveCfg = Debug|Any CPU
		{A3E0327E-E89C-4B56-B9D2-75C6E60EBB39}.DebugNative|x64.Build.0 = Debug|Any CPU
		{A3E0327E-E89C-4B56-B9D2-75C6E60EBB39}.DebugNative|x86.ActiveCfg = Debug|Any CPU
		{A3E0327E-E89C-4B56-B9D2-75C6E60EBB39}.DebugNative|x86.Build.0 = Debug|Any CPU
		{A3E0327E-E89C-4B56-B9D2-75C6E60EBB39}.Release|Any CPU.ActiveCfg = Release|Any CPU
		{A3E0327E-E89C-4B56-B9D2-75C6E60EBB39}.Release|Any CPU.Build.0 = Release|Any CPU
		{A3E0327E-E89C-4B56-B9D2-75C6E60EBB39}.Release|ARM.ActiveCfg = Release|Any CPU
		{A3E0327E-E89C-4B56-B9D2-75C6E60EBB39}.Release|ARM.Build.0 = Release|Any CPU
		{A3E0327E-E89C-4B56-B9D2-75C6E60EBB39}.Release|x64.ActiveCfg = Release|Any CPU
		{A3E0327E-E89C-4B56-B9D2-75C6E60EBB39}.Release|x64.Build.0 = Release|Any CPU
		{A3E0327E-E89C-4B56-B9D2-75C6E60EBB39}.Release|x86.ActiveCfg = Release|Any CPU
		{A3E0327E-E89C-4B56-B9D2-75C6E60EBB39}.Release|x86.Build.0 = Release|Any CPU
		{08C823F1-7E6A-47A9-83E1-D3E9EAE07E51}.Debug|Any CPU.ActiveCfg = Debug|Any CPU
		{08C823F1-7E6A-47A9-83E1-D3E9EAE07E51}.Debug|Any CPU.Build.0 = Debug|Any CPU
		{08C823F1-7E6A-47A9-83E1-D3E9EAE07E51}.Debug|ARM.ActiveCfg = Debug|Any CPU
		{08C823F1-7E6A-47A9-83E1-D3E9EAE07E51}.Debug|ARM.Build.0 = Debug|Any CPU
		{08C823F1-7E6A-47A9-83E1-D3E9EAE07E51}.Debug|x64.ActiveCfg = Debug|Any CPU
		{08C823F1-7E6A-47A9-83E1-D3E9EAE07E51}.Debug|x64.Build.0 = Debug|Any CPU
		{08C823F1-7E6A-47A9-83E1-D3E9EAE07E51}.Debug|x86.ActiveCfg = Debug|Any CPU
		{08C823F1-7E6A-47A9-83E1-D3E9EAE07E51}.Debug|x86.Build.0 = Debug|Any CPU
		{08C823F1-7E6A-47A9-83E1-D3E9EAE07E51}.DebugNative|Any CPU.ActiveCfg = Debug|Any CPU
		{08C823F1-7E6A-47A9-83E1-D3E9EAE07E51}.DebugNative|Any CPU.Build.0 = Debug|Any CPU
		{08C823F1-7E6A-47A9-83E1-D3E9EAE07E51}.DebugNative|ARM.ActiveCfg = Debug|Any CPU
		{08C823F1-7E6A-47A9-83E1-D3E9EAE07E51}.DebugNative|ARM.Build.0 = Debug|Any CPU
		{08C823F1-7E6A-47A9-83E1-D3E9EAE07E51}.DebugNative|x64.ActiveCfg = Debug|Any CPU
		{08C823F1-7E6A-47A9-83E1-D3E9EAE07E51}.DebugNative|x64.Build.0 = Debug|Any CPU
		{08C823F1-7E6A-47A9-83E1-D3E9EAE07E51}.DebugNative|x86.ActiveCfg = Debug|Any CPU
		{08C823F1-7E6A-47A9-83E1-D3E9EAE07E51}.DebugNative|x86.Build.0 = Debug|Any CPU
		{08C823F1-7E6A-47A9-83E1-D3E9EAE07E51}.Release|Any CPU.ActiveCfg = Release|Any CPU
		{08C823F1-7E6A-47A9-83E1-D3E9EAE07E51}.Release|Any CPU.Build.0 = Release|Any CPU
		{08C823F1-7E6A-47A9-83E1-D3E9EAE07E51}.Release|ARM.ActiveCfg = Release|Any CPU
		{08C823F1-7E6A-47A9-83E1-D3E9EAE07E51}.Release|ARM.Build.0 = Release|Any CPU
		{08C823F1-7E6A-47A9-83E1-D3E9EAE07E51}.Release|x64.ActiveCfg = Release|Any CPU
		{08C823F1-7E6A-47A9-83E1-D3E9EAE07E51}.Release|x64.Build.0 = Release|Any CPU
		{08C823F1-7E6A-47A9-83E1-D3E9EAE07E51}.Release|x86.ActiveCfg = Release|Any CPU
		{08C823F1-7E6A-47A9-83E1-D3E9EAE07E51}.Release|x86.Build.0 = Release|Any CPU
		{05EB7B5D-CC39-4D62-8D11-EF3EAA99DD91}.Debug|Any CPU.ActiveCfg = Debug|Any CPU
		{05EB7B5D-CC39-4D62-8D11-EF3EAA99DD91}.Debug|Any CPU.Build.0 = Debug|Any CPU
		{05EB7B5D-CC39-4D62-8D11-EF3EAA99DD91}.Debug|ARM.ActiveCfg = Debug|Any CPU
		{05EB7B5D-CC39-4D62-8D11-EF3EAA99DD91}.Debug|ARM.Build.0 = Debug|Any CPU
		{05EB7B5D-CC39-4D62-8D11-EF3EAA99DD91}.Debug|x64.ActiveCfg = Debug|Any CPU
		{05EB7B5D-CC39-4D62-8D11-EF3EAA99DD91}.Debug|x64.Build.0 = Debug|Any CPU
		{05EB7B5D-CC39-4D62-8D11-EF3EAA99DD91}.Debug|x86.ActiveCfg = Debug|Any CPU
		{05EB7B5D-CC39-4D62-8D11-EF3EAA99DD91}.Debug|x86.Build.0 = Debug|Any CPU
		{05EB7B5D-CC39-4D62-8D11-EF3EAA99DD91}.DebugNative|Any CPU.ActiveCfg = Debug|Any CPU
		{05EB7B5D-CC39-4D62-8D11-EF3EAA99DD91}.DebugNative|Any CPU.Build.0 = Debug|Any CPU
		{05EB7B5D-CC39-4D62-8D11-EF3EAA99DD91}.DebugNative|ARM.ActiveCfg = Debug|Any CPU
		{05EB7B5D-CC39-4D62-8D11-EF3EAA99DD91}.DebugNative|ARM.Build.0 = Debug|Any CPU
		{05EB7B5D-CC39-4D62-8D11-EF3EAA99DD91}.DebugNative|x64.ActiveCfg = Debug|Any CPU
		{05EB7B5D-CC39-4D62-8D11-EF3EAA99DD91}.DebugNative|x64.Build.0 = Debug|Any CPU
		{05EB7B5D-CC39-4D62-8D11-EF3EAA99DD91}.DebugNative|x86.ActiveCfg = Debug|Any CPU
		{05EB7B5D-CC39-4D62-8D11-EF3EAA99DD91}.DebugNative|x86.Build.0 = Debug|Any CPU
		{05EB7B5D-CC39-4D62-8D11-EF3EAA99DD91}.Release|Any CPU.ActiveCfg = Release|Any CPU
		{05EB7B5D-CC39-4D62-8D11-EF3EAA99DD91}.Release|Any CPU.Build.0 = Release|Any CPU
		{05EB7B5D-CC39-4D62-8D11-EF3EAA99DD91}.Release|ARM.ActiveCfg = Release|Any CPU
		{05EB7B5D-CC39-4D62-8D11-EF3EAA99DD91}.Release|ARM.Build.0 = Release|Any CPU
		{05EB7B5D-CC39-4D62-8D11-EF3EAA99DD91}.Release|x64.ActiveCfg = Release|Any CPU
		{05EB7B5D-CC39-4D62-8D11-EF3EAA99DD91}.Release|x64.Build.0 = Release|Any CPU
		{05EB7B5D-CC39-4D62-8D11-EF3EAA99DD91}.Release|x86.ActiveCfg = Release|Any CPU
		{05EB7B5D-CC39-4D62-8D11-EF3EAA99DD91}.Release|x86.Build.0 = Release|Any CPU
		{2DB243BB-D99C-4D5C-AAA9-98104CC7EFA0}.Debug|Any CPU.ActiveCfg = Debug|Any CPU
		{2DB243BB-D99C-4D5C-AAA9-98104CC7EFA0}.Debug|Any CPU.Build.0 = Debug|Any CPU
		{2DB243BB-D99C-4D5C-AAA9-98104CC7EFA0}.Debug|ARM.ActiveCfg = Debug|Any CPU
		{2DB243BB-D99C-4D5C-AAA9-98104CC7EFA0}.Debug|ARM.Build.0 = Debug|Any CPU
		{2DB243BB-D99C-4D5C-AAA9-98104CC7EFA0}.Debug|x64.ActiveCfg = Debug|Any CPU
		{2DB243BB-D99C-4D5C-AAA9-98104CC7EFA0}.Debug|x64.Build.0 = Debug|Any CPU
		{2DB243BB-D99C-4D5C-AAA9-98104CC7EFA0}.Debug|x86.ActiveCfg = Debug|Any CPU
		{2DB243BB-D99C-4D5C-AAA9-98104CC7EFA0}.Debug|x86.Build.0 = Debug|Any CPU
		{2DB243BB-D99C-4D5C-AAA9-98104CC7EFA0}.DebugNative|Any CPU.ActiveCfg = Debug|Any CPU
		{2DB243BB-D99C-4D5C-AAA9-98104CC7EFA0}.DebugNative|Any CPU.Build.0 = Debug|Any CPU
		{2DB243BB-D99C-4D5C-AAA9-98104CC7EFA0}.DebugNative|ARM.ActiveCfg = Debug|Any CPU
		{2DB243BB-D99C-4D5C-AAA9-98104CC7EFA0}.DebugNative|ARM.Build.0 = Debug|Any CPU
		{2DB243BB-D99C-4D5C-AAA9-98104CC7EFA0}.DebugNative|x64.ActiveCfg = Debug|Any CPU
		{2DB243BB-D99C-4D5C-AAA9-98104CC7EFA0}.DebugNative|x64.Build.0 = Debug|Any CPU
		{2DB243BB-D99C-4D5C-AAA9-98104CC7EFA0}.DebugNative|x86.ActiveCfg = Debug|Any CPU
		{2DB243BB-D99C-4D5C-AAA9-98104CC7EFA0}.DebugNative|x86.Build.0 = Debug|Any CPU
		{2DB243BB-D99C-4D5C-AAA9-98104CC7EFA0}.Release|Any CPU.ActiveCfg = Release|Any CPU
		{2DB243BB-D99C-4D5C-AAA9-98104CC7EFA0}.Release|Any CPU.Build.0 = Release|Any CPU
		{2DB243BB-D99C-4D5C-AAA9-98104CC7EFA0}.Release|ARM.ActiveCfg = Release|Any CPU
		{2DB243BB-D99C-4D5C-AAA9-98104CC7EFA0}.Release|ARM.Build.0 = Release|Any CPU
		{2DB243BB-D99C-4D5C-AAA9-98104CC7EFA0}.Release|x64.ActiveCfg = Release|Any CPU
		{2DB243BB-D99C-4D5C-AAA9-98104CC7EFA0}.Release|x64.Build.0 = Release|Any CPU
		{2DB243BB-D99C-4D5C-AAA9-98104CC7EFA0}.Release|x86.ActiveCfg = Release|Any CPU
		{2DB243BB-D99C-4D5C-AAA9-98104CC7EFA0}.Release|x86.Build.0 = Release|Any CPU
		{9CCC28AD-ACC3-4043-A408-6E67CE46D7B5}.Debug|Any CPU.ActiveCfg = Debug|Any CPU
		{9CCC28AD-ACC3-4043-A408-6E67CE46D7B5}.Debug|Any CPU.Build.0 = Debug|Any CPU
		{9CCC28AD-ACC3-4043-A408-6E67CE46D7B5}.Debug|ARM.ActiveCfg = Debug|Any CPU
		{9CCC28AD-ACC3-4043-A408-6E67CE46D7B5}.Debug|ARM.Build.0 = Debug|Any CPU
		{9CCC28AD-ACC3-4043-A408-6E67CE46D7B5}.Debug|x64.ActiveCfg = Debug|Any CPU
		{9CCC28AD-ACC3-4043-A408-6E67CE46D7B5}.Debug|x64.Build.0 = Debug|Any CPU
		{9CCC28AD-ACC3-4043-A408-6E67CE46D7B5}.Debug|x86.ActiveCfg = Debug|Any CPU
		{9CCC28AD-ACC3-4043-A408-6E67CE46D7B5}.Debug|x86.Build.0 = Debug|Any CPU
		{9CCC28AD-ACC3-4043-A408-6E67CE46D7B5}.DebugNative|Any CPU.ActiveCfg = Debug|Any CPU
		{9CCC28AD-ACC3-4043-A408-6E67CE46D7B5}.DebugNative|Any CPU.Build.0 = Debug|Any CPU
		{9CCC28AD-ACC3-4043-A408-6E67CE46D7B5}.DebugNative|ARM.ActiveCfg = Debug|Any CPU
		{9CCC28AD-ACC3-4043-A408-6E67CE46D7B5}.DebugNative|ARM.Build.0 = Debug|Any CPU
		{9CCC28AD-ACC3-4043-A408-6E67CE46D7B5}.DebugNative|x64.ActiveCfg = Debug|Any CPU
		{9CCC28AD-ACC3-4043-A408-6E67CE46D7B5}.DebugNative|x64.Build.0 = Debug|Any CPU
		{9CCC28AD-ACC3-4043-A408-6E67CE46D7B5}.DebugNative|x86.ActiveCfg = Debug|Any CPU
		{9CCC28AD-ACC3-4043-A408-6E67CE46D7B5}.DebugNative|x86.Build.0 = Debug|Any CPU
		{9CCC28AD-ACC3-4043-A408-6E67CE46D7B5}.Release|Any CPU.ActiveCfg = Release|Any CPU
		{9CCC28AD-ACC3-4043-A408-6E67CE46D7B5}.Release|Any CPU.Build.0 = Release|Any CPU
		{9CCC28AD-ACC3-4043-A408-6E67CE46D7B5}.Release|ARM.ActiveCfg = Release|Any CPU
		{9CCC28AD-ACC3-4043-A408-6E67CE46D7B5}.Release|ARM.Build.0 = Release|Any CPU
		{9CCC28AD-ACC3-4043-A408-6E67CE46D7B5}.Release|x64.ActiveCfg = Release|Any CPU
		{9CCC28AD-ACC3-4043-A408-6E67CE46D7B5}.Release|x64.Build.0 = Release|Any CPU
		{9CCC28AD-ACC3-4043-A408-6E67CE46D7B5}.Release|x86.ActiveCfg = Release|Any CPU
		{9CCC28AD-ACC3-4043-A408-6E67CE46D7B5}.Release|x86.Build.0 = Release|Any CPU
		{159E60F5-E46D-48E8-BC31-3987AC70F991}.Debug|Any CPU.ActiveCfg = Debug|Any CPU
		{159E60F5-E46D-48E8-BC31-3987AC70F991}.Debug|Any CPU.Build.0 = Debug|Any CPU
		{159E60F5-E46D-48E8-BC31-3987AC70F991}.Debug|ARM.ActiveCfg = Debug|Any CPU
		{159E60F5-E46D-48E8-BC31-3987AC70F991}.Debug|ARM.Build.0 = Debug|Any CPU
		{159E60F5-E46D-48E8-BC31-3987AC70F991}.Debug|x64.ActiveCfg = Debug|Any CPU
		{159E60F5-E46D-48E8-BC31-3987AC70F991}.Debug|x64.Build.0 = Debug|Any CPU
		{159E60F5-E46D-48E8-BC31-3987AC70F991}.Debug|x86.ActiveCfg = Debug|Any CPU
		{159E60F5-E46D-48E8-BC31-3987AC70F991}.Debug|x86.Build.0 = Debug|Any CPU
		{159E60F5-E46D-48E8-BC31-3987AC70F991}.DebugNative|Any CPU.ActiveCfg = Debug|Any CPU
		{159E60F5-E46D-48E8-BC31-3987AC70F991}.DebugNative|Any CPU.Build.0 = Debug|Any CPU
		{159E60F5-E46D-48E8-BC31-3987AC70F991}.DebugNative|ARM.ActiveCfg = Debug|Any CPU
		{159E60F5-E46D-48E8-BC31-3987AC70F991}.DebugNative|ARM.Build.0 = Debug|Any CPU
		{159E60F5-E46D-48E8-BC31-3987AC70F991}.DebugNative|x64.ActiveCfg = Debug|Any CPU
		{159E60F5-E46D-48E8-BC31-3987AC70F991}.DebugNative|x64.Build.0 = Debug|Any CPU
		{159E60F5-E46D-48E8-BC31-3987AC70F991}.DebugNative|x86.ActiveCfg = Debug|Any CPU
		{159E60F5-E46D-48E8-BC31-3987AC70F991}.DebugNative|x86.Build.0 = Debug|Any CPU
		{159E60F5-E46D-48E8-BC31-3987AC70F991}.Release|Any CPU.ActiveCfg = Release|Any CPU
		{159E60F5-E46D-48E8-BC31-3987AC70F991}.Release|Any CPU.Build.0 = Release|Any CPU
		{159E60F5-E46D-48E8-BC31-3987AC70F991}.Release|ARM.ActiveCfg = Release|Any CPU
		{159E60F5-E46D-48E8-BC31-3987AC70F991}.Release|ARM.Build.0 = Release|Any CPU
		{159E60F5-E46D-48E8-BC31-3987AC70F991}.Release|x64.ActiveCfg = Release|Any CPU
		{159E60F5-E46D-48E8-BC31-3987AC70F991}.Release|x64.Build.0 = Release|Any CPU
		{159E60F5-E46D-48E8-BC31-3987AC70F991}.Release|x86.ActiveCfg = Release|Any CPU
		{159E60F5-E46D-48E8-BC31-3987AC70F991}.Release|x86.Build.0 = Release|Any CPU
		{86E8F33C-8ACF-4AFE-BE87-FF6A30034C17}.Debug|Any CPU.ActiveCfg = Debug|Any CPU
		{86E8F33C-8ACF-4AFE-BE87-FF6A30034C17}.Debug|ARM.ActiveCfg = Debug|Any CPU
		{86E8F33C-8ACF-4AFE-BE87-FF6A30034C17}.Debug|x64.ActiveCfg = Debug|Any CPU
		{86E8F33C-8ACF-4AFE-BE87-FF6A30034C17}.Debug|x86.ActiveCfg = Debug|Any CPU
		{86E8F33C-8ACF-4AFE-BE87-FF6A30034C17}.DebugNative|Any CPU.ActiveCfg = Debug|Any CPU
		{86E8F33C-8ACF-4AFE-BE87-FF6A30034C17}.DebugNative|ARM.ActiveCfg = Debug|Any CPU
		{86E8F33C-8ACF-4AFE-BE87-FF6A30034C17}.DebugNative|x64.ActiveCfg = Debug|Any CPU
		{86E8F33C-8ACF-4AFE-BE87-FF6A30034C17}.DebugNative|x86.ActiveCfg = Debug|Any CPU
		{86E8F33C-8ACF-4AFE-BE87-FF6A30034C17}.Release|Any CPU.ActiveCfg = Release|Any CPU
		{86E8F33C-8ACF-4AFE-BE87-FF6A30034C17}.Release|ARM.ActiveCfg = Release|Any CPU
		{86E8F33C-8ACF-4AFE-BE87-FF6A30034C17}.Release|x64.ActiveCfg = Release|Any CPU
		{86E8F33C-8ACF-4AFE-BE87-FF6A30034C17}.Release|x86.ActiveCfg = Release|Any CPU
		{DD061355-BCEC-4512-A262-8FBDDF2F3C5D}.Debug|Any CPU.ActiveCfg = Debug|Any CPU
		{DD061355-BCEC-4512-A262-8FBDDF2F3C5D}.Debug|Any CPU.Build.0 = Debug|Any CPU
		{DD061355-BCEC-4512-A262-8FBDDF2F3C5D}.Debug|ARM.ActiveCfg = Debug|Any CPU
		{DD061355-BCEC-4512-A262-8FBDDF2F3C5D}.Debug|ARM.Build.0 = Debug|Any CPU
		{DD061355-BCEC-4512-A262-8FBDDF2F3C5D}.Debug|x64.ActiveCfg = Debug|Any CPU
		{DD061355-BCEC-4512-A262-8FBDDF2F3C5D}.Debug|x64.Build.0 = Debug|Any CPU
		{DD061355-BCEC-4512-A262-8FBDDF2F3C5D}.Debug|x86.ActiveCfg = Debug|Any CPU
		{DD061355-BCEC-4512-A262-8FBDDF2F3C5D}.Debug|x86.Build.0 = Debug|Any CPU
		{DD061355-BCEC-4512-A262-8FBDDF2F3C5D}.DebugNative|Any CPU.ActiveCfg = Debug|Any CPU
		{DD061355-BCEC-4512-A262-8FBDDF2F3C5D}.DebugNative|Any CPU.Build.0 = Debug|Any CPU
		{DD061355-BCEC-4512-A262-8FBDDF2F3C5D}.DebugNative|ARM.ActiveCfg = Debug|Any CPU
		{DD061355-BCEC-4512-A262-8FBDDF2F3C5D}.DebugNative|ARM.Build.0 = Debug|Any CPU
		{DD061355-BCEC-4512-A262-8FBDDF2F3C5D}.DebugNative|x64.ActiveCfg = Debug|Any CPU
		{DD061355-BCEC-4512-A262-8FBDDF2F3C5D}.DebugNative|x64.Build.0 = Debug|Any CPU
		{DD061355-BCEC-4512-A262-8FBDDF2F3C5D}.DebugNative|x86.ActiveCfg = Debug|Any CPU
		{DD061355-BCEC-4512-A262-8FBDDF2F3C5D}.DebugNative|x86.Build.0 = Debug|Any CPU
		{DD061355-BCEC-4512-A262-8FBDDF2F3C5D}.Release|Any CPU.ActiveCfg = Release|Any CPU
		{DD061355-BCEC-4512-A262-8FBDDF2F3C5D}.Release|Any CPU.Build.0 = Release|Any CPU
		{DD061355-BCEC-4512-A262-8FBDDF2F3C5D}.Release|ARM.ActiveCfg = Release|Any CPU
		{DD061355-BCEC-4512-A262-8FBDDF2F3C5D}.Release|ARM.Build.0 = Release|Any CPU
		{DD061355-BCEC-4512-A262-8FBDDF2F3C5D}.Release|x64.ActiveCfg = Release|Any CPU
		{DD061355-BCEC-4512-A262-8FBDDF2F3C5D}.Release|x64.Build.0 = Release|Any CPU
		{DD061355-BCEC-4512-A262-8FBDDF2F3C5D}.Release|x86.ActiveCfg = Release|Any CPU
		{DD061355-BCEC-4512-A262-8FBDDF2F3C5D}.Release|x86.Build.0 = Release|Any CPU
		{27A2F92A-B419-4DA2-94BE-B53E29AC5604}.Debug|Any CPU.ActiveCfg = Debug|Any CPU
		{27A2F92A-B419-4DA2-94BE-B53E29AC5604}.Debug|Any CPU.Build.0 = Debug|Any CPU
		{27A2F92A-B419-4DA2-94BE-B53E29AC5604}.Debug|ARM.ActiveCfg = Debug|Any CPU
		{27A2F92A-B419-4DA2-94BE-B53E29AC5604}.Debug|ARM.Build.0 = Debug|Any CPU
		{27A2F92A-B419-4DA2-94BE-B53E29AC5604}.Debug|x64.ActiveCfg = Debug|Any CPU
		{27A2F92A-B419-4DA2-94BE-B53E29AC5604}.Debug|x64.Build.0 = Debug|Any CPU
		{27A2F92A-B419-4DA2-94BE-B53E29AC5604}.Debug|x86.ActiveCfg = Debug|Any CPU
		{27A2F92A-B419-4DA2-94BE-B53E29AC5604}.Debug|x86.Build.0 = Debug|Any CPU
		{27A2F92A-B419-4DA2-94BE-B53E29AC5604}.DebugNative|Any CPU.ActiveCfg = Debug|Any CPU
		{27A2F92A-B419-4DA2-94BE-B53E29AC5604}.DebugNative|Any CPU.Build.0 = Debug|Any CPU
		{27A2F92A-B419-4DA2-94BE-B53E29AC5604}.DebugNative|ARM.ActiveCfg = Debug|Any CPU
		{27A2F92A-B419-4DA2-94BE-B53E29AC5604}.DebugNative|ARM.Build.0 = Debug|Any CPU
		{27A2F92A-B419-4DA2-94BE-B53E29AC5604}.DebugNative|x64.ActiveCfg = Debug|Any CPU
		{27A2F92A-B419-4DA2-94BE-B53E29AC5604}.DebugNative|x64.Build.0 = Debug|Any CPU
		{27A2F92A-B419-4DA2-94BE-B53E29AC5604}.DebugNative|x86.ActiveCfg = Debug|Any CPU
		{27A2F92A-B419-4DA2-94BE-B53E29AC5604}.DebugNative|x86.Build.0 = Debug|Any CPU
		{27A2F92A-B419-4DA2-94BE-B53E29AC5604}.Release|Any CPU.ActiveCfg = Release|Any CPU
		{27A2F92A-B419-4DA2-94BE-B53E29AC5604}.Release|Any CPU.Build.0 = Release|Any CPU
		{27A2F92A-B419-4DA2-94BE-B53E29AC5604}.Release|ARM.ActiveCfg = Release|Any CPU
		{27A2F92A-B419-4DA2-94BE-B53E29AC5604}.Release|ARM.Build.0 = Release|Any CPU
		{27A2F92A-B419-4DA2-94BE-B53E29AC5604}.Release|x64.ActiveCfg = Release|Any CPU
		{27A2F92A-B419-4DA2-94BE-B53E29AC5604}.Release|x64.Build.0 = Release|Any CPU
		{27A2F92A-B419-4DA2-94BE-B53E29AC5604}.Release|x86.ActiveCfg = Release|Any CPU
		{27A2F92A-B419-4DA2-94BE-B53E29AC5604}.Release|x86.Build.0 = Release|Any CPU
		{B579EBD9-4C99-466D-B9A2-DC6E6B8BA314}.Debug|Any CPU.ActiveCfg = Debug|Any CPU
		{B579EBD9-4C99-466D-B9A2-DC6E6B8BA314}.Debug|Any CPU.Build.0 = Debug|Any CPU
		{B579EBD9-4C99-466D-B9A2-DC6E6B8BA314}.Debug|ARM.ActiveCfg = Debug|Any CPU
		{B579EBD9-4C99-466D-B9A2-DC6E6B8BA314}.Debug|ARM.Build.0 = Debug|Any CPU
		{B579EBD9-4C99-466D-B9A2-DC6E6B8BA314}.Debug|x64.ActiveCfg = Debug|Any CPU
		{B579EBD9-4C99-466D-B9A2-DC6E6B8BA314}.Debug|x64.Build.0 = Debug|Any CPU
		{B579EBD9-4C99-466D-B9A2-DC6E6B8BA314}.Debug|x86.ActiveCfg = Debug|Any CPU
		{B579EBD9-4C99-466D-B9A2-DC6E6B8BA314}.Debug|x86.Build.0 = Debug|Any CPU
		{B579EBD9-4C99-466D-B9A2-DC6E6B8BA314}.DebugNative|Any CPU.ActiveCfg = Debug|Any CPU
		{B579EBD9-4C99-466D-B9A2-DC6E6B8BA314}.DebugNative|Any CPU.Build.0 = Debug|Any CPU
		{B579EBD9-4C99-466D-B9A2-DC6E6B8BA314}.DebugNative|ARM.ActiveCfg = Debug|Any CPU
		{B579EBD9-4C99-466D-B9A2-DC6E6B8BA314}.DebugNative|ARM.Build.0 = Debug|Any CPU
		{B579EBD9-4C99-466D-B9A2-DC6E6B8BA314}.DebugNative|x64.ActiveCfg = Debug|Any CPU
		{B579EBD9-4C99-466D-B9A2-DC6E6B8BA314}.DebugNative|x64.Build.0 = Debug|Any CPU
		{B579EBD9-4C99-466D-B9A2-DC6E6B8BA314}.DebugNative|x86.ActiveCfg = Debug|Any CPU
		{B579EBD9-4C99-466D-B9A2-DC6E6B8BA314}.DebugNative|x86.Build.0 = Debug|Any CPU
		{B579EBD9-4C99-466D-B9A2-DC6E6B8BA314}.Release|Any CPU.ActiveCfg = Release|Any CPU
		{B579EBD9-4C99-466D-B9A2-DC6E6B8BA314}.Release|Any CPU.Build.0 = Release|Any CPU
		{B579EBD9-4C99-466D-B9A2-DC6E6B8BA314}.Release|ARM.ActiveCfg = Release|Any CPU
		{B579EBD9-4C99-466D-B9A2-DC6E6B8BA314}.Release|ARM.Build.0 = Release|Any CPU
		{B579EBD9-4C99-466D-B9A2-DC6E6B8BA314}.Release|x64.ActiveCfg = Release|Any CPU
		{B579EBD9-4C99-466D-B9A2-DC6E6B8BA314}.Release|x64.Build.0 = Release|Any CPU
		{B579EBD9-4C99-466D-B9A2-DC6E6B8BA314}.Release|x86.ActiveCfg = Release|Any CPU
		{B579EBD9-4C99-466D-B9A2-DC6E6B8BA314}.Release|x86.Build.0 = Release|Any CPU
		{B4A2ED9D-C6D6-4332-8891-AA36D55D4B7D}.Debug|Any CPU.ActiveCfg = Debug|Any CPU
		{B4A2ED9D-C6D6-4332-8891-AA36D55D4B7D}.Debug|Any CPU.Build.0 = Debug|Any CPU
		{B4A2ED9D-C6D6-4332-8891-AA36D55D4B7D}.Debug|ARM.ActiveCfg = Debug|Any CPU
		{B4A2ED9D-C6D6-4332-8891-AA36D55D4B7D}.Debug|ARM.Build.0 = Debug|Any CPU
		{B4A2ED9D-C6D6-4332-8891-AA36D55D4B7D}.Debug|x64.ActiveCfg = Debug|Any CPU
		{B4A2ED9D-C6D6-4332-8891-AA36D55D4B7D}.Debug|x64.Build.0 = Debug|Any CPU
		{B4A2ED9D-C6D6-4332-8891-AA36D55D4B7D}.Debug|x86.ActiveCfg = Debug|Any CPU
		{B4A2ED9D-C6D6-4332-8891-AA36D55D4B7D}.Debug|x86.Build.0 = Debug|Any CPU
		{B4A2ED9D-C6D6-4332-8891-AA36D55D4B7D}.DebugNative|Any CPU.ActiveCfg = Debug|Any CPU
		{B4A2ED9D-C6D6-4332-8891-AA36D55D4B7D}.DebugNative|Any CPU.Build.0 = Debug|Any CPU
		{B4A2ED9D-C6D6-4332-8891-AA36D55D4B7D}.DebugNative|ARM.ActiveCfg = Debug|Any CPU
		{B4A2ED9D-C6D6-4332-8891-AA36D55D4B7D}.DebugNative|ARM.Build.0 = Debug|Any CPU
		{B4A2ED9D-C6D6-4332-8891-AA36D55D4B7D}.DebugNative|x64.ActiveCfg = Debug|Any CPU
		{B4A2ED9D-C6D6-4332-8891-AA36D55D4B7D}.DebugNative|x64.Build.0 = Debug|Any CPU
		{B4A2ED9D-C6D6-4332-8891-AA36D55D4B7D}.DebugNative|x86.ActiveCfg = Debug|Any CPU
		{B4A2ED9D-C6D6-4332-8891-AA36D55D4B7D}.DebugNative|x86.Build.0 = Debug|Any CPU
		{B4A2ED9D-C6D6-4332-8891-AA36D55D4B7D}.Release|Any CPU.ActiveCfg = Release|Any CPU
		{B4A2ED9D-C6D6-4332-8891-AA36D55D4B7D}.Release|Any CPU.Build.0 = Release|Any CPU
		{B4A2ED9D-C6D6-4332-8891-AA36D55D4B7D}.Release|ARM.ActiveCfg = Release|Any CPU
		{B4A2ED9D-C6D6-4332-8891-AA36D55D4B7D}.Release|ARM.Build.0 = Release|Any CPU
		{B4A2ED9D-C6D6-4332-8891-AA36D55D4B7D}.Release|x64.ActiveCfg = Release|Any CPU
		{B4A2ED9D-C6D6-4332-8891-AA36D55D4B7D}.Release|x64.Build.0 = Release|Any CPU
		{B4A2ED9D-C6D6-4332-8891-AA36D55D4B7D}.Release|x86.ActiveCfg = Release|Any CPU
		{B4A2ED9D-C6D6-4332-8891-AA36D55D4B7D}.Release|x86.Build.0 = Release|Any CPU
		{6BBBE871-BEB9-47CF-BBF9-28DB9B64729A}.Debug|Any CPU.ActiveCfg = Debug|Any CPU
		{6BBBE871-BEB9-47CF-BBF9-28DB9B64729A}.Debug|Any CPU.Build.0 = Debug|Any CPU
		{6BBBE871-BEB9-47CF-BBF9-28DB9B64729A}.Debug|ARM.ActiveCfg = Debug|Any CPU
		{6BBBE871-BEB9-47CF-BBF9-28DB9B64729A}.Debug|ARM.Build.0 = Debug|Any CPU
		{6BBBE871-BEB9-47CF-BBF9-28DB9B64729A}.Debug|x64.ActiveCfg = Debug|Any CPU
		{6BBBE871-BEB9-47CF-BBF9-28DB9B64729A}.Debug|x64.Build.0 = Debug|Any CPU
		{6BBBE871-BEB9-47CF-BBF9-28DB9B64729A}.Debug|x86.ActiveCfg = Debug|Any CPU
		{6BBBE871-BEB9-47CF-BBF9-28DB9B64729A}.Debug|x86.Build.0 = Debug|Any CPU
		{6BBBE871-BEB9-47CF-BBF9-28DB9B64729A}.DebugNative|Any CPU.ActiveCfg = Debug|Any CPU
		{6BBBE871-BEB9-47CF-BBF9-28DB9B64729A}.DebugNative|Any CPU.Build.0 = Debug|Any CPU
		{6BBBE871-BEB9-47CF-BBF9-28DB9B64729A}.DebugNative|ARM.ActiveCfg = Debug|Any CPU
		{6BBBE871-BEB9-47CF-BBF9-28DB9B64729A}.DebugNative|ARM.Build.0 = Debug|Any CPU
		{6BBBE871-BEB9-47CF-BBF9-28DB9B64729A}.DebugNative|x64.ActiveCfg = Debug|Any CPU
		{6BBBE871-BEB9-47CF-BBF9-28DB9B64729A}.DebugNative|x64.Build.0 = Debug|Any CPU
		{6BBBE871-BEB9-47CF-BBF9-28DB9B64729A}.DebugNative|x86.ActiveCfg = Debug|Any CPU
		{6BBBE871-BEB9-47CF-BBF9-28DB9B64729A}.DebugNative|x86.Build.0 = Debug|Any CPU
		{6BBBE871-BEB9-47CF-BBF9-28DB9B64729A}.Release|Any CPU.ActiveCfg = Release|Any CPU
		{6BBBE871-BEB9-47CF-BBF9-28DB9B64729A}.Release|Any CPU.Build.0 = Release|Any CPU
		{6BBBE871-BEB9-47CF-BBF9-28DB9B64729A}.Release|ARM.ActiveCfg = Release|Any CPU
		{6BBBE871-BEB9-47CF-BBF9-28DB9B64729A}.Release|ARM.Build.0 = Release|Any CPU
		{6BBBE871-BEB9-47CF-BBF9-28DB9B64729A}.Release|x64.ActiveCfg = Release|Any CPU
		{6BBBE871-BEB9-47CF-BBF9-28DB9B64729A}.Release|x64.Build.0 = Release|Any CPU
		{6BBBE871-BEB9-47CF-BBF9-28DB9B64729A}.Release|x86.ActiveCfg = Release|Any CPU
		{6BBBE871-BEB9-47CF-BBF9-28DB9B64729A}.Release|x86.Build.0 = Release|Any CPU
		{F90C7AD1-0918-4CD2-B775-305C19379EDB}.Debug|Any CPU.ActiveCfg = Debug|Any CPU
		{F90C7AD1-0918-4CD2-B775-305C19379EDB}.Debug|Any CPU.Build.0 = Debug|Any CPU
		{F90C7AD1-0918-4CD2-B775-305C19379EDB}.Debug|ARM.ActiveCfg = Debug|Any CPU
		{F90C7AD1-0918-4CD2-B775-305C19379EDB}.Debug|ARM.Build.0 = Debug|Any CPU
		{F90C7AD1-0918-4CD2-B775-305C19379EDB}.Debug|x64.ActiveCfg = Debug|Any CPU
		{F90C7AD1-0918-4CD2-B775-305C19379EDB}.Debug|x64.Build.0 = Debug|Any CPU
		{F90C7AD1-0918-4CD2-B775-305C19379EDB}.Debug|x86.ActiveCfg = Debug|Any CPU
		{F90C7AD1-0918-4CD2-B775-305C19379EDB}.Debug|x86.Build.0 = Debug|Any CPU
		{F90C7AD1-0918-4CD2-B775-305C19379EDB}.DebugNative|Any CPU.ActiveCfg = Debug|Any CPU
		{F90C7AD1-0918-4CD2-B775-305C19379EDB}.DebugNative|Any CPU.Build.0 = Debug|Any CPU
		{F90C7AD1-0918-4CD2-B775-305C19379EDB}.DebugNative|ARM.ActiveCfg = Debug|Any CPU
		{F90C7AD1-0918-4CD2-B775-305C19379EDB}.DebugNative|ARM.Build.0 = Debug|Any CPU
		{F90C7AD1-0918-4CD2-B775-305C19379EDB}.DebugNative|x64.ActiveCfg = Debug|Any CPU
		{F90C7AD1-0918-4CD2-B775-305C19379EDB}.DebugNative|x64.Build.0 = Debug|Any CPU
		{F90C7AD1-0918-4CD2-B775-305C19379EDB}.DebugNative|x86.ActiveCfg = Debug|Any CPU
		{F90C7AD1-0918-4CD2-B775-305C19379EDB}.DebugNative|x86.Build.0 = Debug|Any CPU
		{F90C7AD1-0918-4CD2-B775-305C19379EDB}.Release|Any CPU.ActiveCfg = Release|Any CPU
		{F90C7AD1-0918-4CD2-B775-305C19379EDB}.Release|Any CPU.Build.0 = Release|Any CPU
		{F90C7AD1-0918-4CD2-B775-305C19379EDB}.Release|ARM.ActiveCfg = Release|Any CPU
		{F90C7AD1-0918-4CD2-B775-305C19379EDB}.Release|ARM.Build.0 = Release|Any CPU
		{F90C7AD1-0918-4CD2-B775-305C19379EDB}.Release|x64.ActiveCfg = Release|Any CPU
		{F90C7AD1-0918-4CD2-B775-305C19379EDB}.Release|x64.Build.0 = Release|Any CPU
		{F90C7AD1-0918-4CD2-B775-305C19379EDB}.Release|x86.ActiveCfg = Release|Any CPU
		{F90C7AD1-0918-4CD2-B775-305C19379EDB}.Release|x86.Build.0 = Release|Any CPU
		{96E968EB-417E-40DC-A9EF-F83D12733FF7}.Debug|Any CPU.ActiveCfg = Debug|Any CPU
		{96E968EB-417E-40DC-A9EF-F83D12733FF7}.Debug|Any CPU.Build.0 = Debug|Any CPU
		{96E968EB-417E-40DC-A9EF-F83D12733FF7}.Debug|ARM.ActiveCfg = Debug|Any CPU
		{96E968EB-417E-40DC-A9EF-F83D12733FF7}.Debug|ARM.Build.0 = Debug|Any CPU
		{96E968EB-417E-40DC-A9EF-F83D12733FF7}.Debug|x64.ActiveCfg = Debug|Any CPU
		{96E968EB-417E-40DC-A9EF-F83D12733FF7}.Debug|x64.Build.0 = Debug|Any CPU
		{96E968EB-417E-40DC-A9EF-F83D12733FF7}.Debug|x86.ActiveCfg = Debug|Any CPU
		{96E968EB-417E-40DC-A9EF-F83D12733FF7}.Debug|x86.Build.0 = Debug|Any CPU
		{96E968EB-417E-40DC-A9EF-F83D12733FF7}.DebugNative|Any CPU.ActiveCfg = Debug|Any CPU
		{96E968EB-417E-40DC-A9EF-F83D12733FF7}.DebugNative|Any CPU.Build.0 = Debug|Any CPU
		{96E968EB-417E-40DC-A9EF-F83D12733FF7}.DebugNative|ARM.ActiveCfg = Debug|Any CPU
		{96E968EB-417E-40DC-A9EF-F83D12733FF7}.DebugNative|ARM.Build.0 = Debug|Any CPU
		{96E968EB-417E-40DC-A9EF-F83D12733FF7}.DebugNative|x64.ActiveCfg = Debug|Any CPU
		{96E968EB-417E-40DC-A9EF-F83D12733FF7}.DebugNative|x64.Build.0 = Debug|Any CPU
		{96E968EB-417E-40DC-A9EF-F83D12733FF7}.DebugNative|x86.ActiveCfg = Debug|Any CPU
		{96E968EB-417E-40DC-A9EF-F83D12733FF7}.DebugNative|x86.Build.0 = Debug|Any CPU
		{96E968EB-417E-40DC-A9EF-F83D12733FF7}.Release|Any CPU.ActiveCfg = Release|Any CPU
		{96E968EB-417E-40DC-A9EF-F83D12733FF7}.Release|Any CPU.Build.0 = Release|Any CPU
		{96E968EB-417E-40DC-A9EF-F83D12733FF7}.Release|ARM.ActiveCfg = Release|Any CPU
		{96E968EB-417E-40DC-A9EF-F83D12733FF7}.Release|ARM.Build.0 = Release|Any CPU
		{96E968EB-417E-40DC-A9EF-F83D12733FF7}.Release|x64.ActiveCfg = Release|Any CPU
		{96E968EB-417E-40DC-A9EF-F83D12733FF7}.Release|x64.Build.0 = Release|Any CPU
		{96E968EB-417E-40DC-A9EF-F83D12733FF7}.Release|x86.ActiveCfg = Release|Any CPU
		{96E968EB-417E-40DC-A9EF-F83D12733FF7}.Release|x86.Build.0 = Release|Any CPU
		{0D940FFD-E834-4B73-AF34-B1937936C9C4}.Debug|Any CPU.ActiveCfg = Debug|Any CPU
		{0D940FFD-E834-4B73-AF34-B1937936C9C4}.Debug|Any CPU.Build.0 = Debug|Any CPU
		{0D940FFD-E834-4B73-AF34-B1937936C9C4}.Debug|ARM.ActiveCfg = Debug|Any CPU
		{0D940FFD-E834-4B73-AF34-B1937936C9C4}.Debug|ARM.Build.0 = Debug|Any CPU
		{0D940FFD-E834-4B73-AF34-B1937936C9C4}.Debug|x64.ActiveCfg = Debug|Any CPU
		{0D940FFD-E834-4B73-AF34-B1937936C9C4}.Debug|x64.Build.0 = Debug|Any CPU
		{0D940FFD-E834-4B73-AF34-B1937936C9C4}.Debug|x86.ActiveCfg = Debug|Any CPU
		{0D940FFD-E834-4B73-AF34-B1937936C9C4}.Debug|x86.Build.0 = Debug|Any CPU
		{0D940FFD-E834-4B73-AF34-B1937936C9C4}.DebugNative|Any CPU.ActiveCfg = Debug|Any CPU
		{0D940FFD-E834-4B73-AF34-B1937936C9C4}.DebugNative|Any CPU.Build.0 = Debug|Any CPU
		{0D940FFD-E834-4B73-AF34-B1937936C9C4}.DebugNative|ARM.ActiveCfg = Debug|Any CPU
		{0D940FFD-E834-4B73-AF34-B1937936C9C4}.DebugNative|ARM.Build.0 = Debug|Any CPU
		{0D940FFD-E834-4B73-AF34-B1937936C9C4}.DebugNative|x64.ActiveCfg = Debug|Any CPU
		{0D940FFD-E834-4B73-AF34-B1937936C9C4}.DebugNative|x64.Build.0 = Debug|Any CPU
		{0D940FFD-E834-4B73-AF34-B1937936C9C4}.DebugNative|x86.ActiveCfg = Debug|Any CPU
		{0D940FFD-E834-4B73-AF34-B1937936C9C4}.DebugNative|x86.Build.0 = Debug|Any CPU
		{0D940FFD-E834-4B73-AF34-B1937936C9C4}.Release|Any CPU.ActiveCfg = Release|Any CPU
		{0D940FFD-E834-4B73-AF34-B1937936C9C4}.Release|Any CPU.Build.0 = Release|Any CPU
		{0D940FFD-E834-4B73-AF34-B1937936C9C4}.Release|ARM.ActiveCfg = Release|Any CPU
		{0D940FFD-E834-4B73-AF34-B1937936C9C4}.Release|ARM.Build.0 = Release|Any CPU
		{0D940FFD-E834-4B73-AF34-B1937936C9C4}.Release|x64.ActiveCfg = Release|Any CPU
		{0D940FFD-E834-4B73-AF34-B1937936C9C4}.Release|x64.Build.0 = Release|Any CPU
		{0D940FFD-E834-4B73-AF34-B1937936C9C4}.Release|x86.ActiveCfg = Release|Any CPU
		{0D940FFD-E834-4B73-AF34-B1937936C9C4}.Release|x86.Build.0 = Release|Any CPU
		{872A67E9-1A02-45CB-8948-0AA25BC71974}.Debug|Any CPU.ActiveCfg = Debug|x86
		{872A67E9-1A02-45CB-8948-0AA25BC71974}.Debug|ARM.ActiveCfg = Debug|ARM
		{872A67E9-1A02-45CB-8948-0AA25BC71974}.Debug|ARM.Build.0 = Debug|ARM
		{872A67E9-1A02-45CB-8948-0AA25BC71974}.Debug|ARM.Deploy.0 = Debug|ARM
		{872A67E9-1A02-45CB-8948-0AA25BC71974}.Debug|x64.ActiveCfg = Debug|x64
		{872A67E9-1A02-45CB-8948-0AA25BC71974}.Debug|x64.Build.0 = Debug|x64
		{872A67E9-1A02-45CB-8948-0AA25BC71974}.Debug|x64.Deploy.0 = Debug|x64
		{872A67E9-1A02-45CB-8948-0AA25BC71974}.Debug|x86.ActiveCfg = Debug|x86
		{872A67E9-1A02-45CB-8948-0AA25BC71974}.Debug|x86.Build.0 = Debug|x86
		{872A67E9-1A02-45CB-8948-0AA25BC71974}.Debug|x86.Deploy.0 = Debug|x86
		{872A67E9-1A02-45CB-8948-0AA25BC71974}.DebugNative|Any CPU.ActiveCfg = DebugNative|x86
		{872A67E9-1A02-45CB-8948-0AA25BC71974}.DebugNative|ARM.ActiveCfg = DebugNative|ARM
		{872A67E9-1A02-45CB-8948-0AA25BC71974}.DebugNative|ARM.Build.0 = DebugNative|ARM
		{872A67E9-1A02-45CB-8948-0AA25BC71974}.DebugNative|ARM.Deploy.0 = DebugNative|ARM
		{872A67E9-1A02-45CB-8948-0AA25BC71974}.DebugNative|x64.ActiveCfg = DebugNative|x64
		{872A67E9-1A02-45CB-8948-0AA25BC71974}.DebugNative|x64.Build.0 = DebugNative|x64
		{872A67E9-1A02-45CB-8948-0AA25BC71974}.DebugNative|x64.Deploy.0 = DebugNative|x64
		{872A67E9-1A02-45CB-8948-0AA25BC71974}.DebugNative|x86.ActiveCfg = DebugNative|x86
		{872A67E9-1A02-45CB-8948-0AA25BC71974}.DebugNative|x86.Build.0 = DebugNative|x86
		{872A67E9-1A02-45CB-8948-0AA25BC71974}.DebugNative|x86.Deploy.0 = DebugNative|x86
		{872A67E9-1A02-45CB-8948-0AA25BC71974}.Release|Any CPU.ActiveCfg = Release|x86
		{872A67E9-1A02-45CB-8948-0AA25BC71974}.Release|ARM.ActiveCfg = Release|ARM
		{872A67E9-1A02-45CB-8948-0AA25BC71974}.Release|ARM.Build.0 = Release|ARM
		{872A67E9-1A02-45CB-8948-0AA25BC71974}.Release|ARM.Deploy.0 = Release|ARM
		{872A67E9-1A02-45CB-8948-0AA25BC71974}.Release|x64.ActiveCfg = Release|x64
		{872A67E9-1A02-45CB-8948-0AA25BC71974}.Release|x64.Build.0 = Release|x64
		{872A67E9-1A02-45CB-8948-0AA25BC71974}.Release|x64.Deploy.0 = Release|x64
		{872A67E9-1A02-45CB-8948-0AA25BC71974}.Release|x86.ActiveCfg = Release|x86
		{872A67E9-1A02-45CB-8948-0AA25BC71974}.Release|x86.Build.0 = Release|x86
		{872A67E9-1A02-45CB-8948-0AA25BC71974}.Release|x86.Deploy.0 = Release|x86
		{9F2DE7A3-B59D-4234-B886-A1E23FE03775}.Debug|Any CPU.ActiveCfg = Debug|Any CPU
		{9F2DE7A3-B59D-4234-B886-A1E23FE03775}.Debug|Any CPU.Build.0 = Debug|Any CPU
		{9F2DE7A3-B59D-4234-B886-A1E23FE03775}.Debug|ARM.ActiveCfg = Debug|Any CPU
		{9F2DE7A3-B59D-4234-B886-A1E23FE03775}.Debug|ARM.Build.0 = Debug|Any CPU
		{9F2DE7A3-B59D-4234-B886-A1E23FE03775}.Debug|x64.ActiveCfg = Debug|Any CPU
		{9F2DE7A3-B59D-4234-B886-A1E23FE03775}.Debug|x64.Build.0 = Debug|Any CPU
		{9F2DE7A3-B59D-4234-B886-A1E23FE03775}.Debug|x86.ActiveCfg = Debug|Any CPU
		{9F2DE7A3-B59D-4234-B886-A1E23FE03775}.Debug|x86.Build.0 = Debug|Any CPU
		{9F2DE7A3-B59D-4234-B886-A1E23FE03775}.DebugNative|Any CPU.ActiveCfg = Debug|Any CPU
		{9F2DE7A3-B59D-4234-B886-A1E23FE03775}.DebugNative|Any CPU.Build.0 = Debug|Any CPU
		{9F2DE7A3-B59D-4234-B886-A1E23FE03775}.DebugNative|ARM.ActiveCfg = Debug|Any CPU
		{9F2DE7A3-B59D-4234-B886-A1E23FE03775}.DebugNative|ARM.Build.0 = Debug|Any CPU
		{9F2DE7A3-B59D-4234-B886-A1E23FE03775}.DebugNative|x64.ActiveCfg = Debug|Any CPU
		{9F2DE7A3-B59D-4234-B886-A1E23FE03775}.DebugNative|x64.Build.0 = Debug|Any CPU
		{9F2DE7A3-B59D-4234-B886-A1E23FE03775}.DebugNative|x86.ActiveCfg = Debug|Any CPU
		{9F2DE7A3-B59D-4234-B886-A1E23FE03775}.DebugNative|x86.Build.0 = Debug|Any CPU
		{9F2DE7A3-B59D-4234-B886-A1E23FE03775}.Release|Any CPU.ActiveCfg = Release|Any CPU
		{9F2DE7A3-B59D-4234-B886-A1E23FE03775}.Release|Any CPU.Build.0 = Release|Any CPU
		{9F2DE7A3-B59D-4234-B886-A1E23FE03775}.Release|ARM.ActiveCfg = Release|Any CPU
		{9F2DE7A3-B59D-4234-B886-A1E23FE03775}.Release|ARM.Build.0 = Release|Any CPU
		{9F2DE7A3-B59D-4234-B886-A1E23FE03775}.Release|x64.ActiveCfg = Release|Any CPU
		{9F2DE7A3-B59D-4234-B886-A1E23FE03775}.Release|x64.Build.0 = Release|Any CPU
		{9F2DE7A3-B59D-4234-B886-A1E23FE03775}.Release|x86.ActiveCfg = Release|Any CPU
		{9F2DE7A3-B59D-4234-B886-A1E23FE03775}.Release|x86.Build.0 = Release|Any CPU
		{54D66FB9-FD17-440C-8E2C-18079FF0189F}.Debug|Any CPU.ActiveCfg = Debug|Any CPU
		{54D66FB9-FD17-440C-8E2C-18079FF0189F}.Debug|Any CPU.Build.0 = Debug|Any CPU
		{54D66FB9-FD17-440C-8E2C-18079FF0189F}.Debug|ARM.ActiveCfg = Debug|Any CPU
		{54D66FB9-FD17-440C-8E2C-18079FF0189F}.Debug|ARM.Build.0 = Debug|Any CPU
		{54D66FB9-FD17-440C-8E2C-18079FF0189F}.Debug|x64.ActiveCfg = Debug|Any CPU
		{54D66FB9-FD17-440C-8E2C-18079FF0189F}.Debug|x64.Build.0 = Debug|Any CPU
		{54D66FB9-FD17-440C-8E2C-18079FF0189F}.Debug|x86.ActiveCfg = Debug|Any CPU
		{54D66FB9-FD17-440C-8E2C-18079FF0189F}.Debug|x86.Build.0 = Debug|Any CPU
		{54D66FB9-FD17-440C-8E2C-18079FF0189F}.DebugNative|Any CPU.ActiveCfg = Debug|Any CPU
		{54D66FB9-FD17-440C-8E2C-18079FF0189F}.DebugNative|Any CPU.Build.0 = Debug|Any CPU
		{54D66FB9-FD17-440C-8E2C-18079FF0189F}.DebugNative|ARM.ActiveCfg = Debug|Any CPU
		{54D66FB9-FD17-440C-8E2C-18079FF0189F}.DebugNative|ARM.Build.0 = Debug|Any CPU
		{54D66FB9-FD17-440C-8E2C-18079FF0189F}.DebugNative|x64.ActiveCfg = Debug|Any CPU
		{54D66FB9-FD17-440C-8E2C-18079FF0189F}.DebugNative|x64.Build.0 = Debug|Any CPU
		{54D66FB9-FD17-440C-8E2C-18079FF0189F}.DebugNative|x86.ActiveCfg = Debug|Any CPU
		{54D66FB9-FD17-440C-8E2C-18079FF0189F}.DebugNative|x86.Build.0 = Debug|Any CPU
		{54D66FB9-FD17-440C-8E2C-18079FF0189F}.Release|Any CPU.ActiveCfg = Release|Any CPU
		{54D66FB9-FD17-440C-8E2C-18079FF0189F}.Release|Any CPU.Build.0 = Release|Any CPU
		{54D66FB9-FD17-440C-8E2C-18079FF0189F}.Release|ARM.ActiveCfg = Release|Any CPU
		{54D66FB9-FD17-440C-8E2C-18079FF0189F}.Release|ARM.Build.0 = Release|Any CPU
		{54D66FB9-FD17-440C-8E2C-18079FF0189F}.Release|x64.ActiveCfg = Release|Any CPU
		{54D66FB9-FD17-440C-8E2C-18079FF0189F}.Release|x64.Build.0 = Release|Any CPU
		{54D66FB9-FD17-440C-8E2C-18079FF0189F}.Release|x86.ActiveCfg = Release|Any CPU
		{54D66FB9-FD17-440C-8E2C-18079FF0189F}.Release|x86.Build.0 = Release|Any CPU
		{E38F80D6-2E82-4716-B47D-C15E54AEC590}.Debug|Any CPU.ActiveCfg = Debug|Any CPU
		{E38F80D6-2E82-4716-B47D-C15E54AEC590}.Debug|Any CPU.Build.0 = Debug|Any CPU
		{E38F80D6-2E82-4716-B47D-C15E54AEC590}.Debug|ARM.ActiveCfg = Debug|Any CPU
		{E38F80D6-2E82-4716-B47D-C15E54AEC590}.Debug|ARM.Build.0 = Debug|Any CPU
		{E38F80D6-2E82-4716-B47D-C15E54AEC590}.Debug|x64.ActiveCfg = Debug|Any CPU
		{E38F80D6-2E82-4716-B47D-C15E54AEC590}.Debug|x64.Build.0 = Debug|Any CPU
		{E38F80D6-2E82-4716-B47D-C15E54AEC590}.Debug|x86.ActiveCfg = Debug|Any CPU
		{E38F80D6-2E82-4716-B47D-C15E54AEC590}.Debug|x86.Build.0 = Debug|Any CPU
		{E38F80D6-2E82-4716-B47D-C15E54AEC590}.DebugNative|Any CPU.ActiveCfg = Debug|Any CPU
		{E38F80D6-2E82-4716-B47D-C15E54AEC590}.DebugNative|Any CPU.Build.0 = Debug|Any CPU
		{E38F80D6-2E82-4716-B47D-C15E54AEC590}.DebugNative|ARM.ActiveCfg = Debug|Any CPU
		{E38F80D6-2E82-4716-B47D-C15E54AEC590}.DebugNative|ARM.Build.0 = Debug|Any CPU
		{E38F80D6-2E82-4716-B47D-C15E54AEC590}.DebugNative|x64.ActiveCfg = Debug|Any CPU
		{E38F80D6-2E82-4716-B47D-C15E54AEC590}.DebugNative|x64.Build.0 = Debug|Any CPU
		{E38F80D6-2E82-4716-B47D-C15E54AEC590}.DebugNative|x86.ActiveCfg = Debug|Any CPU
		{E38F80D6-2E82-4716-B47D-C15E54AEC590}.DebugNative|x86.Build.0 = Debug|Any CPU
		{E38F80D6-2E82-4716-B47D-C15E54AEC590}.Release|Any CPU.ActiveCfg = Release|Any CPU
		{E38F80D6-2E82-4716-B47D-C15E54AEC590}.Release|Any CPU.Build.0 = Release|Any CPU
		{E38F80D6-2E82-4716-B47D-C15E54AEC590}.Release|ARM.ActiveCfg = Release|Any CPU
		{E38F80D6-2E82-4716-B47D-C15E54AEC590}.Release|ARM.Build.0 = Release|Any CPU
		{E38F80D6-2E82-4716-B47D-C15E54AEC590}.Release|x64.ActiveCfg = Release|Any CPU
		{E38F80D6-2E82-4716-B47D-C15E54AEC590}.Release|x64.Build.0 = Release|Any CPU
		{E38F80D6-2E82-4716-B47D-C15E54AEC590}.Release|x86.ActiveCfg = Release|Any CPU
		{E38F80D6-2E82-4716-B47D-C15E54AEC590}.Release|x86.Build.0 = Release|Any CPU
		{0F5123BF-F32D-4F2A-A605-6EFDCB07BAF0}.Debug|Any CPU.ActiveCfg = Debug|Any CPU
		{0F5123BF-F32D-4F2A-A605-6EFDCB07BAF0}.Debug|Any CPU.Build.0 = Debug|Any CPU
		{0F5123BF-F32D-4F2A-A605-6EFDCB07BAF0}.Debug|ARM.ActiveCfg = Debug|Any CPU
		{0F5123BF-F32D-4F2A-A605-6EFDCB07BAF0}.Debug|ARM.Build.0 = Debug|Any CPU
		{0F5123BF-F32D-4F2A-A605-6EFDCB07BAF0}.Debug|x64.ActiveCfg = Debug|Any CPU
		{0F5123BF-F32D-4F2A-A605-6EFDCB07BAF0}.Debug|x64.Build.0 = Debug|Any CPU
		{0F5123BF-F32D-4F2A-A605-6EFDCB07BAF0}.Debug|x86.ActiveCfg = Debug|Any CPU
		{0F5123BF-F32D-4F2A-A605-6EFDCB07BAF0}.Debug|x86.Build.0 = Debug|Any CPU
		{0F5123BF-F32D-4F2A-A605-6EFDCB07BAF0}.DebugNative|Any CPU.ActiveCfg = Debug|Any CPU
		{0F5123BF-F32D-4F2A-A605-6EFDCB07BAF0}.DebugNative|Any CPU.Build.0 = Debug|Any CPU
		{0F5123BF-F32D-4F2A-A605-6EFDCB07BAF0}.DebugNative|ARM.ActiveCfg = Debug|Any CPU
		{0F5123BF-F32D-4F2A-A605-6EFDCB07BAF0}.DebugNative|ARM.Build.0 = Debug|Any CPU
		{0F5123BF-F32D-4F2A-A605-6EFDCB07BAF0}.DebugNative|x64.ActiveCfg = Debug|Any CPU
		{0F5123BF-F32D-4F2A-A605-6EFDCB07BAF0}.DebugNative|x64.Build.0 = Debug|Any CPU
		{0F5123BF-F32D-4F2A-A605-6EFDCB07BAF0}.DebugNative|x86.ActiveCfg = Debug|Any CPU
		{0F5123BF-F32D-4F2A-A605-6EFDCB07BAF0}.DebugNative|x86.Build.0 = Debug|Any CPU
		{0F5123BF-F32D-4F2A-A605-6EFDCB07BAF0}.Release|Any CPU.ActiveCfg = Release|Any CPU
		{0F5123BF-F32D-4F2A-A605-6EFDCB07BAF0}.Release|Any CPU.Build.0 = Release|Any CPU
		{0F5123BF-F32D-4F2A-A605-6EFDCB07BAF0}.Release|ARM.ActiveCfg = Release|Any CPU
		{0F5123BF-F32D-4F2A-A605-6EFDCB07BAF0}.Release|ARM.Build.0 = Release|Any CPU
		{0F5123BF-F32D-4F2A-A605-6EFDCB07BAF0}.Release|x64.ActiveCfg = Release|Any CPU
		{0F5123BF-F32D-4F2A-A605-6EFDCB07BAF0}.Release|x64.Build.0 = Release|Any CPU
		{0F5123BF-F32D-4F2A-A605-6EFDCB07BAF0}.Release|x86.ActiveCfg = Release|Any CPU
		{0F5123BF-F32D-4F2A-A605-6EFDCB07BAF0}.Release|x86.Build.0 = Release|Any CPU
		{CEEDDA10-843F-4F30-A359-CF29ACDC73D6}.Debug|Any CPU.ActiveCfg = Debug|Any CPU
		{CEEDDA10-843F-4F30-A359-CF29ACDC73D6}.Debug|Any CPU.Build.0 = Debug|Any CPU
		{CEEDDA10-843F-4F30-A359-CF29ACDC73D6}.Debug|ARM.ActiveCfg = Debug|Any CPU
		{CEEDDA10-843F-4F30-A359-CF29ACDC73D6}.Debug|ARM.Build.0 = Debug|Any CPU
		{CEEDDA10-843F-4F30-A359-CF29ACDC73D6}.Debug|x64.ActiveCfg = Debug|Any CPU
		{CEEDDA10-843F-4F30-A359-CF29ACDC73D6}.Debug|x64.Build.0 = Debug|Any CPU
		{CEEDDA10-843F-4F30-A359-CF29ACDC73D6}.Debug|x86.ActiveCfg = Debug|Any CPU
		{CEEDDA10-843F-4F30-A359-CF29ACDC73D6}.Debug|x86.Build.0 = Debug|Any CPU
		{CEEDDA10-843F-4F30-A359-CF29ACDC73D6}.DebugNative|Any CPU.ActiveCfg = Debug|Any CPU
		{CEEDDA10-843F-4F30-A359-CF29ACDC73D6}.DebugNative|Any CPU.Build.0 = Debug|Any CPU
		{CEEDDA10-843F-4F30-A359-CF29ACDC73D6}.DebugNative|ARM.ActiveCfg = Debug|Any CPU
		{CEEDDA10-843F-4F30-A359-CF29ACDC73D6}.DebugNative|ARM.Build.0 = Debug|Any CPU
		{CEEDDA10-843F-4F30-A359-CF29ACDC73D6}.DebugNative|x64.ActiveCfg = Debug|Any CPU
		{CEEDDA10-843F-4F30-A359-CF29ACDC73D6}.DebugNative|x64.Build.0 = Debug|Any CPU
		{CEEDDA10-843F-4F30-A359-CF29ACDC73D6}.DebugNative|x86.ActiveCfg = Debug|Any CPU
		{CEEDDA10-843F-4F30-A359-CF29ACDC73D6}.DebugNative|x86.Build.0 = Debug|Any CPU
		{CEEDDA10-843F-4F30-A359-CF29ACDC73D6}.Release|Any CPU.ActiveCfg = Release|Any CPU
		{CEEDDA10-843F-4F30-A359-CF29ACDC73D6}.Release|Any CPU.Build.0 = Release|Any CPU
		{CEEDDA10-843F-4F30-A359-CF29ACDC73D6}.Release|ARM.ActiveCfg = Release|Any CPU
		{CEEDDA10-843F-4F30-A359-CF29ACDC73D6}.Release|ARM.Build.0 = Release|Any CPU
		{CEEDDA10-843F-4F30-A359-CF29ACDC73D6}.Release|x64.ActiveCfg = Release|Any CPU
		{CEEDDA10-843F-4F30-A359-CF29ACDC73D6}.Release|x64.Build.0 = Release|Any CPU
		{CEEDDA10-843F-4F30-A359-CF29ACDC73D6}.Release|x86.ActiveCfg = Release|Any CPU
		{CEEDDA10-843F-4F30-A359-CF29ACDC73D6}.Release|x86.Build.0 = Release|Any CPU
		{67DEDEB5-1B30-4826-A9FA-BE3F29B16E6C}.Debug|Any CPU.ActiveCfg = Debug|Any CPU
		{67DEDEB5-1B30-4826-A9FA-BE3F29B16E6C}.Debug|Any CPU.Build.0 = Debug|Any CPU
		{67DEDEB5-1B30-4826-A9FA-BE3F29B16E6C}.Debug|ARM.ActiveCfg = Debug|Any CPU
		{67DEDEB5-1B30-4826-A9FA-BE3F29B16E6C}.Debug|ARM.Build.0 = Debug|Any CPU
		{67DEDEB5-1B30-4826-A9FA-BE3F29B16E6C}.Debug|x64.ActiveCfg = Debug|Any CPU
		{67DEDEB5-1B30-4826-A9FA-BE3F29B16E6C}.Debug|x64.Build.0 = Debug|Any CPU
		{67DEDEB5-1B30-4826-A9FA-BE3F29B16E6C}.Debug|x86.ActiveCfg = Debug|Any CPU
		{67DEDEB5-1B30-4826-A9FA-BE3F29B16E6C}.Debug|x86.Build.0 = Debug|Any CPU
		{67DEDEB5-1B30-4826-A9FA-BE3F29B16E6C}.DebugNative|Any CPU.ActiveCfg = Debug|Any CPU
		{67DEDEB5-1B30-4826-A9FA-BE3F29B16E6C}.DebugNative|Any CPU.Build.0 = Debug|Any CPU
		{67DEDEB5-1B30-4826-A9FA-BE3F29B16E6C}.DebugNative|ARM.ActiveCfg = Debug|Any CPU
		{67DEDEB5-1B30-4826-A9FA-BE3F29B16E6C}.DebugNative|ARM.Build.0 = Debug|Any CPU
		{67DEDEB5-1B30-4826-A9FA-BE3F29B16E6C}.DebugNative|x64.ActiveCfg = Debug|Any CPU
		{67DEDEB5-1B30-4826-A9FA-BE3F29B16E6C}.DebugNative|x64.Build.0 = Debug|Any CPU
		{67DEDEB5-1B30-4826-A9FA-BE3F29B16E6C}.DebugNative|x86.ActiveCfg = Debug|Any CPU
		{67DEDEB5-1B30-4826-A9FA-BE3F29B16E6C}.DebugNative|x86.Build.0 = Debug|Any CPU
		{67DEDEB5-1B30-4826-A9FA-BE3F29B16E6C}.Release|Any CPU.ActiveCfg = Release|Any CPU
		{67DEDEB5-1B30-4826-A9FA-BE3F29B16E6C}.Release|Any CPU.Build.0 = Release|Any CPU
		{67DEDEB5-1B30-4826-A9FA-BE3F29B16E6C}.Release|ARM.ActiveCfg = Release|Any CPU
		{67DEDEB5-1B30-4826-A9FA-BE3F29B16E6C}.Release|ARM.Build.0 = Release|Any CPU
		{67DEDEB5-1B30-4826-A9FA-BE3F29B16E6C}.Release|x64.ActiveCfg = Release|Any CPU
		{67DEDEB5-1B30-4826-A9FA-BE3F29B16E6C}.Release|x64.Build.0 = Release|Any CPU
		{67DEDEB5-1B30-4826-A9FA-BE3F29B16E6C}.Release|x86.ActiveCfg = Release|Any CPU
		{67DEDEB5-1B30-4826-A9FA-BE3F29B16E6C}.Release|x86.Build.0 = Release|Any CPU
		{185F9A4D-07DE-4C67-AA3A-E0B837C23036}.Debug|Any CPU.ActiveCfg = Debug|Any CPU
		{185F9A4D-07DE-4C67-AA3A-E0B837C23036}.Debug|Any CPU.Build.0 = Debug|Any CPU
		{185F9A4D-07DE-4C67-AA3A-E0B837C23036}.Debug|ARM.ActiveCfg = Debug|Any CPU
		{185F9A4D-07DE-4C67-AA3A-E0B837C23036}.Debug|ARM.Build.0 = Debug|Any CPU
		{185F9A4D-07DE-4C67-AA3A-E0B837C23036}.Debug|x64.ActiveCfg = Debug|Any CPU
		{185F9A4D-07DE-4C67-AA3A-E0B837C23036}.Debug|x64.Build.0 = Debug|Any CPU
		{185F9A4D-07DE-4C67-AA3A-E0B837C23036}.Debug|x86.ActiveCfg = Debug|Any CPU
		{185F9A4D-07DE-4C67-AA3A-E0B837C23036}.Debug|x86.Build.0 = Debug|Any CPU
		{185F9A4D-07DE-4C67-AA3A-E0B837C23036}.DebugNative|Any CPU.ActiveCfg = Debug|Any CPU
		{185F9A4D-07DE-4C67-AA3A-E0B837C23036}.DebugNative|Any CPU.Build.0 = Debug|Any CPU
		{185F9A4D-07DE-4C67-AA3A-E0B837C23036}.DebugNative|ARM.ActiveCfg = Debug|Any CPU
		{185F9A4D-07DE-4C67-AA3A-E0B837C23036}.DebugNative|ARM.Build.0 = Debug|Any CPU
		{185F9A4D-07DE-4C67-AA3A-E0B837C23036}.DebugNative|x64.ActiveCfg = Debug|Any CPU
		{185F9A4D-07DE-4C67-AA3A-E0B837C23036}.DebugNative|x64.Build.0 = Debug|Any CPU
		{185F9A4D-07DE-4C67-AA3A-E0B837C23036}.DebugNative|x86.ActiveCfg = Debug|Any CPU
		{185F9A4D-07DE-4C67-AA3A-E0B837C23036}.DebugNative|x86.Build.0 = Debug|Any CPU
		{185F9A4D-07DE-4C67-AA3A-E0B837C23036}.Release|Any CPU.ActiveCfg = Release|Any CPU
		{185F9A4D-07DE-4C67-AA3A-E0B837C23036}.Release|Any CPU.Build.0 = Release|Any CPU
		{185F9A4D-07DE-4C67-AA3A-E0B837C23036}.Release|ARM.ActiveCfg = Release|Any CPU
		{185F9A4D-07DE-4C67-AA3A-E0B837C23036}.Release|ARM.Build.0 = Release|Any CPU
		{185F9A4D-07DE-4C67-AA3A-E0B837C23036}.Release|x64.ActiveCfg = Release|Any CPU
		{185F9A4D-07DE-4C67-AA3A-E0B837C23036}.Release|x64.Build.0 = Release|Any CPU
		{185F9A4D-07DE-4C67-AA3A-E0B837C23036}.Release|x86.ActiveCfg = Release|Any CPU
		{185F9A4D-07DE-4C67-AA3A-E0B837C23036}.Release|x86.Build.0 = Release|Any CPU
		{9458A085-A9BC-4FB7-91CA-370DB87D0ECA}.Debug|Any CPU.ActiveCfg = Debug|Any CPU
		{9458A085-A9BC-4FB7-91CA-370DB87D0ECA}.Debug|Any CPU.Build.0 = Debug|Any CPU
		{9458A085-A9BC-4FB7-91CA-370DB87D0ECA}.Debug|ARM.ActiveCfg = Debug|Any CPU
		{9458A085-A9BC-4FB7-91CA-370DB87D0ECA}.Debug|ARM.Build.0 = Debug|Any CPU
		{9458A085-A9BC-4FB7-91CA-370DB87D0ECA}.Debug|x64.ActiveCfg = Debug|Any CPU
		{9458A085-A9BC-4FB7-91CA-370DB87D0ECA}.Debug|x64.Build.0 = Debug|Any CPU
		{9458A085-A9BC-4FB7-91CA-370DB87D0ECA}.Debug|x86.ActiveCfg = Debug|Any CPU
		{9458A085-A9BC-4FB7-91CA-370DB87D0ECA}.Debug|x86.Build.0 = Debug|Any CPU
		{9458A085-A9BC-4FB7-91CA-370DB87D0ECA}.DebugNative|Any CPU.ActiveCfg = Debug|Any CPU
		{9458A085-A9BC-4FB7-91CA-370DB87D0ECA}.DebugNative|Any CPU.Build.0 = Debug|Any CPU
		{9458A085-A9BC-4FB7-91CA-370DB87D0ECA}.DebugNative|ARM.ActiveCfg = Debug|Any CPU
		{9458A085-A9BC-4FB7-91CA-370DB87D0ECA}.DebugNative|ARM.Build.0 = Debug|Any CPU
		{9458A085-A9BC-4FB7-91CA-370DB87D0ECA}.DebugNative|x64.ActiveCfg = Debug|Any CPU
		{9458A085-A9BC-4FB7-91CA-370DB87D0ECA}.DebugNative|x64.Build.0 = Debug|Any CPU
		{9458A085-A9BC-4FB7-91CA-370DB87D0ECA}.DebugNative|x86.ActiveCfg = Debug|Any CPU
		{9458A085-A9BC-4FB7-91CA-370DB87D0ECA}.DebugNative|x86.Build.0 = Debug|Any CPU
		{9458A085-A9BC-4FB7-91CA-370DB87D0ECA}.Release|Any CPU.ActiveCfg = Release|Any CPU
		{9458A085-A9BC-4FB7-91CA-370DB87D0ECA}.Release|ARM.ActiveCfg = Release|Any CPU
		{9458A085-A9BC-4FB7-91CA-370DB87D0ECA}.Release|ARM.Build.0 = Release|Any CPU
		{9458A085-A9BC-4FB7-91CA-370DB87D0ECA}.Release|x64.ActiveCfg = Release|Any CPU
		{9458A085-A9BC-4FB7-91CA-370DB87D0ECA}.Release|x64.Build.0 = Release|Any CPU
		{9458A085-A9BC-4FB7-91CA-370DB87D0ECA}.Release|x86.ActiveCfg = Release|Any CPU
		{9458A085-A9BC-4FB7-91CA-370DB87D0ECA}.Release|x86.Build.0 = Release|Any CPU
		{E5D369E8-B344-410C-8D1A-C87E9C621C80}.Debug|Any CPU.ActiveCfg = Debug|Any CPU
		{E5D369E8-B344-410C-8D1A-C87E9C621C80}.Debug|Any CPU.Build.0 = Debug|Any CPU
		{E5D369E8-B344-410C-8D1A-C87E9C621C80}.Debug|ARM.ActiveCfg = Debug|Any CPU
		{E5D369E8-B344-410C-8D1A-C87E9C621C80}.Debug|ARM.Build.0 = Debug|Any CPU
		{E5D369E8-B344-410C-8D1A-C87E9C621C80}.Debug|x64.ActiveCfg = Debug|Any CPU
		{E5D369E8-B344-410C-8D1A-C87E9C621C80}.Debug|x64.Build.0 = Debug|Any CPU
		{E5D369E8-B344-410C-8D1A-C87E9C621C80}.Debug|x86.ActiveCfg = Debug|Any CPU
		{E5D369E8-B344-410C-8D1A-C87E9C621C80}.Debug|x86.Build.0 = Debug|Any CPU
		{E5D369E8-B344-410C-8D1A-C87E9C621C80}.DebugNative|Any CPU.ActiveCfg = Debug|Any CPU
		{E5D369E8-B344-410C-8D1A-C87E9C621C80}.DebugNative|Any CPU.Build.0 = Debug|Any CPU
		{E5D369E8-B344-410C-8D1A-C87E9C621C80}.DebugNative|ARM.ActiveCfg = Debug|Any CPU
		{E5D369E8-B344-410C-8D1A-C87E9C621C80}.DebugNative|ARM.Build.0 = Debug|Any CPU
		{E5D369E8-B344-410C-8D1A-C87E9C621C80}.DebugNative|x64.ActiveCfg = Debug|Any CPU
		{E5D369E8-B344-410C-8D1A-C87E9C621C80}.DebugNative|x64.Build.0 = Debug|Any CPU
		{E5D369E8-B344-410C-8D1A-C87E9C621C80}.DebugNative|x86.ActiveCfg = Debug|Any CPU
		{E5D369E8-B344-410C-8D1A-C87E9C621C80}.DebugNative|x86.Build.0 = Debug|Any CPU
		{E5D369E8-B344-410C-8D1A-C87E9C621C80}.Release|Any CPU.ActiveCfg = Release|Any CPU
		{E5D369E8-B344-410C-8D1A-C87E9C621C80}.Release|Any CPU.Build.0 = Release|Any CPU
		{E5D369E8-B344-410C-8D1A-C87E9C621C80}.Release|ARM.ActiveCfg = Release|Any CPU
		{E5D369E8-B344-410C-8D1A-C87E9C621C80}.Release|ARM.Build.0 = Release|Any CPU
		{E5D369E8-B344-410C-8D1A-C87E9C621C80}.Release|x64.ActiveCfg = Release|Any CPU
		{E5D369E8-B344-410C-8D1A-C87E9C621C80}.Release|x64.Build.0 = Release|Any CPU
		{E5D369E8-B344-410C-8D1A-C87E9C621C80}.Release|x86.ActiveCfg = Release|Any CPU
		{E5D369E8-B344-410C-8D1A-C87E9C621C80}.Release|x86.Build.0 = Release|Any CPU
		{1C87416D-DDEF-4416-86E6-13DC44931CF5}.Debug|Any CPU.ActiveCfg = Debug|Any CPU
		{1C87416D-DDEF-4416-86E6-13DC44931CF5}.Debug|Any CPU.Build.0 = Debug|Any CPU
		{1C87416D-DDEF-4416-86E6-13DC44931CF5}.Debug|ARM.ActiveCfg = Debug|Any CPU
		{1C87416D-DDEF-4416-86E6-13DC44931CF5}.Debug|ARM.Build.0 = Debug|Any CPU
		{1C87416D-DDEF-4416-86E6-13DC44931CF5}.Debug|x64.ActiveCfg = Debug|Any CPU
		{1C87416D-DDEF-4416-86E6-13DC44931CF5}.Debug|x64.Build.0 = Debug|Any CPU
		{1C87416D-DDEF-4416-86E6-13DC44931CF5}.Debug|x86.ActiveCfg = Debug|Any CPU
		{1C87416D-DDEF-4416-86E6-13DC44931CF5}.Debug|x86.Build.0 = Debug|Any CPU
		{1C87416D-DDEF-4416-86E6-13DC44931CF5}.DebugNative|Any CPU.ActiveCfg = Debug|Any CPU
		{1C87416D-DDEF-4416-86E6-13DC44931CF5}.DebugNative|Any CPU.Build.0 = Debug|Any CPU
		{1C87416D-DDEF-4416-86E6-13DC44931CF5}.DebugNative|ARM.ActiveCfg = Debug|Any CPU
		{1C87416D-DDEF-4416-86E6-13DC44931CF5}.DebugNative|ARM.Build.0 = Debug|Any CPU
		{1C87416D-DDEF-4416-86E6-13DC44931CF5}.DebugNative|x64.ActiveCfg = Debug|Any CPU
		{1C87416D-DDEF-4416-86E6-13DC44931CF5}.DebugNative|x64.Build.0 = Debug|Any CPU
		{1C87416D-DDEF-4416-86E6-13DC44931CF5}.DebugNative|x86.ActiveCfg = Debug|Any CPU
		{1C87416D-DDEF-4416-86E6-13DC44931CF5}.DebugNative|x86.Build.0 = Debug|Any CPU
		{1C87416D-DDEF-4416-86E6-13DC44931CF5}.Release|Any CPU.ActiveCfg = Release|Any CPU
		{1C87416D-DDEF-4416-86E6-13DC44931CF5}.Release|Any CPU.Build.0 = Release|Any CPU
		{1C87416D-DDEF-4416-86E6-13DC44931CF5}.Release|ARM.ActiveCfg = Release|Any CPU
		{1C87416D-DDEF-4416-86E6-13DC44931CF5}.Release|ARM.Build.0 = Release|Any CPU
		{1C87416D-DDEF-4416-86E6-13DC44931CF5}.Release|x64.ActiveCfg = Release|Any CPU
		{1C87416D-DDEF-4416-86E6-13DC44931CF5}.Release|x64.Build.0 = Release|Any CPU
		{1C87416D-DDEF-4416-86E6-13DC44931CF5}.Release|x86.ActiveCfg = Release|Any CPU
		{1C87416D-DDEF-4416-86E6-13DC44931CF5}.Release|x86.Build.0 = Release|Any CPU
		{1879752A-AF06-4ABA-B8A0-043D79B5BA4F}.Debug|Any CPU.ActiveCfg = Debug|Any CPU
		{1879752A-AF06-4ABA-B8A0-043D79B5BA4F}.Debug|Any CPU.Build.0 = Debug|Any CPU
		{1879752A-AF06-4ABA-B8A0-043D79B5BA4F}.Debug|ARM.ActiveCfg = Debug|Any CPU
		{1879752A-AF06-4ABA-B8A0-043D79B5BA4F}.Debug|ARM.Build.0 = Debug|Any CPU
		{1879752A-AF06-4ABA-B8A0-043D79B5BA4F}.Debug|x64.ActiveCfg = Debug|Any CPU
		{1879752A-AF06-4ABA-B8A0-043D79B5BA4F}.Debug|x64.Build.0 = Debug|Any CPU
		{1879752A-AF06-4ABA-B8A0-043D79B5BA4F}.Debug|x86.ActiveCfg = Debug|Any CPU
		{1879752A-AF06-4ABA-B8A0-043D79B5BA4F}.Debug|x86.Build.0 = Debug|Any CPU
		{1879752A-AF06-4ABA-B8A0-043D79B5BA4F}.DebugNative|Any CPU.ActiveCfg = Debug|Any CPU
		{1879752A-AF06-4ABA-B8A0-043D79B5BA4F}.DebugNative|Any CPU.Build.0 = Debug|Any CPU
		{1879752A-AF06-4ABA-B8A0-043D79B5BA4F}.DebugNative|ARM.ActiveCfg = Debug|Any CPU
		{1879752A-AF06-4ABA-B8A0-043D79B5BA4F}.DebugNative|ARM.Build.0 = Debug|Any CPU
		{1879752A-AF06-4ABA-B8A0-043D79B5BA4F}.DebugNative|x64.ActiveCfg = Debug|Any CPU
		{1879752A-AF06-4ABA-B8A0-043D79B5BA4F}.DebugNative|x64.Build.0 = Debug|Any CPU
		{1879752A-AF06-4ABA-B8A0-043D79B5BA4F}.DebugNative|x86.ActiveCfg = Debug|Any CPU
		{1879752A-AF06-4ABA-B8A0-043D79B5BA4F}.DebugNative|x86.Build.0 = Debug|Any CPU
		{1879752A-AF06-4ABA-B8A0-043D79B5BA4F}.Release|Any CPU.ActiveCfg = Release|Any CPU
		{1879752A-AF06-4ABA-B8A0-043D79B5BA4F}.Release|Any CPU.Build.0 = Release|Any CPU
		{1879752A-AF06-4ABA-B8A0-043D79B5BA4F}.Release|ARM.ActiveCfg = Release|Any CPU
		{1879752A-AF06-4ABA-B8A0-043D79B5BA4F}.Release|ARM.Build.0 = Release|Any CPU
		{1879752A-AF06-4ABA-B8A0-043D79B5BA4F}.Release|x64.ActiveCfg = Release|Any CPU
		{1879752A-AF06-4ABA-B8A0-043D79B5BA4F}.Release|x64.Build.0 = Release|Any CPU
		{1879752A-AF06-4ABA-B8A0-043D79B5BA4F}.Release|x86.ActiveCfg = Release|Any CPU
		{1879752A-AF06-4ABA-B8A0-043D79B5BA4F}.Release|x86.Build.0 = Release|Any CPU
		{A5BF1D19-DBF2-4CFF-939D-ADBA933B216D}.Debug|Any CPU.ActiveCfg = Debug|Any CPU
		{A5BF1D19-DBF2-4CFF-939D-ADBA933B216D}.Debug|Any CPU.Build.0 = Debug|Any CPU
		{A5BF1D19-DBF2-4CFF-939D-ADBA933B216D}.Debug|ARM.ActiveCfg = Debug|Any CPU
		{A5BF1D19-DBF2-4CFF-939D-ADBA933B216D}.Debug|ARM.Build.0 = Debug|Any CPU
		{A5BF1D19-DBF2-4CFF-939D-ADBA933B216D}.Debug|x64.ActiveCfg = Debug|Any CPU
		{A5BF1D19-DBF2-4CFF-939D-ADBA933B216D}.Debug|x64.Build.0 = Debug|Any CPU
		{A5BF1D19-DBF2-4CFF-939D-ADBA933B216D}.Debug|x86.ActiveCfg = Debug|Any CPU
		{A5BF1D19-DBF2-4CFF-939D-ADBA933B216D}.Debug|x86.Build.0 = Debug|Any CPU
		{A5BF1D19-DBF2-4CFF-939D-ADBA933B216D}.DebugNative|Any CPU.ActiveCfg = Debug|Any CPU
		{A5BF1D19-DBF2-4CFF-939D-ADBA933B216D}.DebugNative|Any CPU.Build.0 = Debug|Any CPU
		{A5BF1D19-DBF2-4CFF-939D-ADBA933B216D}.DebugNative|ARM.ActiveCfg = Debug|Any CPU
		{A5BF1D19-DBF2-4CFF-939D-ADBA933B216D}.DebugNative|ARM.Build.0 = Debug|Any CPU
		{A5BF1D19-DBF2-4CFF-939D-ADBA933B216D}.DebugNative|x64.ActiveCfg = Debug|Any CPU
		{A5BF1D19-DBF2-4CFF-939D-ADBA933B216D}.DebugNative|x64.Build.0 = Debug|Any CPU
		{A5BF1D19-DBF2-4CFF-939D-ADBA933B216D}.DebugNative|x86.ActiveCfg = Debug|Any CPU
		{A5BF1D19-DBF2-4CFF-939D-ADBA933B216D}.DebugNative|x86.Build.0 = Debug|Any CPU
		{A5BF1D19-DBF2-4CFF-939D-ADBA933B216D}.Release|Any CPU.ActiveCfg = Release|Any CPU
		{A5BF1D19-DBF2-4CFF-939D-ADBA933B216D}.Release|Any CPU.Build.0 = Release|Any CPU
		{A5BF1D19-DBF2-4CFF-939D-ADBA933B216D}.Release|ARM.ActiveCfg = Release|Any CPU
		{A5BF1D19-DBF2-4CFF-939D-ADBA933B216D}.Release|ARM.Build.0 = Release|Any CPU
		{A5BF1D19-DBF2-4CFF-939D-ADBA933B216D}.Release|x64.ActiveCfg = Release|Any CPU
		{A5BF1D19-DBF2-4CFF-939D-ADBA933B216D}.Release|x64.Build.0 = Release|Any CPU
		{A5BF1D19-DBF2-4CFF-939D-ADBA933B216D}.Release|x86.ActiveCfg = Release|Any CPU
		{A5BF1D19-DBF2-4CFF-939D-ADBA933B216D}.Release|x86.Build.0 = Release|Any CPU
		{0B790E9C-EB63-487F-93B3-97B4BDE25385}.Debug|Any CPU.ActiveCfg = Debug|Any CPU
		{0B790E9C-EB63-487F-93B3-97B4BDE25385}.Debug|Any CPU.Build.0 = Debug|Any CPU
		{0B790E9C-EB63-487F-93B3-97B4BDE25385}.Debug|ARM.ActiveCfg = Debug|Any CPU
		{0B790E9C-EB63-487F-93B3-97B4BDE25385}.Debug|ARM.Build.0 = Debug|Any CPU
		{0B790E9C-EB63-487F-93B3-97B4BDE25385}.Debug|x64.ActiveCfg = Debug|Any CPU
		{0B790E9C-EB63-487F-93B3-97B4BDE25385}.Debug|x64.Build.0 = Debug|Any CPU
		{0B790E9C-EB63-487F-93B3-97B4BDE25385}.Debug|x86.ActiveCfg = Debug|Any CPU
		{0B790E9C-EB63-487F-93B3-97B4BDE25385}.Debug|x86.Build.0 = Debug|Any CPU
		{0B790E9C-EB63-487F-93B3-97B4BDE25385}.DebugNative|Any CPU.ActiveCfg = Debug|Any CPU
		{0B790E9C-EB63-487F-93B3-97B4BDE25385}.DebugNative|Any CPU.Build.0 = Debug|Any CPU
		{0B790E9C-EB63-487F-93B3-97B4BDE25385}.DebugNative|ARM.ActiveCfg = Debug|Any CPU
		{0B790E9C-EB63-487F-93B3-97B4BDE25385}.DebugNative|ARM.Build.0 = Debug|Any CPU
		{0B790E9C-EB63-487F-93B3-97B4BDE25385}.DebugNative|x64.ActiveCfg = Debug|Any CPU
		{0B790E9C-EB63-487F-93B3-97B4BDE25385}.DebugNative|x64.Build.0 = Debug|Any CPU
		{0B790E9C-EB63-487F-93B3-97B4BDE25385}.DebugNative|x86.ActiveCfg = Debug|Any CPU
		{0B790E9C-EB63-487F-93B3-97B4BDE25385}.DebugNative|x86.Build.0 = Debug|Any CPU
		{0B790E9C-EB63-487F-93B3-97B4BDE25385}.Release|Any CPU.ActiveCfg = Release|Any CPU
		{0B790E9C-EB63-487F-93B3-97B4BDE25385}.Release|Any CPU.Build.0 = Release|Any CPU
		{0B790E9C-EB63-487F-93B3-97B4BDE25385}.Release|ARM.ActiveCfg = Release|Any CPU
		{0B790E9C-EB63-487F-93B3-97B4BDE25385}.Release|ARM.Build.0 = Release|Any CPU
		{0B790E9C-EB63-487F-93B3-97B4BDE25385}.Release|x64.ActiveCfg = Release|Any CPU
		{0B790E9C-EB63-487F-93B3-97B4BDE25385}.Release|x64.Build.0 = Release|Any CPU
		{0B790E9C-EB63-487F-93B3-97B4BDE25385}.Release|x86.ActiveCfg = Release|Any CPU
		{0B790E9C-EB63-487F-93B3-97B4BDE25385}.Release|x86.Build.0 = Release|Any CPU
		{7AADB43E-3E31-4E9F-B2E7-AE225833A7A8}.Debug|Any CPU.ActiveCfg = Debug|Any CPU
		{7AADB43E-3E31-4E9F-B2E7-AE225833A7A8}.Debug|Any CPU.Build.0 = Debug|Any CPU
		{7AADB43E-3E31-4E9F-B2E7-AE225833A7A8}.Debug|ARM.ActiveCfg = Debug|Any CPU
		{7AADB43E-3E31-4E9F-B2E7-AE225833A7A8}.Debug|ARM.Build.0 = Debug|Any CPU
		{7AADB43E-3E31-4E9F-B2E7-AE225833A7A8}.Debug|x64.ActiveCfg = Debug|Any CPU
		{7AADB43E-3E31-4E9F-B2E7-AE225833A7A8}.Debug|x64.Build.0 = Debug|Any CPU
		{7AADB43E-3E31-4E9F-B2E7-AE225833A7A8}.Debug|x86.ActiveCfg = Debug|Any CPU
		{7AADB43E-3E31-4E9F-B2E7-AE225833A7A8}.Debug|x86.Build.0 = Debug|Any CPU
		{7AADB43E-3E31-4E9F-B2E7-AE225833A7A8}.DebugNative|Any CPU.ActiveCfg = Debug|Any CPU
		{7AADB43E-3E31-4E9F-B2E7-AE225833A7A8}.DebugNative|Any CPU.Build.0 = Debug|Any CPU
		{7AADB43E-3E31-4E9F-B2E7-AE225833A7A8}.DebugNative|ARM.ActiveCfg = Debug|Any CPU
		{7AADB43E-3E31-4E9F-B2E7-AE225833A7A8}.DebugNative|ARM.Build.0 = Debug|Any CPU
		{7AADB43E-3E31-4E9F-B2E7-AE225833A7A8}.DebugNative|x64.ActiveCfg = Debug|Any CPU
		{7AADB43E-3E31-4E9F-B2E7-AE225833A7A8}.DebugNative|x64.Build.0 = Debug|Any CPU
		{7AADB43E-3E31-4E9F-B2E7-AE225833A7A8}.DebugNative|x86.ActiveCfg = Debug|Any CPU
		{7AADB43E-3E31-4E9F-B2E7-AE225833A7A8}.DebugNative|x86.Build.0 = Debug|Any CPU
		{7AADB43E-3E31-4E9F-B2E7-AE225833A7A8}.Release|Any CPU.ActiveCfg = Release|Any CPU
		{7AADB43E-3E31-4E9F-B2E7-AE225833A7A8}.Release|Any CPU.Build.0 = Release|Any CPU
		{7AADB43E-3E31-4E9F-B2E7-AE225833A7A8}.Release|ARM.ActiveCfg = Release|Any CPU
		{7AADB43E-3E31-4E9F-B2E7-AE225833A7A8}.Release|ARM.Build.0 = Release|Any CPU
		{7AADB43E-3E31-4E9F-B2E7-AE225833A7A8}.Release|x64.ActiveCfg = Release|Any CPU
		{7AADB43E-3E31-4E9F-B2E7-AE225833A7A8}.Release|x64.Build.0 = Release|Any CPU
		{7AADB43E-3E31-4E9F-B2E7-AE225833A7A8}.Release|x86.ActiveCfg = Release|Any CPU
		{7AADB43E-3E31-4E9F-B2E7-AE225833A7A8}.Release|x86.Build.0 = Release|Any CPU
	EndGlobalSection
	GlobalSection(SolutionProperties) = preSolution
		HideSolutionNode = FALSE
	EndGlobalSection
	GlobalSection(NestedProjects) = preSolution
		{773D4281-944D-4154-AE00-A69CFCA6659C} = {51A97823-F0E6-42BE-B01B-F6686C1C4BD1}
		{AB6EC829-12AC-4B7C-A348-5C7620C96EB5} = {51A97823-F0E6-42BE-B01B-F6686C1C4BD1}
		{A16DFBEC-F553-4F70-B1F8-24FB37012CF3} = {51A97823-F0E6-42BE-B01B-F6686C1C4BD1}
		{D5E9FD1A-A812-4FEB-B252-A84242B0E4CC} = {51A97823-F0E6-42BE-B01B-F6686C1C4BD1}
		{A3E0327E-E89C-4B56-B9D2-75C6E60EBB39} = {51A97823-F0E6-42BE-B01B-F6686C1C4BD1}
		{08C823F1-7E6A-47A9-83E1-D3E9EAE07E51} = {38D02581-E437-4553-815D-C4FBB67029A0}
		{05EB7B5D-CC39-4D62-8D11-EF3EAA99DD91} = {38D02581-E437-4553-815D-C4FBB67029A0}
		{2DB243BB-D99C-4D5C-AAA9-98104CC7EFA0} = {38D02581-E437-4553-815D-C4FBB67029A0}
		{9CCC28AD-ACC3-4043-A408-6E67CE46D7B5} = {38D02581-E437-4553-815D-C4FBB67029A0}
		{159E60F5-E46D-48E8-BC31-3987AC70F991} = {38D02581-E437-4553-815D-C4FBB67029A0}
		{86E8F33C-8ACF-4AFE-BE87-FF6A30034C17} = {38D02581-E437-4553-815D-C4FBB67029A0}
		{DD061355-BCEC-4512-A262-8FBDDF2F3C5D} = {F56CCD2C-4509-47A4-A64E-1AE8A127938D}
		{C9BC41C7-7558-4441-823F-682BBB4A436B} = {BFE81E41-9386-4F4B-A1AC-6A55B1C9D664}
		{B579EBD9-4C99-466D-B9A2-DC6E6B8BA314} = {C9BC41C7-7558-4441-823F-682BBB4A436B}
		{B4A2ED9D-C6D6-4332-8891-AA36D55D4B7D} = {C9BC41C7-7558-4441-823F-682BBB4A436B}
		{6BBBE871-BEB9-47CF-BBF9-28DB9B64729A} = {C9BC41C7-7558-4441-823F-682BBB4A436B}
		{C7F25EE9-2529-47AE-8328-A4F986799234} = {BFE81E41-9386-4F4B-A1AC-6A55B1C9D664}
		{F90C7AD1-0918-4CD2-B775-305C19379EDB} = {C7F25EE9-2529-47AE-8328-A4F986799234}
		{96E968EB-417E-40DC-A9EF-F83D12733FF7} = {C7F25EE9-2529-47AE-8328-A4F986799234}
		{0D940FFD-E834-4B73-AF34-B1937936C9C4} = {C7F25EE9-2529-47AE-8328-A4F986799234}
		{DE2A5BB5-F569-4BA6-88C8-06EF340A51EA} = {BFE81E41-9386-4F4B-A1AC-6A55B1C9D664}
		{872A67E9-1A02-45CB-8948-0AA25BC71974} = {DE2A5BB5-F569-4BA6-88C8-06EF340A51EA}
		{9F2DE7A3-B59D-4234-B886-A1E23FE03775} = {DE2A5BB5-F569-4BA6-88C8-06EF340A51EA}
		{B540A9B0-CAFD-434C-BAA1-7CE09D7FF45D} = {DE2A5BB5-F569-4BA6-88C8-06EF340A51EA}
		{54D66FB9-FD17-440C-8E2C-18079FF0189F} = {B540A9B0-CAFD-434C-BAA1-7CE09D7FF45D}
		{E38F80D6-2E82-4716-B47D-C15E54AEC590} = {B540A9B0-CAFD-434C-BAA1-7CE09D7FF45D}
		{13AEA7CB-B526-4F8F-89EC-C0DEAEF0F43F} = {B8A48836-73E5-4AB3-AA71-C3C70B426963}
		{0F5123BF-F32D-4F2A-A605-6EFDCB07BAF0} = {13AEA7CB-B526-4F8F-89EC-C0DEAEF0F43F}
		{CEEDDA10-843F-4F30-A359-CF29ACDC73D6} = {13AEA7CB-B526-4F8F-89EC-C0DEAEF0F43F}
		{67DEDEB5-1B30-4826-A9FA-BE3F29B16E6C} = {13AEA7CB-B526-4F8F-89EC-C0DEAEF0F43F}
		{5DCA75CC-ABFA-4CE0-A4FA-4666D4D1255F} = {B8A48836-73E5-4AB3-AA71-C3C70B426963}
		{185F9A4D-07DE-4C67-AA3A-E0B837C23036} = {5DCA75CC-ABFA-4CE0-A4FA-4666D4D1255F}
		{9458A085-A9BC-4FB7-91CA-370DB87D0ECA} = {5DCA75CC-ABFA-4CE0-A4FA-4666D4D1255F}
		{E5D369E8-B344-410C-8D1A-C87E9C621C80} = {5DCA75CC-ABFA-4CE0-A4FA-4666D4D1255F}
		{1C87416D-DDEF-4416-86E6-13DC44931CF5} = {1C43A003-5E6B-4354-BA6E-C402BE43028D}
		{1879752A-AF06-4ABA-B8A0-043D79B5BA4F} = {38D02581-E437-4553-815D-C4FBB67029A0}
		{A5BF1D19-DBF2-4CFF-939D-ADBA933B216D} = {13AEA7CB-B526-4F8F-89EC-C0DEAEF0F43F}
		{0B790E9C-EB63-487F-93B3-97B4BDE25385} = {5DCA75CC-ABFA-4CE0-A4FA-4666D4D1255F}
		{7AADB43E-3E31-4E9F-B2E7-AE225833A7A8} = {5DCA75CC-ABFA-4CE0-A4FA-4666D4D1255F}
	EndGlobalSection
	GlobalSection(ExtensibilityGlobals) = postSolution
		SolutionGuid = {D453CD6A-4918-42E2-A29D-43391DB418D2}
	EndGlobalSection
EndGlobal
