
Microsoft Visual Studio Solution File, Format Version 12.00
# Visual Studio Version 17
VisualStudioVersion = 17.0.31903.59
MinimumVisualStudioVersion = 10.0.40219.1
Project("{2150E333-8FDC-42A3-9474-1A3956D46DE8}") = "Solution Items", "Solution Items", "{E0AB6896-F03C-428E-B9C8-5CE620181F88}"
	ProjectSection(SolutionItems) = preProject
		.editorconfig = .editorconfig
		Directory.Build.props = Directory.Build.props
		Directory.Packages.props = Directory.Packages.props
		README.md = README.md
	EndProjectSection
EndProject
Project("{2150E333-8FDC-42A3-9474-1A3956D46DE8}") = "Infrastructure", "Infrastructure", "{2226138F-17D3-48A9-8F9F-65024C5BB300}"
EndProject
Project("{9A19103F-16F7-4668-BE54-9A1E7A4F7556}") = "Sakuno.ING.Standard", "src\Infrastructure\Sakuno.ING.Standard\Sakuno.ING.Standard.csproj", "{9B1245EB-DFEF-4DCA-8172-5FDE4FF90596}"
EndProject
Project("{2150E333-8FDC-42A3-9474-1A3956D46DE8}") = "Game", "Game", "{0BD5BD3A-AECC-4124-AC6D-FC48DF0F56E6}"
EndProject
Project("{9A19103F-16F7-4668-BE54-9A1E7A4F7556}") = "Sakuno.ING.Game", "src\Game\Sakuno.ING.Game\Sakuno.ING.Game.csproj", "{26E834F6-E532-4094-9D64-911DFD7DD06A}"
EndProject
Project("{9A19103F-16F7-4668-BE54-9A1E7A4F7556}") = "Sakuno.ING.Game.Provider", "src\Game\Sakuno.ING.Game.Provider\Sakuno.ING.Game.Provider.csproj", "{1F910F69-815C-4A7D-AC57-FC1B40DEE309}"
EndProject
Project("{9A19103F-16F7-4668-BE54-9A1E7A4F7556}") = "Sakuno.ING.Game.Provider.SourceGenerators", "src\Game\Sakuno.ING.Game.Provider.SourceGenerators\Sakuno.ING.Game.Provider.SourceGenerators.csproj", "{DE165019-425D-4A52-A236-3EDEA1866E20}"
EndProject
Project("{9A19103F-16F7-4668-BE54-9A1E7A4F7556}") = "Sakuno.ING.Game.Provider.Json", "src\Game\Sakuno.ING.Game.Provider.Json\Sakuno.ING.Game.Provider.Json.csproj", "{AAB06AD9-A65B-4AB2-95CD-A393EC99CE9C}"
EndProject
Project("{9A19103F-16F7-4668-BE54-9A1E7A4F7556}") = "Sakuno.ING.Game.Provider.Json.SourceGenerators", "src\Game\Sakuno.ING.Game.Provider.Json.SourceGenerators\Sakuno.ING.Game.Provider.Json.SourceGenerators.csproj", "{2B182479-38B6-4C33-83BE-47532ECD8E03}"
EndProject
Global
	GlobalSection(SolutionConfigurationPlatforms) = preSolution
		Debug|Any CPU = Debug|Any CPU
		Release|Any CPU = Release|Any CPU
	EndGlobalSection
	GlobalSection(SolutionProperties) = preSolution
		HideSolutionNode = FALSE
	EndGlobalSection
	GlobalSection(ProjectConfigurationPlatforms) = postSolution
		{9B1245EB-DFEF-4DCA-8172-5FDE4FF90596}.Debug|Any CPU.ActiveCfg = Debug|Any CPU
		{9B1245EB-DFEF-4DCA-8172-5FDE4FF90596}.Debug|Any CPU.Build.0 = Debug|Any CPU
		{9B1245EB-DFEF-4DCA-8172-5FDE4FF90596}.Release|Any CPU.ActiveCfg = Release|Any CPU
		{9B1245EB-DFEF-4DCA-8172-5FDE4FF90596}.Release|Any CPU.Build.0 = Release|Any CPU
		{26E834F6-E532-4094-9D64-911DFD7DD06A}.Debug|Any CPU.ActiveCfg = Debug|Any CPU
		{26E834F6-E532-4094-9D64-911DFD7DD06A}.Debug|Any CPU.Build.0 = Debug|Any CPU
		{26E834F6-E532-4094-9D64-911DFD7DD06A}.Release|Any CPU.ActiveCfg = Release|Any CPU
		{26E834F6-E532-4094-9D64-911DFD7DD06A}.Release|Any CPU.Build.0 = Release|Any CPU
		{1F910F69-815C-4A7D-AC57-FC1B40DEE309}.Debug|Any CPU.ActiveCfg = Debug|Any CPU
		{1F910F69-815C-4A7D-AC57-FC1B40DEE309}.Debug|Any CPU.Build.0 = Debug|Any CPU
		{1F910F69-815C-4A7D-AC57-FC1B40DEE309}.Release|Any CPU.ActiveCfg = Release|Any CPU
		{1F910F69-815C-4A7D-AC57-FC1B40DEE309}.Release|Any CPU.Build.0 = Release|Any CPU
		{DE165019-425D-4A52-A236-3EDEA1866E20}.Debug|Any CPU.ActiveCfg = Debug|Any CPU
		{DE165019-425D-4A52-A236-3EDEA1866E20}.Debug|Any CPU.Build.0 = Debug|Any CPU
		{DE165019-425D-4A52-A236-3EDEA1866E20}.Release|Any CPU.ActiveCfg = Release|Any CPU
		{DE165019-425D-4A52-A236-3EDEA1866E20}.Release|Any CPU.Build.0 = Release|Any CPU
		{AAB06AD9-A65B-4AB2-95CD-A393EC99CE9C}.Debug|Any CPU.ActiveCfg = Debug|Any CPU
		{AAB06AD9-A65B-4AB2-95CD-A393EC99CE9C}.Debug|Any CPU.Build.0 = Debug|Any CPU
		{AAB06AD9-A65B-4AB2-95CD-A393EC99CE9C}.Release|Any CPU.ActiveCfg = Release|Any CPU
		{AAB06AD9-A65B-4AB2-95CD-A393EC99CE9C}.Release|Any CPU.Build.0 = Release|Any CPU
		{2B182479-38B6-4C33-83BE-47532ECD8E03}.Debug|Any CPU.ActiveCfg = Debug|Any CPU
		{2B182479-38B6-4C33-83BE-47532ECD8E03}.Debug|Any CPU.Build.0 = Debug|Any CPU
		{2B182479-38B6-4C33-83BE-47532ECD8E03}.Release|Any CPU.ActiveCfg = Release|Any CPU
		{2B182479-38B6-4C33-83BE-47532ECD8E03}.Release|Any CPU.Build.0 = Release|Any CPU
	EndGlobalSection
	GlobalSection(NestedProjects) = preSolution
		{9B1245EB-DFEF-4DCA-8172-5FDE4FF90596} = {2226138F-17D3-48A9-8F9F-65024C5BB300}
		{26E834F6-E532-4094-9D64-911DFD7DD06A} = {0BD5BD3A-AECC-4124-AC6D-FC48DF0F56E6}
		{1F910F69-815C-4A7D-AC57-FC1B40DEE309} = {0BD5BD3A-AECC-4124-AC6D-FC48DF0F56E6}
		{DE165019-425D-4A52-A236-3EDEA1866E20} = {0BD5BD3A-AECC-4124-AC6D-FC48DF0F56E6}
		{AAB06AD9-A65B-4AB2-95CD-A393EC99CE9C} = {0BD5BD3A-AECC-4124-AC6D-FC48DF0F56E6}
		{2B182479-38B6-4C33-83BE-47532ECD8E03} = {0BD5BD3A-AECC-4124-AC6D-FC48DF0F56E6}
	EndGlobalSection
EndGlobal
