Microsoft Visual Studio Solution File, Format Version 12.00
# Visual Studio 15
VisualStudioVersion = 15.0.27130.2026
MinimumVisualStudioVersion = 10.0.40219.1
Project("{2150E333-8FDC-42A3-9474-1A3956D46DE8}") = "Solution Items", "Solution Items", "{C29D66F9-D2E7-4C82-84CE-7A56EEBBA684}"
	ProjectSection(SolutionItems) = preProject
		.editorconfig = .editorconfig
		src\Directory.Build.props = src\Directory.Build.props
		README.md = README.md
	EndProjectSection
EndProject
Project("{2150E333-8FDC-42A3-9474-1A3956D46DE8}") = "Infrastructure", "Infrastructure", "{51A97823-F0E6-42BE-B01B-F6686C1C4BD1}"
EndProject
Project("{9A19103F-16F7-4668-BE54-9A1E7A4F7556}") = "Sakuno.ING.Bootstrap", "src\Infrastructure\Sakuno.ING.Bootstrap\Sakuno.ING.Bootstrap.csproj", "{773D4281-944D-4154-AE00-A69CFCA6659C}"
EndProject
Project("{9A19103F-16F7-4668-BE54-9A1E7A4F7556}") = "Sakuno.ING.Core.CommonSettings", "src\Infrastructure\Sakuno.ING.Core.CommonSettings\Sakuno.ING.Core.CommonSettings.csproj", "{A3E0327E-E89C-4B56-B9D2-75C6E60EBB39}"
EndProject
Project("{9A19103F-16F7-4668-BE54-9A1E7A4F7556}") = "Sakuno.ING.Core.DateTime", "src\Infrastructure\Sakuno.ING.Core.DateTime\Sakuno.ING.Core.DateTime.csproj", "{6BBBE871-BEB9-47CF-BBF9-28DB9B64729A}"
EndProject
Project("{9A19103F-16F7-4668-BE54-9A1E7A4F7556}") = "Sakuno.ING.Data", "src\Infrastructure\Sakuno.ING.Data\Sakuno.ING.Data.csproj", "{AB6EC829-12AC-4B7C-A348-5C7620C96EB5}"
EndProject
Project("{9A19103F-16F7-4668-BE54-9A1E7A4F7556}") = "Sakuno.ING.Data.Design", "src\Infrastructure\Sakuno.ING.Data.Design\Sakuno.ING.Data.Design.csproj", "{A16DFBEC-F553-4F70-B1F8-24FB37012CF3}"
EndProject
Project("{9A19103F-16F7-4668-BE54-9A1E7A4F7556}") = "Sakuno.ING.Standard", "src\Infrastructure\Sakuno.ING.Standard\Sakuno.ING.Standard.csproj", "{D5E9FD1A-A812-4FEB-B252-A84242B0E4CC}"
EndProject
Project("{2150E333-8FDC-42A3-9474-1A3956D46DE8}") = "Game", "Game", "{38D02581-E437-4553-815D-C4FBB67029A0}"
EndProject
Project("{9A19103F-16F7-4668-BE54-9A1E7A4F7556}") = "Sakuno.ING.Core.Listener", "src\Game\Sakuno.ING.Core.Listener\Sakuno.ING.Core.Listener.csproj", "{08C823F1-7E6A-47A9-83E1-D3E9EAE07E51}"
EndProject
Project("{9A19103F-16F7-4668-BE54-9A1E7A4F7556}") = "Sakuno.ING.Game.Provider", "src\Game\Sakuno.ING.Game.Provider\Sakuno.ING.Game.Provider.csproj", "{05EB7B5D-CC39-4D62-8D11-EF3EAA99DD91}"
EndProject
Project("{9A19103F-16F7-4668-BE54-9A1E7A4F7556}") = "Sakuno.ING.Game.Models", "src\Game\Sakuno.ING.Game.Models\Sakuno.ING.Game.Models.csproj", "{2DB243BB-D99C-4D5C-AAA9-98104CC7EFA0}"
EndProject
Project("{9A19103F-16F7-4668-BE54-9A1E7A4F7556}") = "Sakuno.ING.Game.Models.Raw", "src\Game\Sakuno.ING.Game.Models.Raw\Sakuno.ING.Game.Models.Raw.csproj", "{9CCC28AD-ACC3-4043-A408-6E67CE46D7B5}"
EndProject
Project("{9A19103F-16F7-4668-BE54-9A1E7A4F7556}") = "Sakuno.ING.Game.Logger", "src\Game\Sakuno.ING.Game.Logger\Sakuno.ING.Game.Logger.csproj", "{159E60F5-E46D-48E8-BC31-3987AC70F991}"
EndProject
Project("{9A19103F-16F7-4668-BE54-9A1E7A4F7556}") = "Sakuno.ING.Game.Logger.Design", "src\Game\Sakuno.ING.Game.Logger.Design\Sakuno.ING.Game.Logger.Design.csproj", "{86E8F33C-8ACF-4AFE-BE87-FF6A30034C17}"
EndProject
Project("{2150E333-8FDC-42A3-9474-1A3956D46DE8}") = "Test", "Test", "{F56CCD2C-4509-47A4-A64E-1AE8A127938D}"
EndProject
Project("{9A19103F-16F7-4668-BE54-9A1E7A4F7556}") = "Sakuno.ING.Game.Provider.Test", "Test\Sakuno.ING.Game.Provider.Test\Sakuno.ING.Game.Provider.Test.csproj", "{DD061355-BCEC-4512-A262-8FBDDF2F3C5D}"
EndProject
Project("{2150E333-8FDC-42A3-9474-1A3956D46DE8}") = "Views", "Views", "{B8A48836-73E5-4AB3-AA71-C3C70B426963}"
	ProjectSection(SolutionItems) = preProject
		src\Views\Directory.Build.props = src\Views\Directory.Build.props
	EndProjectSection
EndProject
Project("{9A19103F-16F7-4668-BE54-9A1E7A4F7556}") = "Sakuno.ING.ViewModels.Foundation", "src\Views\Sakuno.ING.ViewModels.Foundation\Sakuno.ING.ViewModels.Foundation.csproj", "{F7401BDD-57A6-4B0C-BF56-E708F146ECE6}"
EndProject
Project("{2150E333-8FDC-42A3-9474-1A3956D46DE8}") = "UWP", "UWP", "{48C9CE95-9BD9-4501-A6AE-13BA8EA94DC2}"
	ProjectSection(SolutionItems) = preProject
		src\UWP\Sakuno.ING.props = src\UWP\Sakuno.ING.props
	EndProjectSection
EndProject
Project("{FAE04EC0-301F-11D3-BF4B-00C04F79EFBC}") = "Sakuno.ING.UWP", "src\UWP\Sakuno.ING.UWP\Sakuno.ING.UWP.csproj", "{872A67E9-1A02-45CB-8948-0AA25BC71974}"
EndProject
Project("{FAE04EC0-301F-11D3-BF4B-00C04F79EFBC}") = "Sakuno.ING.UWP.Data", "src\UWP\Sakuno.ING.UWP.Data\Sakuno.ING.UWP.Data.csproj", "{9F2DE7A3-B59D-4234-B886-A1E23FE03775}"
EndProject
Project("{FAE04EC0-301F-11D3-BF4B-00C04F79EFBC}") = "Sakuno.ING.UWP.Views.ApiDebug", "src\UWP\Sakuno.ING.UWP.Views.ApiDebug\Sakuno.ING.UWP.Views.ApiDebug.csproj", "{185F9A4D-07DE-4C67-AA3A-E0B837C23036}"
EndProject
Project("{FAE04EC0-301F-11D3-BF4B-00C04F79EFBC}") = "Sakuno.ING.UWP.Views.MasterData", "src\UWP\Sakuno.ING.UWP.Views.MasterData\Sakuno.ING.UWP.Views.MasterData.csproj", "{9458A085-A9BC-4FB7-91CA-370DB87D0ECA}"
EndProject
Project("{FAE04EC0-301F-11D3-BF4B-00C04F79EFBC}") = "Sakuno.ING.UWP.Views.Settings", "src\UWP\Sakuno.ING.UWP.Views.Settings\Sakuno.ING.UWP.Views.Settings.csproj", "{E5D369E8-B344-410C-8D1A-C87E9C621C80}"
EndProject
Project("{2150E333-8FDC-42A3-9474-1A3956D46DE8}") = "Bridge", "Bridge", "{B540A9B0-CAFD-434C-BAA1-7CE09D7FF45D}"
EndProject
Project("{9A19103F-16F7-4668-BE54-9A1E7A4F7556}") = "Sakuno.ING.UWP.Bridge.Proxy", "src\UWP\Sakuno.ING.UWP.Bridge.Proxy\Sakuno.ING.UWP.Bridge.Proxy.csproj", "{54D66FB9-FD17-440C-8E2C-18079FF0189F}"
EndProject
Project("{FAE04EC0-301F-11D3-BF4B-00C04F79EFBC}") = "Sakuno.ING.UWP.Bridge.Listener", "src\UWP\Sakuno.ING.UWP.Bridge.Listener\Sakuno.ING.UWP.Bridge.Listener.csproj", "{E38F80D6-2E82-4716-B47D-C15E54AEC590}"
EndProject
Global
	GlobalSection(SolutionConfigurationPlatforms) = preSolution
		Debug|ARM = Debug|ARM
		Debug|x64 = Debug|x64
		Debug|x86 = Debug|x86
		DebugNative|ARM = DebugNative|ARM
		DebugNative|x64 = DebugNative|x64
		DebugNative|x86 = DebugNative|x86
		Release|ARM = Release|ARM
		Release|x64 = Release|x64
		Release|x86 = Release|x86
	EndGlobalSection
	GlobalSection(ProjectConfigurationPlatforms) = postSolution
		{773D4281-944D-4154-AE00-A69CFCA6659C}.Debug|ARM.ActiveCfg = Debug|Any CPU
		{773D4281-944D-4154-AE00-A69CFCA6659C}.Debug|ARM.Build.0 = Debug|Any CPU
		{773D4281-944D-4154-AE00-A69CFCA6659C}.Debug|x64.ActiveCfg = Debug|Any CPU
		{773D4281-944D-4154-AE00-A69CFCA6659C}.Debug|x64.Build.0 = Debug|Any CPU
		{773D4281-944D-4154-AE00-A69CFCA6659C}.Debug|x86.ActiveCfg = Debug|Any CPU
		{773D4281-944D-4154-AE00-A69CFCA6659C}.Debug|x86.Build.0 = Debug|Any CPU
		{773D4281-944D-4154-AE00-A69CFCA6659C}.DebugNative|ARM.ActiveCfg = Debug|Any CPU
		{773D4281-944D-4154-AE00-A69CFCA6659C}.DebugNative|ARM.Build.0 = Debug|Any CPU
		{773D4281-944D-4154-AE00-A69CFCA6659C}.DebugNative|x64.ActiveCfg = Debug|Any CPU
		{773D4281-944D-4154-AE00-A69CFCA6659C}.DebugNative|x64.Build.0 = Debug|Any CPU
		{773D4281-944D-4154-AE00-A69CFCA6659C}.DebugNative|x86.ActiveCfg = Debug|Any CPU
		{773D4281-944D-4154-AE00-A69CFCA6659C}.DebugNative|x86.Build.0 = Debug|Any CPU
		{773D4281-944D-4154-AE00-A69CFCA6659C}.Release|ARM.ActiveCfg = Release|Any CPU
		{773D4281-944D-4154-AE00-A69CFCA6659C}.Release|ARM.Build.0 = Release|Any CPU
		{773D4281-944D-4154-AE00-A69CFCA6659C}.Release|x64.ActiveCfg = Release|Any CPU
		{773D4281-944D-4154-AE00-A69CFCA6659C}.Release|x64.Build.0 = Release|Any CPU
		{773D4281-944D-4154-AE00-A69CFCA6659C}.Release|x86.ActiveCfg = Release|Any CPU
		{773D4281-944D-4154-AE00-A69CFCA6659C}.Release|x86.Build.0 = Release|Any CPU
		{A3E0327E-E89C-4B56-B9D2-75C6E60EBB39}.Debug|ARM.ActiveCfg = Debug|Any CPU
		{A3E0327E-E89C-4B56-B9D2-75C6E60EBB39}.Debug|ARM.Build.0 = Debug|Any CPU
		{A3E0327E-E89C-4B56-B9D2-75C6E60EBB39}.Debug|x64.ActiveCfg = Debug|Any CPU
		{A3E0327E-E89C-4B56-B9D2-75C6E60EBB39}.Debug|x64.Build.0 = Debug|Any CPU
		{A3E0327E-E89C-4B56-B9D2-75C6E60EBB39}.Debug|x86.ActiveCfg = Debug|Any CPU
		{A3E0327E-E89C-4B56-B9D2-75C6E60EBB39}.Debug|x86.Build.0 = Debug|Any CPU
		{A3E0327E-E89C-4B56-B9D2-75C6E60EBB39}.DebugNative|ARM.ActiveCfg = Debug|Any CPU
		{A3E0327E-E89C-4B56-B9D2-75C6E60EBB39}.DebugNative|ARM.Build.0 = Debug|Any CPU
		{A3E0327E-E89C-4B56-B9D2-75C6E60EBB39}.DebugNative|x64.ActiveCfg = Debug|Any CPU
		{A3E0327E-E89C-4B56-B9D2-75C6E60EBB39}.DebugNative|x64.Build.0 = Debug|Any CPU
		{A3E0327E-E89C-4B56-B9D2-75C6E60EBB39}.DebugNative|x86.ActiveCfg = Debug|Any CPU
		{A3E0327E-E89C-4B56-B9D2-75C6E60EBB39}.DebugNative|x86.Build.0 = Debug|Any CPU
		{A3E0327E-E89C-4B56-B9D2-75C6E60EBB39}.Release|ARM.ActiveCfg = Release|Any CPU
		{A3E0327E-E89C-4B56-B9D2-75C6E60EBB39}.Release|ARM.Build.0 = Release|Any CPU
		{A3E0327E-E89C-4B56-B9D2-75C6E60EBB39}.Release|x64.ActiveCfg = Release|Any CPU
		{A3E0327E-E89C-4B56-B9D2-75C6E60EBB39}.Release|x64.Build.0 = Release|Any CPU
		{A3E0327E-E89C-4B56-B9D2-75C6E60EBB39}.Release|x86.ActiveCfg = Release|Any CPU
		{A3E0327E-E89C-4B56-B9D2-75C6E60EBB39}.Release|x86.Build.0 = Release|Any CPU
		{6BBBE871-BEB9-47CF-BBF9-28DB9B64729A}.Debug|ARM.ActiveCfg = Debug|Any CPU
		{6BBBE871-BEB9-47CF-BBF9-28DB9B64729A}.Debug|ARM.Build.0 = Debug|Any CPU
		{6BBBE871-BEB9-47CF-BBF9-28DB9B64729A}.Debug|x64.ActiveCfg = Debug|Any CPU
		{6BBBE871-BEB9-47CF-BBF9-28DB9B64729A}.Debug|x64.Build.0 = Debug|Any CPU
		{6BBBE871-BEB9-47CF-BBF9-28DB9B64729A}.Debug|x86.ActiveCfg = Debug|Any CPU
		{6BBBE871-BEB9-47CF-BBF9-28DB9B64729A}.Debug|x86.Build.0 = Debug|Any CPU
		{6BBBE871-BEB9-47CF-BBF9-28DB9B64729A}.DebugNative|ARM.ActiveCfg = Debug|Any CPU
		{6BBBE871-BEB9-47CF-BBF9-28DB9B64729A}.DebugNative|ARM.Build.0 = Debug|Any CPU
		{6BBBE871-BEB9-47CF-BBF9-28DB9B64729A}.DebugNative|x64.ActiveCfg = Debug|Any CPU
		{6BBBE871-BEB9-47CF-BBF9-28DB9B64729A}.DebugNative|x64.Build.0 = Debug|Any CPU
		{6BBBE871-BEB9-47CF-BBF9-28DB9B64729A}.DebugNative|x86.ActiveCfg = Debug|Any CPU
		{6BBBE871-BEB9-47CF-BBF9-28DB9B64729A}.DebugNative|x86.Build.0 = Debug|Any CPU
		{6BBBE871-BEB9-47CF-BBF9-28DB9B64729A}.Release|ARM.ActiveCfg = Release|Any CPU
		{6BBBE871-BEB9-47CF-BBF9-28DB9B64729A}.Release|ARM.Build.0 = Release|Any CPU
		{6BBBE871-BEB9-47CF-BBF9-28DB9B64729A}.Release|x64.ActiveCfg = Release|Any CPU
		{6BBBE871-BEB9-47CF-BBF9-28DB9B64729A}.Release|x64.Build.0 = Release|Any CPU
		{6BBBE871-BEB9-47CF-BBF9-28DB9B64729A}.Release|x86.ActiveCfg = Release|Any CPU
		{6BBBE871-BEB9-47CF-BBF9-28DB9B64729A}.Release|x86.Build.0 = Release|Any CPU
		{AB6EC829-12AC-4B7C-A348-5C7620C96EB5}.Debug|ARM.ActiveCfg = Debug|Any CPU
		{AB6EC829-12AC-4B7C-A348-5C7620C96EB5}.Debug|ARM.Build.0 = Debug|Any CPU
		{AB6EC829-12AC-4B7C-A348-5C7620C96EB5}.Debug|x64.ActiveCfg = Debug|Any CPU
		{AB6EC829-12AC-4B7C-A348-5C7620C96EB5}.Debug|x64.Build.0 = Debug|Any CPU
		{AB6EC829-12AC-4B7C-A348-5C7620C96EB5}.Debug|x86.ActiveCfg = Debug|Any CPU
		{AB6EC829-12AC-4B7C-A348-5C7620C96EB5}.Debug|x86.Build.0 = Debug|Any CPU
		{AB6EC829-12AC-4B7C-A348-5C7620C96EB5}.DebugNative|ARM.ActiveCfg = Debug|Any CPU
		{AB6EC829-12AC-4B7C-A348-5C7620C96EB5}.DebugNative|ARM.Build.0 = Debug|Any CPU
		{AB6EC829-12AC-4B7C-A348-5C7620C96EB5}.DebugNative|x64.ActiveCfg = Debug|Any CPU
		{AB6EC829-12AC-4B7C-A348-5C7620C96EB5}.DebugNative|x64.Build.0 = Debug|Any CPU
		{AB6EC829-12AC-4B7C-A348-5C7620C96EB5}.DebugNative|x86.ActiveCfg = Debug|Any CPU
		{AB6EC829-12AC-4B7C-A348-5C7620C96EB5}.DebugNative|x86.Build.0 = Debug|Any CPU
		{AB6EC829-12AC-4B7C-A348-5C7620C96EB5}.Release|ARM.ActiveCfg = Release|Any CPU
		{AB6EC829-12AC-4B7C-A348-5C7620C96EB5}.Release|ARM.Build.0 = Release|Any CPU
		{AB6EC829-12AC-4B7C-A348-5C7620C96EB5}.Release|x64.ActiveCfg = Release|Any CPU
		{AB6EC829-12AC-4B7C-A348-5C7620C96EB5}.Release|x64.Build.0 = Release|Any CPU
		{AB6EC829-12AC-4B7C-A348-5C7620C96EB5}.Release|x86.ActiveCfg = Release|Any CPU
		{AB6EC829-12AC-4B7C-A348-5C7620C96EB5}.Release|x86.Build.0 = Release|Any CPU
		{A16DFBEC-F553-4F70-B1F8-24FB37012CF3}.Debug|ARM.ActiveCfg = Debug|Any CPU
		{A16DFBEC-F553-4F70-B1F8-24FB37012CF3}.Debug|ARM.Build.0 = Debug|Any CPU
		{A16DFBEC-F553-4F70-B1F8-24FB37012CF3}.Debug|x64.ActiveCfg = Debug|Any CPU
		{A16DFBEC-F553-4F70-B1F8-24FB37012CF3}.Debug|x64.Build.0 = Debug|Any CPU
		{A16DFBEC-F553-4F70-B1F8-24FB37012CF3}.Debug|x86.ActiveCfg = Debug|Any CPU
		{A16DFBEC-F553-4F70-B1F8-24FB37012CF3}.Debug|x86.Build.0 = Debug|Any CPU
		{A16DFBEC-F553-4F70-B1F8-24FB37012CF3}.DebugNative|ARM.ActiveCfg = Debug|Any CPU
		{A16DFBEC-F553-4F70-B1F8-24FB37012CF3}.DebugNative|ARM.Build.0 = Debug|Any CPU
		{A16DFBEC-F553-4F70-B1F8-24FB37012CF3}.DebugNative|x64.ActiveCfg = Debug|Any CPU
		{A16DFBEC-F553-4F70-B1F8-24FB37012CF3}.DebugNative|x64.Build.0 = Debug|Any CPU
		{A16DFBEC-F553-4F70-B1F8-24FB37012CF3}.DebugNative|x86.ActiveCfg = Debug|Any CPU
		{A16DFBEC-F553-4F70-B1F8-24FB37012CF3}.DebugNative|x86.Build.0 = Debug|Any CPU
		{A16DFBEC-F553-4F70-B1F8-24FB37012CF3}.Release|ARM.ActiveCfg = Release|Any CPU
		{A16DFBEC-F553-4F70-B1F8-24FB37012CF3}.Release|ARM.Build.0 = Release|Any CPU
		{A16DFBEC-F553-4F70-B1F8-24FB37012CF3}.Release|x64.ActiveCfg = Release|Any CPU
		{A16DFBEC-F553-4F70-B1F8-24FB37012CF3}.Release|x64.Build.0 = Release|Any CPU
		{A16DFBEC-F553-4F70-B1F8-24FB37012CF3}.Release|x86.ActiveCfg = Release|Any CPU
		{A16DFBEC-F553-4F70-B1F8-24FB37012CF3}.Release|x86.Build.0 = Release|Any CPU
		{D5E9FD1A-A812-4FEB-B252-A84242B0E4CC}.Debug|ARM.ActiveCfg = Debug|Any CPU
		{D5E9FD1A-A812-4FEB-B252-A84242B0E4CC}.Debug|ARM.Build.0 = Debug|Any CPU
		{D5E9FD1A-A812-4FEB-B252-A84242B0E4CC}.Debug|x64.ActiveCfg = Debug|Any CPU
		{D5E9FD1A-A812-4FEB-B252-A84242B0E4CC}.Debug|x64.Build.0 = Debug|Any CPU
		{D5E9FD1A-A812-4FEB-B252-A84242B0E4CC}.Debug|x86.ActiveCfg = Debug|Any CPU
		{D5E9FD1A-A812-4FEB-B252-A84242B0E4CC}.Debug|x86.Build.0 = Debug|Any CPU
		{D5E9FD1A-A812-4FEB-B252-A84242B0E4CC}.DebugNative|ARM.ActiveCfg = Debug|Any CPU
		{D5E9FD1A-A812-4FEB-B252-A84242B0E4CC}.DebugNative|ARM.Build.0 = Debug|Any CPU
		{D5E9FD1A-A812-4FEB-B252-A84242B0E4CC}.DebugNative|x64.ActiveCfg = Debug|Any CPU
		{D5E9FD1A-A812-4FEB-B252-A84242B0E4CC}.DebugNative|x64.Build.0 = Debug|Any CPU
		{D5E9FD1A-A812-4FEB-B252-A84242B0E4CC}.DebugNative|x86.ActiveCfg = Debug|Any CPU
		{D5E9FD1A-A812-4FEB-B252-A84242B0E4CC}.DebugNative|x86.Build.0 = Debug|Any CPU
		{D5E9FD1A-A812-4FEB-B252-A84242B0E4CC}.Release|ARM.ActiveCfg = Release|Any CPU
		{D5E9FD1A-A812-4FEB-B252-A84242B0E4CC}.Release|ARM.Build.0 = Release|Any CPU
		{D5E9FD1A-A812-4FEB-B252-A84242B0E4CC}.Release|x64.ActiveCfg = Release|Any CPU
		{D5E9FD1A-A812-4FEB-B252-A84242B0E4CC}.Release|x64.Build.0 = Release|Any CPU
		{D5E9FD1A-A812-4FEB-B252-A84242B0E4CC}.Release|x86.ActiveCfg = Release|Any CPU
		{D5E9FD1A-A812-4FEB-B252-A84242B0E4CC}.Release|x86.Build.0 = Release|Any CPU
		{08C823F1-7E6A-47A9-83E1-D3E9EAE07E51}.Debug|ARM.ActiveCfg = Debug|Any CPU
		{08C823F1-7E6A-47A9-83E1-D3E9EAE07E51}.Debug|ARM.Build.0 = Debug|Any CPU
		{08C823F1-7E6A-47A9-83E1-D3E9EAE07E51}.Debug|x64.ActiveCfg = Debug|Any CPU
		{08C823F1-7E6A-47A9-83E1-D3E9EAE07E51}.Debug|x64.Build.0 = Debug|Any CPU
		{08C823F1-7E6A-47A9-83E1-D3E9EAE07E51}.Debug|x86.ActiveCfg = Debug|Any CPU
		{08C823F1-7E6A-47A9-83E1-D3E9EAE07E51}.Debug|x86.Build.0 = Debug|Any CPU
		{08C823F1-7E6A-47A9-83E1-D3E9EAE07E51}.DebugNative|ARM.ActiveCfg = Debug|Any CPU
		{08C823F1-7E6A-47A9-83E1-D3E9EAE07E51}.DebugNative|ARM.Build.0 = Debug|Any CPU
		{08C823F1-7E6A-47A9-83E1-D3E9EAE07E51}.DebugNative|x64.ActiveCfg = Debug|Any CPU
		{08C823F1-7E6A-47A9-83E1-D3E9EAE07E51}.DebugNative|x64.Build.0 = Debug|Any CPU
		{08C823F1-7E6A-47A9-83E1-D3E9EAE07E51}.DebugNative|x86.ActiveCfg = Debug|Any CPU
		{08C823F1-7E6A-47A9-83E1-D3E9EAE07E51}.DebugNative|x86.Build.0 = Debug|Any CPU
		{08C823F1-7E6A-47A9-83E1-D3E9EAE07E51}.Release|ARM.ActiveCfg = Release|Any CPU
		{08C823F1-7E6A-47A9-83E1-D3E9EAE07E51}.Release|ARM.Build.0 = Release|Any CPU
		{08C823F1-7E6A-47A9-83E1-D3E9EAE07E51}.Release|x64.ActiveCfg = Release|Any CPU
		{08C823F1-7E6A-47A9-83E1-D3E9EAE07E51}.Release|x64.Build.0 = Release|Any CPU
		{08C823F1-7E6A-47A9-83E1-D3E9EAE07E51}.Release|x86.ActiveCfg = Release|Any CPU
		{08C823F1-7E6A-47A9-83E1-D3E9EAE07E51}.Release|x86.Build.0 = Release|Any CPU
		{05EB7B5D-CC39-4D62-8D11-EF3EAA99DD91}.Debug|ARM.ActiveCfg = Debug|Any CPU
		{05EB7B5D-CC39-4D62-8D11-EF3EAA99DD91}.Debug|ARM.Build.0 = Debug|Any CPU
		{05EB7B5D-CC39-4D62-8D11-EF3EAA99DD91}.Debug|x64.ActiveCfg = Debug|Any CPU
		{05EB7B5D-CC39-4D62-8D11-EF3EAA99DD91}.Debug|x64.Build.0 = Debug|Any CPU
		{05EB7B5D-CC39-4D62-8D11-EF3EAA99DD91}.Debug|x86.ActiveCfg = Debug|Any CPU
		{05EB7B5D-CC39-4D62-8D11-EF3EAA99DD91}.Debug|x86.Build.0 = Debug|Any CPU
		{05EB7B5D-CC39-4D62-8D11-EF3EAA99DD91}.DebugNative|ARM.ActiveCfg = Debug|Any CPU
		{05EB7B5D-CC39-4D62-8D11-EF3EAA99DD91}.DebugNative|ARM.Build.0 = Debug|Any CPU
		{05EB7B5D-CC39-4D62-8D11-EF3EAA99DD91}.DebugNative|x64.ActiveCfg = Debug|Any CPU
		{05EB7B5D-CC39-4D62-8D11-EF3EAA99DD91}.DebugNative|x64.Build.0 = Debug|Any CPU
		{05EB7B5D-CC39-4D62-8D11-EF3EAA99DD91}.DebugNative|x86.ActiveCfg = Debug|Any CPU
		{05EB7B5D-CC39-4D62-8D11-EF3EAA99DD91}.DebugNative|x86.Build.0 = Debug|Any CPU
		{05EB7B5D-CC39-4D62-8D11-EF3EAA99DD91}.Release|ARM.ActiveCfg = Release|Any CPU
		{05EB7B5D-CC39-4D62-8D11-EF3EAA99DD91}.Release|ARM.Build.0 = Release|Any CPU
		{05EB7B5D-CC39-4D62-8D11-EF3EAA99DD91}.Release|x64.ActiveCfg = Release|Any CPU
		{05EB7B5D-CC39-4D62-8D11-EF3EAA99DD91}.Release|x64.Build.0 = Release|Any CPU
		{05EB7B5D-CC39-4D62-8D11-EF3EAA99DD91}.Release|x86.ActiveCfg = Release|Any CPU
		{05EB7B5D-CC39-4D62-8D11-EF3EAA99DD91}.Release|x86.Build.0 = Release|Any CPU
		{2DB243BB-D99C-4D5C-AAA9-98104CC7EFA0}.Debug|ARM.ActiveCfg = Debug|Any CPU
		{2DB243BB-D99C-4D5C-AAA9-98104CC7EFA0}.Debug|ARM.Build.0 = Debug|Any CPU
		{2DB243BB-D99C-4D5C-AAA9-98104CC7EFA0}.Debug|x64.ActiveCfg = Debug|Any CPU
		{2DB243BB-D99C-4D5C-AAA9-98104CC7EFA0}.Debug|x64.Build.0 = Debug|Any CPU
		{2DB243BB-D99C-4D5C-AAA9-98104CC7EFA0}.Debug|x86.ActiveCfg = Debug|Any CPU
		{2DB243BB-D99C-4D5C-AAA9-98104CC7EFA0}.Debug|x86.Build.0 = Debug|Any CPU
		{2DB243BB-D99C-4D5C-AAA9-98104CC7EFA0}.DebugNative|ARM.ActiveCfg = Debug|Any CPU
		{2DB243BB-D99C-4D5C-AAA9-98104CC7EFA0}.DebugNative|ARM.Build.0 = Debug|Any CPU
		{2DB243BB-D99C-4D5C-AAA9-98104CC7EFA0}.DebugNative|x64.ActiveCfg = Debug|Any CPU
		{2DB243BB-D99C-4D5C-AAA9-98104CC7EFA0}.DebugNative|x64.Build.0 = Debug|Any CPU
		{2DB243BB-D99C-4D5C-AAA9-98104CC7EFA0}.DebugNative|x86.ActiveCfg = Debug|Any CPU
		{2DB243BB-D99C-4D5C-AAA9-98104CC7EFA0}.DebugNative|x86.Build.0 = Debug|Any CPU
		{2DB243BB-D99C-4D5C-AAA9-98104CC7EFA0}.Release|ARM.ActiveCfg = Release|Any CPU
		{2DB243BB-D99C-4D5C-AAA9-98104CC7EFA0}.Release|ARM.Build.0 = Release|Any CPU
		{2DB243BB-D99C-4D5C-AAA9-98104CC7EFA0}.Release|x64.ActiveCfg = Release|Any CPU
		{2DB243BB-D99C-4D5C-AAA9-98104CC7EFA0}.Release|x64.Build.0 = Release|Any CPU
		{2DB243BB-D99C-4D5C-AAA9-98104CC7EFA0}.Release|x86.ActiveCfg = Release|Any CPU
		{2DB243BB-D99C-4D5C-AAA9-98104CC7EFA0}.Release|x86.Build.0 = Release|Any CPU
		{9CCC28AD-ACC3-4043-A408-6E67CE46D7B5}.Debug|ARM.ActiveCfg = Debug|Any CPU
		{9CCC28AD-ACC3-4043-A408-6E67CE46D7B5}.Debug|ARM.Build.0 = Debug|Any CPU
		{9CCC28AD-ACC3-4043-A408-6E67CE46D7B5}.Debug|x64.ActiveCfg = Debug|Any CPU
		{9CCC28AD-ACC3-4043-A408-6E67CE46D7B5}.Debug|x64.Build.0 = Debug|Any CPU
		{9CCC28AD-ACC3-4043-A408-6E67CE46D7B5}.Debug|x86.ActiveCfg = Debug|Any CPU
		{9CCC28AD-ACC3-4043-A408-6E67CE46D7B5}.Debug|x86.Build.0 = Debug|Any CPU
		{9CCC28AD-ACC3-4043-A408-6E67CE46D7B5}.DebugNative|ARM.ActiveCfg = Debug|Any CPU
		{9CCC28AD-ACC3-4043-A408-6E67CE46D7B5}.DebugNative|ARM.Build.0 = Debug|Any CPU
		{9CCC28AD-ACC3-4043-A408-6E67CE46D7B5}.DebugNative|x64.ActiveCfg = Debug|Any CPU
		{9CCC28AD-ACC3-4043-A408-6E67CE46D7B5}.DebugNative|x64.Build.0 = Debug|Any CPU
		{9CCC28AD-ACC3-4043-A408-6E67CE46D7B5}.DebugNative|x86.ActiveCfg = Debug|Any CPU
		{9CCC28AD-ACC3-4043-A408-6E67CE46D7B5}.DebugNative|x86.Build.0 = Debug|Any CPU
		{9CCC28AD-ACC3-4043-A408-6E67CE46D7B5}.Release|ARM.ActiveCfg = Release|Any CPU
		{9CCC28AD-ACC3-4043-A408-6E67CE46D7B5}.Release|ARM.Build.0 = Release|Any CPU
		{9CCC28AD-ACC3-4043-A408-6E67CE46D7B5}.Release|x64.ActiveCfg = Release|Any CPU
		{9CCC28AD-ACC3-4043-A408-6E67CE46D7B5}.Release|x64.Build.0 = Release|Any CPU
		{9CCC28AD-ACC3-4043-A408-6E67CE46D7B5}.Release|x86.ActiveCfg = Release|Any CPU
		{9CCC28AD-ACC3-4043-A408-6E67CE46D7B5}.Release|x86.Build.0 = Release|Any CPU
		{159E60F5-E46D-48E8-BC31-3987AC70F991}.Debug|ARM.ActiveCfg = Debug|Any CPU
		{159E60F5-E46D-48E8-BC31-3987AC70F991}.Debug|ARM.Build.0 = Debug|Any CPU
		{159E60F5-E46D-48E8-BC31-3987AC70F991}.Debug|x64.ActiveCfg = Debug|Any CPU
		{159E60F5-E46D-48E8-BC31-3987AC70F991}.Debug|x64.Build.0 = Debug|Any CPU
		{159E60F5-E46D-48E8-BC31-3987AC70F991}.Debug|x86.ActiveCfg = Debug|Any CPU
		{159E60F5-E46D-48E8-BC31-3987AC70F991}.Debug|x86.Build.0 = Debug|Any CPU
		{159E60F5-E46D-48E8-BC31-3987AC70F991}.DebugNative|ARM.ActiveCfg = Debug|Any CPU
		{159E60F5-E46D-48E8-BC31-3987AC70F991}.DebugNative|ARM.Build.0 = Debug|Any CPU
		{159E60F5-E46D-48E8-BC31-3987AC70F991}.DebugNative|x64.ActiveCfg = Debug|Any CPU
		{159E60F5-E46D-48E8-BC31-3987AC70F991}.DebugNative|x64.Build.0 = Debug|Any CPU
		{159E60F5-E46D-48E8-BC31-3987AC70F991}.DebugNative|x86.ActiveCfg = Debug|Any CPU
		{159E60F5-E46D-48E8-BC31-3987AC70F991}.DebugNative|x86.Build.0 = Debug|Any CPU
		{159E60F5-E46D-48E8-BC31-3987AC70F991}.Release|ARM.ActiveCfg = Release|Any CPU
		{159E60F5-E46D-48E8-BC31-3987AC70F991}.Release|ARM.Build.0 = Release|Any CPU
		{159E60F5-E46D-48E8-BC31-3987AC70F991}.Release|x64.ActiveCfg = Release|Any CPU
		{159E60F5-E46D-48E8-BC31-3987AC70F991}.Release|x64.Build.0 = Release|Any CPU
		{159E60F5-E46D-48E8-BC31-3987AC70F991}.Release|x86.ActiveCfg = Release|Any CPU
		{159E60F5-E46D-48E8-BC31-3987AC70F991}.Release|x86.Build.0 = Release|Any CPU
		{86E8F33C-8ACF-4AFE-BE87-FF6A30034C17}.Debug|ARM.ActiveCfg = Debug|Any CPU
		{86E8F33C-8ACF-4AFE-BE87-FF6A30034C17}.Debug|ARM.Build.0 = Debug|Any CPU
		{86E8F33C-8ACF-4AFE-BE87-FF6A30034C17}.Debug|x64.ActiveCfg = Debug|Any CPU
		{86E8F33C-8ACF-4AFE-BE87-FF6A30034C17}.Debug|x64.Build.0 = Debug|Any CPU
		{86E8F33C-8ACF-4AFE-BE87-FF6A30034C17}.Debug|x86.ActiveCfg = Debug|Any CPU
		{86E8F33C-8ACF-4AFE-BE87-FF6A30034C17}.Debug|x86.Build.0 = Debug|Any CPU
		{86E8F33C-8ACF-4AFE-BE87-FF6A30034C17}.DebugNative|ARM.ActiveCfg = Debug|Any CPU
		{86E8F33C-8ACF-4AFE-BE87-FF6A30034C17}.DebugNative|ARM.Build.0 = Debug|Any CPU
		{86E8F33C-8ACF-4AFE-BE87-FF6A30034C17}.DebugNative|x64.ActiveCfg = Debug|Any CPU
		{86E8F33C-8ACF-4AFE-BE87-FF6A30034C17}.DebugNative|x64.Build.0 = Debug|Any CPU
		{86E8F33C-8ACF-4AFE-BE87-FF6A30034C17}.DebugNative|x86.ActiveCfg = Debug|Any CPU
		{86E8F33C-8ACF-4AFE-BE87-FF6A30034C17}.DebugNative|x86.Build.0 = Debug|Any CPU
		{86E8F33C-8ACF-4AFE-BE87-FF6A30034C17}.Release|ARM.ActiveCfg = Release|Any CPU
		{86E8F33C-8ACF-4AFE-BE87-FF6A30034C17}.Release|ARM.Build.0 = Release|Any CPU
		{86E8F33C-8ACF-4AFE-BE87-FF6A30034C17}.Release|x64.ActiveCfg = Release|Any CPU
		{86E8F33C-8ACF-4AFE-BE87-FF6A30034C17}.Release|x64.Build.0 = Release|Any CPU
		{86E8F33C-8ACF-4AFE-BE87-FF6A30034C17}.Release|x86.ActiveCfg = Release|Any CPU
		{86E8F33C-8ACF-4AFE-BE87-FF6A30034C17}.Release|x86.Build.0 = Release|Any CPU
		{DD061355-BCEC-4512-A262-8FBDDF2F3C5D}.Debug|ARM.ActiveCfg = Debug|Any CPU
		{DD061355-BCEC-4512-A262-8FBDDF2F3C5D}.Debug|ARM.Build.0 = Debug|Any CPU
		{DD061355-BCEC-4512-A262-8FBDDF2F3C5D}.Debug|x64.ActiveCfg = Debug|Any CPU
		{DD061355-BCEC-4512-A262-8FBDDF2F3C5D}.Debug|x64.Build.0 = Debug|Any CPU
		{DD061355-BCEC-4512-A262-8FBDDF2F3C5D}.Debug|x86.ActiveCfg = Debug|Any CPU
		{DD061355-BCEC-4512-A262-8FBDDF2F3C5D}.Debug|x86.Build.0 = Debug|Any CPU
		{DD061355-BCEC-4512-A262-8FBDDF2F3C5D}.DebugNative|ARM.ActiveCfg = Debug|Any CPU
		{DD061355-BCEC-4512-A262-8FBDDF2F3C5D}.DebugNative|ARM.Build.0 = Debug|Any CPU
		{DD061355-BCEC-4512-A262-8FBDDF2F3C5D}.DebugNative|x64.ActiveCfg = Debug|Any CPU
		{DD061355-BCEC-4512-A262-8FBDDF2F3C5D}.DebugNative|x64.Build.0 = Debug|Any CPU
		{DD061355-BCEC-4512-A262-8FBDDF2F3C5D}.DebugNative|x86.ActiveCfg = Debug|Any CPU
		{DD061355-BCEC-4512-A262-8FBDDF2F3C5D}.DebugNative|x86.Build.0 = Debug|Any CPU
		{DD061355-BCEC-4512-A262-8FBDDF2F3C5D}.Release|ARM.ActiveCfg = Release|Any CPU
		{DD061355-BCEC-4512-A262-8FBDDF2F3C5D}.Release|ARM.Build.0 = Release|Any CPU
		{DD061355-BCEC-4512-A262-8FBDDF2F3C5D}.Release|x64.ActiveCfg = Release|Any CPU
		{DD061355-BCEC-4512-A262-8FBDDF2F3C5D}.Release|x64.Build.0 = Release|Any CPU
		{DD061355-BCEC-4512-A262-8FBDDF2F3C5D}.Release|x86.ActiveCfg = Release|Any CPU
		{DD061355-BCEC-4512-A262-8FBDDF2F3C5D}.Release|x86.Build.0 = Release|Any CPU
		{F7401BDD-57A6-4B0C-BF56-E708F146ECE6}.Debug|ARM.ActiveCfg = Debug|Any CPU
		{F7401BDD-57A6-4B0C-BF56-E708F146ECE6}.Debug|ARM.Build.0 = Debug|Any CPU
		{F7401BDD-57A6-4B0C-BF56-E708F146ECE6}.Debug|x64.ActiveCfg = Debug|Any CPU
		{F7401BDD-57A6-4B0C-BF56-E708F146ECE6}.Debug|x64.Build.0 = Debug|Any CPU
		{F7401BDD-57A6-4B0C-BF56-E708F146ECE6}.Debug|x86.ActiveCfg = Debug|Any CPU
		{F7401BDD-57A6-4B0C-BF56-E708F146ECE6}.Debug|x86.Build.0 = Debug|Any CPU
		{F7401BDD-57A6-4B0C-BF56-E708F146ECE6}.DebugNative|ARM.ActiveCfg = Debug|Any CPU
		{F7401BDD-57A6-4B0C-BF56-E708F146ECE6}.DebugNative|ARM.Build.0 = Debug|Any CPU
		{F7401BDD-57A6-4B0C-BF56-E708F146ECE6}.DebugNative|x64.ActiveCfg = Debug|Any CPU
		{F7401BDD-57A6-4B0C-BF56-E708F146ECE6}.DebugNative|x64.Build.0 = Debug|Any CPU
		{F7401BDD-57A6-4B0C-BF56-E708F146ECE6}.DebugNative|x86.ActiveCfg = Debug|Any CPU
		{F7401BDD-57A6-4B0C-BF56-E708F146ECE6}.DebugNative|x86.Build.0 = Debug|Any CPU
		{F7401BDD-57A6-4B0C-BF56-E708F146ECE6}.Release|ARM.ActiveCfg = Release|Any CPU
		{F7401BDD-57A6-4B0C-BF56-E708F146ECE6}.Release|ARM.Build.0 = Release|Any CPU
		{F7401BDD-57A6-4B0C-BF56-E708F146ECE6}.Release|x64.ActiveCfg = Release|Any CPU
		{F7401BDD-57A6-4B0C-BF56-E708F146ECE6}.Release|x64.Build.0 = Release|Any CPU
		{F7401BDD-57A6-4B0C-BF56-E708F146ECE6}.Release|x86.ActiveCfg = Release|Any CPU
		{F7401BDD-57A6-4B0C-BF56-E708F146ECE6}.Release|x86.Build.0 = Release|Any CPU
		{872A67E9-1A02-45CB-8948-0AA25BC71974}.Debug|ARM.ActiveCfg = Debug|ARM
		{872A67E9-1A02-45CB-8948-0AA25BC71974}.Debug|ARM.Build.0 = Debug|ARM
		{872A67E9-1A02-45CB-8948-0AA25BC71974}.Debug|ARM.Deploy.0 = Debug|ARM
		{872A67E9-1A02-45CB-8948-0AA25BC71974}.Debug|x64.ActiveCfg = Debug|x64
		{872A67E9-1A02-45CB-8948-0AA25BC71974}.Debug|x64.Build.0 = Debug|x64
		{872A67E9-1A02-45CB-8948-0AA25BC71974}.Debug|x64.Deploy.0 = Debug|x64
		{872A67E9-1A02-45CB-8948-0AA25BC71974}.Debug|x86.ActiveCfg = Debug|x86
		{872A67E9-1A02-45CB-8948-0AA25BC71974}.Debug|x86.Build.0 = Debug|x86
		{872A67E9-1A02-45CB-8948-0AA25BC71974}.Debug|x86.Deploy.0 = Debug|x86
		{872A67E9-1A02-45CB-8948-0AA25BC71974}.DebugNative|ARM.ActiveCfg = DebugNative|ARM
		{872A67E9-1A02-45CB-8948-0AA25BC71974}.DebugNative|ARM.Build.0 = DebugNative|ARM
		{872A67E9-1A02-45CB-8948-0AA25BC71974}.DebugNative|ARM.Deploy.0 = DebugNative|ARM
		{872A67E9-1A02-45CB-8948-0AA25BC71974}.DebugNative|x64.ActiveCfg = DebugNative|x64
		{872A67E9-1A02-45CB-8948-0AA25BC71974}.DebugNative|x64.Build.0 = DebugNative|x64
		{872A67E9-1A02-45CB-8948-0AA25BC71974}.DebugNative|x64.Deploy.0 = DebugNative|x64
		{872A67E9-1A02-45CB-8948-0AA25BC71974}.DebugNative|x86.ActiveCfg = DebugNative|x86
		{872A67E9-1A02-45CB-8948-0AA25BC71974}.DebugNative|x86.Build.0 = DebugNative|x86
		{872A67E9-1A02-45CB-8948-0AA25BC71974}.DebugNative|x86.Deploy.0 = DebugNative|x86
		{872A67E9-1A02-45CB-8948-0AA25BC71974}.Release|ARM.ActiveCfg = Release|ARM
		{872A67E9-1A02-45CB-8948-0AA25BC71974}.Release|ARM.Build.0 = Release|ARM
		{872A67E9-1A02-45CB-8948-0AA25BC71974}.Release|ARM.Deploy.0 = Release|ARM
		{872A67E9-1A02-45CB-8948-0AA25BC71974}.Release|x64.ActiveCfg = Release|x64
		{872A67E9-1A02-45CB-8948-0AA25BC71974}.Release|x64.Build.0 = Release|x64
		{872A67E9-1A02-45CB-8948-0AA25BC71974}.Release|x64.Deploy.0 = Release|x64
		{872A67E9-1A02-45CB-8948-0AA25BC71974}.Release|x86.ActiveCfg = Release|x86
		{872A67E9-1A02-45CB-8948-0AA25BC71974}.Release|x86.Build.0 = Release|x86
		{872A67E9-1A02-45CB-8948-0AA25BC71974}.Release|x86.Deploy.0 = Release|x86
		{9F2DE7A3-B59D-4234-B886-A1E23FE03775}.Debug|ARM.ActiveCfg = Debug|Any CPU
		{9F2DE7A3-B59D-4234-B886-A1E23FE03775}.Debug|ARM.Build.0 = Debug|Any CPU
		{9F2DE7A3-B59D-4234-B886-A1E23FE03775}.Debug|x64.ActiveCfg = Debug|Any CPU
		{9F2DE7A3-B59D-4234-B886-A1E23FE03775}.Debug|x64.Build.0 = Debug|Any CPU
		{9F2DE7A3-B59D-4234-B886-A1E23FE03775}.Debug|x86.ActiveCfg = Debug|Any CPU
		{9F2DE7A3-B59D-4234-B886-A1E23FE03775}.Debug|x86.Build.0 = Debug|Any CPU
		{9F2DE7A3-B59D-4234-B886-A1E23FE03775}.DebugNative|ARM.ActiveCfg = Debug|Any CPU
		{9F2DE7A3-B59D-4234-B886-A1E23FE03775}.DebugNative|ARM.Build.0 = Debug|Any CPU
		{9F2DE7A3-B59D-4234-B886-A1E23FE03775}.DebugNative|x64.ActiveCfg = Debug|Any CPU
		{9F2DE7A3-B59D-4234-B886-A1E23FE03775}.DebugNative|x64.Build.0 = Debug|Any CPU
		{9F2DE7A3-B59D-4234-B886-A1E23FE03775}.DebugNative|x86.ActiveCfg = Debug|Any CPU
		{9F2DE7A3-B59D-4234-B886-A1E23FE03775}.DebugNative|x86.Build.0 = Debug|Any CPU
		{9F2DE7A3-B59D-4234-B886-A1E23FE03775}.Release|ARM.ActiveCfg = Release|Any CPU
		{9F2DE7A3-B59D-4234-B886-A1E23FE03775}.Release|ARM.Build.0 = Release|Any CPU
		{9F2DE7A3-B59D-4234-B886-A1E23FE03775}.Release|x64.ActiveCfg = Release|Any CPU
		{9F2DE7A3-B59D-4234-B886-A1E23FE03775}.Release|x64.Build.0 = Release|Any CPU
		{9F2DE7A3-B59D-4234-B886-A1E23FE03775}.Release|x86.ActiveCfg = Release|Any CPU
		{9F2DE7A3-B59D-4234-B886-A1E23FE03775}.Release|x86.Build.0 = Release|Any CPU
		{185F9A4D-07DE-4C67-AA3A-E0B837C23036}.Debug|ARM.ActiveCfg = Debug|Any CPU
		{185F9A4D-07DE-4C67-AA3A-E0B837C23036}.Debug|ARM.Build.0 = Debug|Any CPU
		{185F9A4D-07DE-4C67-AA3A-E0B837C23036}.Debug|x64.ActiveCfg = Debug|Any CPU
		{185F9A4D-07DE-4C67-AA3A-E0B837C23036}.Debug|x64.Build.0 = Debug|Any CPU
		{185F9A4D-07DE-4C67-AA3A-E0B837C23036}.Debug|x86.ActiveCfg = Debug|Any CPU
		{185F9A4D-07DE-4C67-AA3A-E0B837C23036}.Debug|x86.Build.0 = Debug|Any CPU
		{185F9A4D-07DE-4C67-AA3A-E0B837C23036}.DebugNative|ARM.ActiveCfg = Debug|Any CPU
		{185F9A4D-07DE-4C67-AA3A-E0B837C23036}.DebugNative|ARM.Build.0 = Debug|Any CPU
		{185F9A4D-07DE-4C67-AA3A-E0B837C23036}.DebugNative|x64.ActiveCfg = Debug|Any CPU
		{185F9A4D-07DE-4C67-AA3A-E0B837C23036}.DebugNative|x64.Build.0 = Debug|Any CPU
		{185F9A4D-07DE-4C67-AA3A-E0B837C23036}.DebugNative|x86.ActiveCfg = Debug|Any CPU
		{185F9A4D-07DE-4C67-AA3A-E0B837C23036}.DebugNative|x86.Build.0 = Debug|Any CPU
		{185F9A4D-07DE-4C67-AA3A-E0B837C23036}.Release|ARM.ActiveCfg = Release|Any CPU
		{185F9A4D-07DE-4C67-AA3A-E0B837C23036}.Release|ARM.Build.0 = Release|Any CPU
		{185F9A4D-07DE-4C67-AA3A-E0B837C23036}.Release|x64.ActiveCfg = Release|Any CPU
		{185F9A4D-07DE-4C67-AA3A-E0B837C23036}.Release|x64.Build.0 = Release|Any CPU
		{185F9A4D-07DE-4C67-AA3A-E0B837C23036}.Release|x86.ActiveCfg = Release|Any CPU
		{185F9A4D-07DE-4C67-AA3A-E0B837C23036}.Release|x86.Build.0 = Release|Any CPU
		{9458A085-A9BC-4FB7-91CA-370DB87D0ECA}.Debug|ARM.ActiveCfg = Debug|Any CPU
		{9458A085-A9BC-4FB7-91CA-370DB87D0ECA}.Debug|ARM.Build.0 = Debug|Any CPU
		{9458A085-A9BC-4FB7-91CA-370DB87D0ECA}.Debug|x64.ActiveCfg = Debug|Any CPU
		{9458A085-A9BC-4FB7-91CA-370DB87D0ECA}.Debug|x64.Build.0 = Debug|Any CPU
		{9458A085-A9BC-4FB7-91CA-370DB87D0ECA}.Debug|x86.ActiveCfg = Debug|Any CPU
		{9458A085-A9BC-4FB7-91CA-370DB87D0ECA}.Debug|x86.Build.0 = Debug|Any CPU
		{9458A085-A9BC-4FB7-91CA-370DB87D0ECA}.DebugNative|ARM.ActiveCfg = Debug|Any CPU
		{9458A085-A9BC-4FB7-91CA-370DB87D0ECA}.DebugNative|ARM.Build.0 = Debug|Any CPU
		{9458A085-A9BC-4FB7-91CA-370DB87D0ECA}.DebugNative|x64.ActiveCfg = Debug|Any CPU
		{9458A085-A9BC-4FB7-91CA-370DB87D0ECA}.DebugNative|x64.Build.0 = Debug|Any CPU
		{9458A085-A9BC-4FB7-91CA-370DB87D0ECA}.DebugNative|x86.ActiveCfg = Debug|Any CPU
		{9458A085-A9BC-4FB7-91CA-370DB87D0ECA}.DebugNative|x86.Build.0 = Debug|Any CPU
		{9458A085-A9BC-4FB7-91CA-370DB87D0ECA}.Release|ARM.ActiveCfg = Release|Any CPU
		{9458A085-A9BC-4FB7-91CA-370DB87D0ECA}.Release|ARM.Build.0 = Release|Any CPU
		{9458A085-A9BC-4FB7-91CA-370DB87D0ECA}.Release|x64.ActiveCfg = Release|Any CPU
		{9458A085-A9BC-4FB7-91CA-370DB87D0ECA}.Release|x64.Build.0 = Release|Any CPU
		{9458A085-A9BC-4FB7-91CA-370DB87D0ECA}.Release|x86.ActiveCfg = Release|Any CPU
		{9458A085-A9BC-4FB7-91CA-370DB87D0ECA}.Release|x86.Build.0 = Release|Any CPU
		{E5D369E8-B344-410C-8D1A-C87E9C621C80}.Debug|ARM.ActiveCfg = Debug|Any CPU
		{E5D369E8-B344-410C-8D1A-C87E9C621C80}.Debug|ARM.Build.0 = Debug|Any CPU
		{E5D369E8-B344-410C-8D1A-C87E9C621C80}.Debug|x64.ActiveCfg = Debug|Any CPU
		{E5D369E8-B344-410C-8D1A-C87E9C621C80}.Debug|x64.Build.0 = Debug|Any CPU
		{E5D369E8-B344-410C-8D1A-C87E9C621C80}.Debug|x86.ActiveCfg = Debug|Any CPU
		{E5D369E8-B344-410C-8D1A-C87E9C621C80}.Debug|x86.Build.0 = Debug|Any CPU
		{E5D369E8-B344-410C-8D1A-C87E9C621C80}.DebugNative|ARM.ActiveCfg = Debug|Any CPU
		{E5D369E8-B344-410C-8D1A-C87E9C621C80}.DebugNative|ARM.Build.0 = Debug|Any CPU
		{E5D369E8-B344-410C-8D1A-C87E9C621C80}.DebugNative|x64.ActiveCfg = Debug|Any CPU
		{E5D369E8-B344-410C-8D1A-C87E9C621C80}.DebugNative|x64.Build.0 = Debug|Any CPU
		{E5D369E8-B344-410C-8D1A-C87E9C621C80}.DebugNative|x86.ActiveCfg = Debug|Any CPU
		{E5D369E8-B344-410C-8D1A-C87E9C621C80}.DebugNative|x86.Build.0 = Debug|Any CPU
		{E5D369E8-B344-410C-8D1A-C87E9C621C80}.Release|ARM.ActiveCfg = Release|Any CPU
		{E5D369E8-B344-410C-8D1A-C87E9C621C80}.Release|ARM.Build.0 = Release|Any CPU
		{E5D369E8-B344-410C-8D1A-C87E9C621C80}.Release|x64.ActiveCfg = Release|Any CPU
		{E5D369E8-B344-410C-8D1A-C87E9C621C80}.Release|x64.Build.0 = Release|Any CPU
		{E5D369E8-B344-410C-8D1A-C87E9C621C80}.Release|x86.ActiveCfg = Release|Any CPU
		{E5D369E8-B344-410C-8D1A-C87E9C621C80}.Release|x86.Build.0 = Release|Any CPU
		{54D66FB9-FD17-440C-8E2C-18079FF0189F}.Debug|ARM.ActiveCfg = Debug|Any CPU
		{54D66FB9-FD17-440C-8E2C-18079FF0189F}.Debug|ARM.Build.0 = Debug|Any CPU
		{54D66FB9-FD17-440C-8E2C-18079FF0189F}.Debug|x64.ActiveCfg = Debug|Any CPU
		{54D66FB9-FD17-440C-8E2C-18079FF0189F}.Debug|x64.Build.0 = Debug|Any CPU
		{54D66FB9-FD17-440C-8E2C-18079FF0189F}.Debug|x86.ActiveCfg = Debug|Any CPU
		{54D66FB9-FD17-440C-8E2C-18079FF0189F}.Debug|x86.Build.0 = Debug|Any CPU
		{54D66FB9-FD17-440C-8E2C-18079FF0189F}.DebugNative|ARM.ActiveCfg = Debug|Any CPU
		{54D66FB9-FD17-440C-8E2C-18079FF0189F}.DebugNative|ARM.Build.0 = Debug|Any CPU
		{54D66FB9-FD17-440C-8E2C-18079FF0189F}.DebugNative|x64.ActiveCfg = Debug|Any CPU
		{54D66FB9-FD17-440C-8E2C-18079FF0189F}.DebugNative|x64.Build.0 = Debug|Any CPU
		{54D66FB9-FD17-440C-8E2C-18079FF0189F}.DebugNative|x86.ActiveCfg = Debug|Any CPU
		{54D66FB9-FD17-440C-8E2C-18079FF0189F}.DebugNative|x86.Build.0 = Debug|Any CPU
		{54D66FB9-FD17-440C-8E2C-18079FF0189F}.Release|ARM.ActiveCfg = Release|Any CPU
		{54D66FB9-FD17-440C-8E2C-18079FF0189F}.Release|ARM.Build.0 = Release|Any CPU
		{54D66FB9-FD17-440C-8E2C-18079FF0189F}.Release|x64.ActiveCfg = Release|Any CPU
		{54D66FB9-FD17-440C-8E2C-18079FF0189F}.Release|x64.Build.0 = Release|Any CPU
		{54D66FB9-FD17-440C-8E2C-18079FF0189F}.Release|x86.ActiveCfg = Release|Any CPU
		{54D66FB9-FD17-440C-8E2C-18079FF0189F}.Release|x86.Build.0 = Release|Any CPU
		{E38F80D6-2E82-4716-B47D-C15E54AEC590}.Debug|ARM.ActiveCfg = Debug|Any CPU
		{E38F80D6-2E82-4716-B47D-C15E54AEC590}.Debug|ARM.Build.0 = Debug|Any CPU
		{E38F80D6-2E82-4716-B47D-C15E54AEC590}.Debug|x64.ActiveCfg = Debug|Any CPU
		{E38F80D6-2E82-4716-B47D-C15E54AEC590}.Debug|x64.Build.0 = Debug|Any CPU
		{E38F80D6-2E82-4716-B47D-C15E54AEC590}.Debug|x86.ActiveCfg = Debug|Any CPU
		{E38F80D6-2E82-4716-B47D-C15E54AEC590}.Debug|x86.Build.0 = Debug|Any CPU
		{E38F80D6-2E82-4716-B47D-C15E54AEC590}.DebugNative|ARM.ActiveCfg = Debug|Any CPU
		{E38F80D6-2E82-4716-B47D-C15E54AEC590}.DebugNative|ARM.Build.0 = Debug|Any CPU
		{E38F80D6-2E82-4716-B47D-C15E54AEC590}.DebugNative|x64.ActiveCfg = Debug|Any CPU
		{E38F80D6-2E82-4716-B47D-C15E54AEC590}.DebugNative|x64.Build.0 = Debug|Any CPU
		{E38F80D6-2E82-4716-B47D-C15E54AEC590}.DebugNative|x86.ActiveCfg = Debug|Any CPU
		{E38F80D6-2E82-4716-B47D-C15E54AEC590}.DebugNative|x86.Build.0 = Debug|Any CPU
		{E38F80D6-2E82-4716-B47D-C15E54AEC590}.Release|ARM.ActiveCfg = Release|Any CPU
		{E38F80D6-2E82-4716-B47D-C15E54AEC590}.Release|ARM.Build.0 = Release|Any CPU
		{E38F80D6-2E82-4716-B47D-C15E54AEC590}.Release|x64.ActiveCfg = Release|Any CPU
		{E38F80D6-2E82-4716-B47D-C15E54AEC590}.Release|x64.Build.0 = Release|Any CPU
		{E38F80D6-2E82-4716-B47D-C15E54AEC590}.Release|x86.ActiveCfg = Release|Any CPU
		{E38F80D6-2E82-4716-B47D-C15E54AEC590}.Release|x86.Build.0 = Release|Any CPU
	EndGlobalSection
	GlobalSection(SolutionProperties) = preSolution
		HideSolutionNode = FALSE
	EndGlobalSection
	GlobalSection(NestedProjects) = preSolution
		{773D4281-944D-4154-AE00-A69CFCA6659C} = {51A97823-F0E6-42BE-B01B-F6686C1C4BD1}
		{A3E0327E-E89C-4B56-B9D2-75C6E60EBB39} = {51A97823-F0E6-42BE-B01B-F6686C1C4BD1}
		{6BBBE871-BEB9-47CF-BBF9-28DB9B64729A} = {51A97823-F0E6-42BE-B01B-F6686C1C4BD1}
		{AB6EC829-12AC-4B7C-A348-5C7620C96EB5} = {51A97823-F0E6-42BE-B01B-F6686C1C4BD1}
		{A16DFBEC-F553-4F70-B1F8-24FB37012CF3} = {51A97823-F0E6-42BE-B01B-F6686C1C4BD1}
		{D5E9FD1A-A812-4FEB-B252-A84242B0E4CC} = {51A97823-F0E6-42BE-B01B-F6686C1C4BD1}
		{08C823F1-7E6A-47A9-83E1-D3E9EAE07E51} = {38D02581-E437-4553-815D-C4FBB67029A0}
		{05EB7B5D-CC39-4D62-8D11-EF3EAA99DD91} = {38D02581-E437-4553-815D-C4FBB67029A0}
		{2DB243BB-D99C-4D5C-AAA9-98104CC7EFA0} = {38D02581-E437-4553-815D-C4FBB67029A0}
		{9CCC28AD-ACC3-4043-A408-6E67CE46D7B5} = {38D02581-E437-4553-815D-C4FBB67029A0}
		{159E60F5-E46D-48E8-BC31-3987AC70F991} = {38D02581-E437-4553-815D-C4FBB67029A0}
		{86E8F33C-8ACF-4AFE-BE87-FF6A30034C17} = {38D02581-E437-4553-815D-C4FBB67029A0}
		{DD061355-BCEC-4512-A262-8FBDDF2F3C5D} = {F56CCD2C-4509-47A4-A64E-1AE8A127938D}
		{F7401BDD-57A6-4B0C-BF56-E708F146ECE6} = {B8A48836-73E5-4AB3-AA71-C3C70B426963}
		{872A67E9-1A02-45CB-8948-0AA25BC71974} = {48C9CE95-9BD9-4501-A6AE-13BA8EA94DC2}
		{9F2DE7A3-B59D-4234-B886-A1E23FE03775} = {48C9CE95-9BD9-4501-A6AE-13BA8EA94DC2}
		{185F9A4D-07DE-4C67-AA3A-E0B837C23036} = {48C9CE95-9BD9-4501-A6AE-13BA8EA94DC2}
		{9458A085-A9BC-4FB7-91CA-370DB87D0ECA} = {48C9CE95-9BD9-4501-A6AE-13BA8EA94DC2}
		{E5D369E8-B344-410C-8D1A-C87E9C621C80} = {48C9CE95-9BD9-4501-A6AE-13BA8EA94DC2}
		{B540A9B0-CAFD-434C-BAA1-7CE09D7FF45D} = {48C9CE95-9BD9-4501-A6AE-13BA8EA94DC2}
		{54D66FB9-FD17-440C-8E2C-18079FF0189F} = {B540A9B0-CAFD-434C-BAA1-7CE09D7FF45D}
		{E38F80D6-2E82-4716-B47D-C15E54AEC590} = {B540A9B0-CAFD-434C-BAA1-7CE09D7FF45D}
	EndGlobalSection
	GlobalSection(ExtensibilityGlobals) = postSolution
		SolutionGuid = {D453CD6A-4918-42E2-A29D-43391DB418D2}
	EndGlobalSection
EndGlobal
