Microsoft Visual Studio Solution File, Format Version 12.00
# Visual Studio Version 17
VisualStudioVersion = 17.0.31903.59
MinimumVisualStudioVersion = 10.0.40219.1
Project("{2150E333-8FDC-42A3-9474-1A3956D46DE8}") = "Solution Items", "Solution Items", "{E0AB6896-F03C-428E-B9C8-5CE620181F88}"
	ProjectSection(SolutionItems) = preProject
		.editorconfig = .editorconfig
		Directory.Build.props = Directory.Build.props
		Directory.Packages.props = Directory.Packages.props
		README.md = README.md
	EndProjectSection
EndProject
Project("{2150E333-8FDC-42A3-9474-1A3956D46DE8}") = "Infrastructure", "Infrastructure", "{2226138F-17D3-48A9-8F9F-65024C5BB300}"
EndProject
Project("{9A19103F-16F7-4668-BE54-9A1E7A4F7556}") = "Sakuno.ING.Standard", "src\Infrastructure\Sakuno.ING.Standard\Sakuno.ING.Standard.csproj", "{9B1245EB-DFEF-4DCA-8172-5FDE4FF90596}"
EndProject
Project("{2150E333-8FDC-42A3-9474-1A3956D46DE8}") = "Game", "Game", "{0BD5BD3A-AECC-4124-AC6D-FC48DF0F56E6}"
EndProject
Project("{9A19103F-16F7-4668-BE54-9A1E7A4F7556}") = "Sakuno.ING.Game.Core", "src\Game\Sakuno.ING.Game.Core\Sakuno.ING.Game.Core.csproj", "{26E834F6-E532-4094-9D64-911DFD7DD06A}"
EndProject
Project("{9A19103F-16F7-4668-BE54-9A1E7A4F7556}") = "Sakuno.ING.Game.Provider", "src\Game\Sakuno.ING.Game.Provider\Sakuno.ING.Game.Provider.csproj", "{1F910F69-815C-4A7D-AC57-FC1B40DEE309}"
EndProject
Project("{9A19103F-16F7-4668-BE54-9A1E7A4F7556}") = "Sakuno.ING.Game.Provider.SourceGenerators", "src\Game\Sakuno.ING.Game.Provider.SourceGenerators\Sakuno.ING.Game.Provider.SourceGenerators.csproj", "{DE165019-425D-4A52-A236-3EDEA1866E20}"
EndProject
Project("{9A19103F-16F7-4668-BE54-9A1E7A4F7556}") = "Sakuno.ING.Game.Provider.Json", "src\Game\Sakuno.ING.Game.Provider.Json\Sakuno.ING.Game.Provider.Json.csproj", "{AAB06AD9-A65B-4AB2-95CD-A393EC99CE9C}"
EndProject
Project("{9A19103F-16F7-4668-BE54-9A1E7A4F7556}") = "Sakuno.ING.Game.Provider.Json.SourceGenerators", "src\Game\Sakuno.ING.Game.Provider.Json.SourceGenerators\Sakuno.ING.Game.Provider.Json.SourceGenerators.csproj", "{2B182479-38B6-4C33-83BE-47532ECD8E03}"
EndProject
Project("{9A19103F-16F7-4668-BE54-9A1E7A4F7556}") = "Sakuno.ING.Game.Core.SourceGenerators", "src\Game\Sakuno.ING.Game.Core.SourceGenerators\Sakuno.ING.Game.Core.SourceGenerators.csproj", "{729FDE41-BA40-4FCC-A5E4-BFF76B3685A4}"
EndProject
Project("{9A19103F-16F7-4668-BE54-9A1E7A4F7556}") = "Sakuno.ING.Game", "src\Game\Sakuno.ING.Game\Sakuno.ING.Game.csproj", "{36A9F2F6-A635-47E0-860A-818CBF5F0810}"
EndProject
Project("{9A19103F-16F7-4668-BE54-9A1E7A4F7556}") = "Sakuno.ING.Game.Tests", "src\Game\Sakuno.ING.Game.Tests\Sakuno.ING.Game.Tests.csproj", "{8F23A9AA-9968-4CC5-8BFF-81FDA232D4F5}"
EndProject
Project("{2150E333-8FDC-42A3-9474-1A3956D46DE8}") = "ViewModels", "ViewModels", "{B12BCBFD-040F-4EF8-AEE0-B92D685B2732}"
EndProject
Project("{9A19103F-16F7-4668-BE54-9A1E7A4F7556}") = "Sakuno.ING.ViewModels", "src\ViewModels\Sakuno.ING.ViewModels\Sakuno.ING.ViewModels.csproj", "{9D03CAFE-9FA7-4BC4-943A-1E181ABD933F}"
EndProject
Project("{9A19103F-16F7-4668-BE54-9A1E7A4F7556}") = "Sakuno.ING.ViewModels.Tests", "src\ViewModels\Sakuno.ING.ViewModels.Tests\Sakuno.ING.ViewModels.Tests.csproj", "{C8F6F87B-BF68-48BB-B189-22C06583B9FC}"
EndProject
Project("{9A19103F-16F7-4668-BE54-9A1E7A4F7556}") = "Sakuno.ING.Standard.SourceGenerators", "src\Infrastructure\Sakuno.ING.Standard.SourceGenerators\Sakuno.ING.Standard.SourceGenerators.csproj", "{4E29FE2B-FAF8-47DD-B2E9-D3DDDD11F924}"
EndProject
Project("{9A19103F-16F7-4668-BE54-9A1E7A4F7556}") = "Sakuno.ING.Standard.SourceGenerators.Sample", "src\Infrastructure\Sakuno.ING.Standard.SourceGenerators.Sample\Sakuno.ING.Standard.SourceGenerators.Sample.csproj", "{BB960DAA-F767-4E4A-88EC-75B73D5EFEC1}"
EndProject
Project("{2150E333-8FDC-42A3-9474-1A3956D46DE8}") = "Shell", "Shell", "{5A4B55E7-5D35-4275-AC49-11FD72920F78}"
EndProject
Project("{9A19103F-16F7-4668-BE54-9A1E7A4F7556}") = "Sakuno.ING.Shell.Launcher", "src\Shell\Sakuno.ING.Shell.Launcher\Sakuno.ING.Shell.Launcher.csproj", "{B7C66748-3561-4EB5-8A44-45AEDD89C7CD}"
EndProject
Project("{9A19103F-16F7-4668-BE54-9A1E7A4F7556}") = "Sakuno.ING.Shell.Hosting", "src\Shell\Sakuno.ING.Shell.Hosting\Sakuno.ING.Shell.Hosting.csproj", "{7C736DAB-F648-472E-9582-B34C16D6D7C5}"
EndProject
Global
	GlobalSection(SolutionConfigurationPlatforms) = preSolution
		Debug|Any CPU = Debug|Any CPU
		Release|Any CPU = Release|Any CPU
	EndGlobalSection
	GlobalSection(ProjectConfigurationPlatforms) = postSolution
		{9B1245EB-DFEF-4DCA-8172-5FDE4FF90596}.Debug|Any CPU.ActiveCfg = Debug|Any CPU
		{9B1245EB-DFEF-4DCA-8172-5FDE4FF90596}.Debug|Any CPU.Build.0 = Debug|Any CPU
		{9B1245EB-DFEF-4DCA-8172-5FDE4FF90596}.Release|Any CPU.ActiveCfg = Release|Any CPU
		{9B1245EB-DFEF-4DCA-8172-5FDE4FF90596}.Release|Any CPU.Build.0 = Release|Any CPU
		{26E834F6-E532-4094-9D64-911DFD7DD06A}.Debug|Any CPU.ActiveCfg = Debug|Any CPU
		{26E834F6-E532-4094-9D64-911DFD7DD06A}.Debug|Any CPU.Build.0 = Debug|Any CPU
		{26E834F6-E532-4094-9D64-911DFD7DD06A}.Release|Any CPU.ActiveCfg = Release|Any CPU
		{26E834F6-E532-4094-9D64-911DFD7DD06A}.Release|Any CPU.Build.0 = Release|Any CPU
		{1F910F69-815C-4A7D-AC57-FC1B40DEE309}.Debug|Any CPU.ActiveCfg = Debug|Any CPU
		{1F910F69-815C-4A7D-AC57-FC1B40DEE309}.Debug|Any CPU.Build.0 = Debug|Any CPU
		{1F910F69-815C-4A7D-AC57-FC1B40DEE309}.Release|Any CPU.ActiveCfg = Release|Any CPU
		{1F910F69-815C-4A7D-AC57-FC1B40DEE309}.Release|Any CPU.Build.0 = Release|Any CPU
		{DE165019-425D-4A52-A236-3EDEA1866E20}.Debug|Any CPU.ActiveCfg = Debug|Any CPU
		{DE165019-425D-4A52-A236-3EDEA1866E20}.Debug|Any CPU.Build.0 = Debug|Any CPU
		{DE165019-425D-4A52-A236-3EDEA1866E20}.Release|Any CPU.ActiveCfg = Release|Any CPU
		{DE165019-425D-4A52-A236-3EDEA1866E20}.Release|Any CPU.Build.0 = Release|Any CPU
		{AAB06AD9-A65B-4AB2-95CD-A393EC99CE9C}.Debug|Any CPU.ActiveCfg = Debug|Any CPU
		{AAB06AD9-A65B-4AB2-95CD-A393EC99CE9C}.Debug|Any CPU.Build.0 = Debug|Any CPU
		{AAB06AD9-A65B-4AB2-95CD-A393EC99CE9C}.Release|Any CPU.ActiveCfg = Release|Any CPU
		{AAB06AD9-A65B-4AB2-95CD-A393EC99CE9C}.Release|Any CPU.Build.0 = Release|Any CPU
		{2B182479-38B6-4C33-83BE-47532ECD8E03}.Debug|Any CPU.ActiveCfg = Debug|Any CPU
		{2B182479-38B6-4C33-83BE-47532ECD8E03}.Debug|Any CPU.Build.0 = Debug|Any CPU
		{2B182479-38B6-4C33-83BE-47532ECD8E03}.Release|Any CPU.ActiveCfg = Release|Any CPU
		{2B182479-38B6-4C33-83BE-47532ECD8E03}.Release|Any CPU.Build.0 = Release|Any CPU
		{729FDE41-BA40-4FCC-A5E4-BFF76B3685A4}.Debug|Any CPU.ActiveCfg = Debug|Any CPU
		{729FDE41-BA40-4FCC-A5E4-BFF76B3685A4}.Debug|Any CPU.Build.0 = Debug|Any CPU
		{729FDE41-BA40-4FCC-A5E4-BFF76B3685A4}.Release|Any CPU.ActiveCfg = Release|Any CPU
		{729FDE41-BA40-4FCC-A5E4-BFF76B3685A4}.Release|Any CPU.Build.0 = Release|Any CPU
		{36A9F2F6-A635-47E0-860A-818CBF5F0810}.Debug|Any CPU.ActiveCfg = Debug|Any CPU
		{36A9F2F6-A635-47E0-860A-818CBF5F0810}.Debug|Any CPU.Build.0 = Debug|Any CPU
		{36A9F2F6-A635-47E0-860A-818CBF5F0810}.Release|Any CPU.ActiveCfg = Release|Any CPU
		{36A9F2F6-A635-47E0-860A-818CBF5F0810}.Release|Any CPU.Build.0 = Release|Any CPU
		{8F23A9AA-9968-4CC5-8BFF-81FDA232D4F5}.Debug|Any CPU.ActiveCfg = Debug|Any CPU
		{8F23A9AA-9968-4CC5-8BFF-81FDA232D4F5}.Debug|Any CPU.Build.0 = Debug|Any CPU
		{8F23A9AA-9968-4CC5-8BFF-81FDA232D4F5}.Release|Any CPU.ActiveCfg = Release|Any CPU
		{8F23A9AA-9968-4CC5-8BFF-81FDA232D4F5}.Release|Any CPU.Build.0 = Release|Any CPU
		{9D03CAFE-9FA7-4BC4-943A-1E181ABD933F}.Debug|Any CPU.ActiveCfg = Debug|Any CPU
		{9D03CAFE-9FA7-4BC4-943A-1E181ABD933F}.Debug|Any CPU.Build.0 = Debug|Any CPU
		{9D03CAFE-9FA7-4BC4-943A-1E181ABD933F}.Release|Any CPU.ActiveCfg = Release|Any CPU
		{9D03CAFE-9FA7-4BC4-943A-1E181ABD933F}.Release|Any CPU.Build.0 = Release|Any CPU
		{C8F6F87B-BF68-48BB-B189-22C06583B9FC}.Debug|Any CPU.ActiveCfg = Debug|Any CPU
		{C8F6F87B-BF68-48BB-B189-22C06583B9FC}.Debug|Any CPU.Build.0 = Debug|Any CPU
		{C8F6F87B-BF68-48BB-B189-22C06583B9FC}.Release|Any CPU.ActiveCfg = Release|Any CPU
		{C8F6F87B-BF68-48BB-B189-22C06583B9FC}.Release|Any CPU.Build.0 = Release|Any CPU
		{4E29FE2B-FAF8-47DD-B2E9-D3DDDD11F924}.Debug|Any CPU.ActiveCfg = Debug|Any CPU
		{4E29FE2B-FAF8-47DD-B2E9-D3DDDD11F924}.Debug|Any CPU.Build.0 = Debug|Any CPU
		{4E29FE2B-FAF8-47DD-B2E9-D3DDDD11F924}.Release|Any CPU.ActiveCfg = Release|Any CPU
		{4E29FE2B-FAF8-47DD-B2E9-D3DDDD11F924}.Release|Any CPU.Build.0 = Release|Any CPU
		{BB960DAA-F767-4E4A-88EC-75B73D5EFEC1}.Debug|Any CPU.ActiveCfg = Debug|Any CPU
		{BB960DAA-F767-4E4A-88EC-75B73D5EFEC1}.Debug|Any CPU.Build.0 = Debug|Any CPU
		{BB960DAA-F767-4E4A-88EC-75B73D5EFEC1}.Release|Any CPU.ActiveCfg = Release|Any CPU
		{BB960DAA-F767-4E4A-88EC-75B73D5EFEC1}.Release|Any CPU.Build.0 = Release|Any CPU
		{B7C66748-3561-4EB5-8A44-45AEDD89C7CD}.Debug|Any CPU.ActiveCfg = Debug|Any CPU
		{B7C66748-3561-4EB5-8A44-45AEDD89C7CD}.Debug|Any CPU.Build.0 = Debug|Any CPU
		{B7C66748-3561-4EB5-8A44-45AEDD89C7CD}.Release|Any CPU.ActiveCfg = Release|Any CPU
		{B7C66748-3561-4EB5-8A44-45AEDD89C7CD}.Release|Any CPU.Build.0 = Release|Any CPU
		{7C736DAB-F648-472E-9582-B34C16D6D7C5}.Debug|Any CPU.ActiveCfg = Debug|Any CPU
		{7C736DAB-F648-472E-9582-B34C16D6D7C5}.Debug|Any CPU.Build.0 = Debug|Any CPU
		{7C736DAB-F648-472E-9582-B34C16D6D7C5}.Release|Any CPU.ActiveCfg = Release|Any CPU
		{7C736DAB-F648-472E-9582-B34C16D6D7C5}.Release|Any CPU.Build.0 = Release|Any CPU
	EndGlobalSection
	GlobalSection(SolutionProperties) = preSolution
		HideSolutionNode = FALSE
	EndGlobalSection
	GlobalSection(NestedProjects) = preSolution
		{9B1245EB-DFEF-4DCA-8172-5FDE4FF90596} = {2226138F-17D3-48A9-8F9F-65024C5BB300}
		{26E834F6-E532-4094-9D64-911DFD7DD06A} = {0BD5BD3A-AECC-4124-AC6D-FC48DF0F56E6}
		{1F910F69-815C-4A7D-AC57-FC1B40DEE309} = {0BD5BD3A-AECC-4124-AC6D-FC48DF0F56E6}
		{DE165019-425D-4A52-A236-3EDEA1866E20} = {0BD5BD3A-AECC-4124-AC6D-FC48DF0F56E6}
		{AAB06AD9-A65B-4AB2-95CD-A393EC99CE9C} = {0BD5BD3A-AECC-4124-AC6D-FC48DF0F56E6}
		{2B182479-38B6-4C33-83BE-47532ECD8E03} = {0BD5BD3A-AECC-4124-AC6D-FC48DF0F56E6}
		{729FDE41-BA40-4FCC-A5E4-BFF76B3685A4} = {0BD5BD3A-AECC-4124-AC6D-FC48DF0F56E6}
		{36A9F2F6-A635-47E0-860A-818CBF5F0810} = {0BD5BD3A-AECC-4124-AC6D-FC48DF0F56E6}
		{8F23A9AA-9968-4CC5-8BFF-81FDA232D4F5} = {0BD5BD3A-AECC-4124-AC6D-FC48DF0F56E6}
		{9D03CAFE-9FA7-4BC4-943A-1E181ABD933F} = {B12BCBFD-040F-4EF8-AEE0-B92D685B2732}
		{C8F6F87B-BF68-48BB-B189-22C06583B9FC} = {B12BCBFD-040F-4EF8-AEE0-B92D685B2732}
		{4E29FE2B-FAF8-47DD-B2E9-D3DDDD11F924} = {2226138F-17D3-48A9-8F9F-65024C5BB300}
		{BB960DAA-F767-4E4A-88EC-75B73D5EFEC1} = {2226138F-17D3-48A9-8F9F-65024C5BB300}
		{B7C66748-3561-4EB5-8A44-45AEDD89C7CD} = {5A4B55E7-5D35-4275-AC49-11FD72920F78}
		{7C736DAB-F648-472E-9582-B34C16D6D7C5} = {5A4B55E7-5D35-4275-AC49-11FD72920F78}
	EndGlobalSection
	GlobalSection(ExtensibilityGlobals) = postSolution
		SolutionGuid = {CA44D8F6-C8F3-4AEB-A375-A2FA10EDC3F8}
	EndGlobalSection
EndGlobal
