
Microsoft Visual Studio Solution File, Format Version 12.00
# Visual Studio Version 16
VisualStudioVersion = 16.0.30611.23
MinimumVisualStudioVersion = 15.0.26124.0
Project("{2150E333-8FDC-42A3-9474-1A3956D46DE8}") = "Solution Items", "Solution Items", "{E0AB6896-F03C-428E-B9C8-5CE620181F88}"
	ProjectSection(SolutionItems) = preProject
		.editorconfig = .editorconfig
		Directory.Build.props = Directory.Build.props
		README.md = README.md
	EndProjectSection
EndProject
Project("{2150E333-8FDC-42A3-9474-1A3956D46DE8}") = "Infrastructure", "Infrastructure", "{B1D34408-D334-448B-9A11-E0590FD28CDF}"
	ProjectSection(SolutionItems) = preProject
		src\Infrastructure\Directory.Build.props = src\Infrastructure\Directory.Build.props
	EndProjectSection
EndProject
Project("{9A19103F-16F7-4668-BE54-9A1E7A4F7556}") = "Sakuno.ING.Standard", "src\Infrastructure\Sakuno.ING.Standard\Sakuno.ING.Standard.csproj", "{27D2EB0D-3FED-4FAC-AD60-6D93B450096A}"
EndProject
Project("{2150E333-8FDC-42A3-9474-1A3956D46DE8}") = "Game", "Game", "{30A48A41-32EA-426D-9817-DC9843F5728F}"
	ProjectSection(SolutionItems) = preProject
		src\Game\Directory.Build.props = src\Game\Directory.Build.props
	EndProjectSection
EndProject
Project("{9A19103F-16F7-4668-BE54-9A1E7A4F7556}") = "Sakuno.ING.Game.Provider", "src\Game\Sakuno.ING.Game.Provider\Sakuno.ING.Game.Provider.csproj", "{5E09738D-EF15-4311-905C-AEEFF6F38182}"
EndProject
Project("{2150E333-8FDC-42A3-9474-1A3956D46DE8}") = "Tests", "Tests", "{E95570D8-E5C4-4A78-AC91-67B35BFEA135}"
	ProjectSection(SolutionItems) = preProject
		tests\Directory.Build.props = tests\Directory.Build.props
	EndProjectSection
EndProject
Project("{9A19103F-16F7-4668-BE54-9A1E7A4F7556}") = "Sakuno.ING.Game.Models", "src\Game\Sakuno.ING.Game.Models\Sakuno.ING.Game.Models.csproj", "{CABE0F77-6751-4C5C-84E0-65F919BE291B}"
EndProject
Project("{9A19103F-16F7-4668-BE54-9A1E7A4F7556}") = "Sakuno.ING.Bootstrap", "src\Infrastructure\Sakuno.ING.Bootstrap\Sakuno.ING.Bootstrap.csproj", "{525E9DFD-A51C-4ACB-A95E-45B8AFBC5D3B}"
EndProject
Project("{2150E333-8FDC-42A3-9474-1A3956D46DE8}") = "Core", "Core", "{EFE26BB4-5B74-42D1-AD40-4DC376F146D1}"
EndProject
Project("{2150E333-8FDC-42A3-9474-1A3956D46DE8}") = "Desktop", "Desktop", "{3753FC62-B775-4A12-82CE-06DD4E0601B3}"
	ProjectSection(SolutionItems) = preProject
		src\Core\Desktop\Directory.Build.props = src\Core\Desktop\Directory.Build.props
	EndProjectSection
EndProject
Project("{9A19103F-16F7-4668-BE54-9A1E7A4F7556}") = "Sakuno.ING.Launcher", "src\Core\Desktop\Sakuno.ING.Launcher\Sakuno.ING.Launcher.csproj", "{254B0EE4-343E-4E8C-9A39-8041B1938A81}"
EndProject
Project("{9A19103F-16F7-4668-BE54-9A1E7A4F7556}") = "Sakuno.ING.Shell.Desktop", "src\Core\Desktop\Sakuno.ING.Shell.Desktop\Sakuno.ING.Shell.Desktop.csproj", "{5A3AFDB9-1CE4-4D43-8B81-BD556CAC6D1F}"
EndProject
Project("{2150E333-8FDC-42A3-9474-1A3956D46DE8}") = "ViewModels", "ViewModels", "{F6534AE9-6E81-4C0E-B2A9-D7DAAFC6EA80}"
	ProjectSection(SolutionItems) = preProject
		src\ViewModels\Directory.Build.props = src\ViewModels\Directory.Build.props
	EndProjectSection
EndProject
Project("{9A19103F-16F7-4668-BE54-9A1E7A4F7556}") = "Sakuno.ING.ViewModels", "src\ViewModels\Sakuno.ING.ViewModels\Sakuno.ING.ViewModels.csproj", "{949424DF-D72A-4169-B292-5DE90C39725A}"
EndProject
Project("{2150E333-8FDC-42A3-9474-1A3956D46DE8}") = "Views", "Views", "{7E67289B-FFAE-4EA0-8682-69D17080B3A2}"
EndProject
Project("{9A19103F-16F7-4668-BE54-9A1E7A4F7556}") = "Sakuno.ING.Views.Desktop.Common", "src\Core\Desktop\Sakuno.ING.Views.Desktop.Common\Sakuno.ING.Views.Desktop.Common.csproj", "{4C743916-8FB5-4581-A895-747B8B09E07A}"
EndProject
Project("{9A19103F-16F7-4668-BE54-9A1E7A4F7556}") = "Sakuno.ING.Views.Desktop", "src\Views\Sakuno.ING.Views.Desktop\Sakuno.ING.Views.Desktop.csproj", "{335B7E6A-3F5C-4562-B77C-20F9145DD0CC}"
EndProject
Project("{9A19103F-16F7-4668-BE54-9A1E7A4F7556}") = "Sakuno.ING.Game.Provider.SourceGenerator", "src\Game\Sakuno.ING.Game.Provider.SourceGenerator\Sakuno.ING.Game.Provider.SourceGenerator.csproj", "{B7913E01-BCE4-480B-8665-87BE36CCE091}"
EndProject
Project("{9A19103F-16F7-4668-BE54-9A1E7A4F7556}") = "Sakuno.ING.Game.Models.Tests", "tests\Sakuno.ING.Game.Models.Tests\Sakuno.ING.Game.Models.Tests.csproj", "{5AF27027-B766-4355-81D6-54EA94B2F72B}"
EndProject
Global
	GlobalSection(SolutionConfigurationPlatforms) = preSolution
		Debug|Any CPU = Debug|Any CPU
		Debug|x64 = Debug|x64
		Debug|x86 = Debug|x86
		Release|Any CPU = Release|Any CPU
		Release|x64 = Release|x64
		Release|x86 = Release|x86
	EndGlobalSection
	GlobalSection(ProjectConfigurationPlatforms) = postSolution
		{27D2EB0D-3FED-4FAC-AD60-6D93B450096A}.Debug|Any CPU.ActiveCfg = Debug|Any CPU
		{27D2EB0D-3FED-4FAC-AD60-6D93B450096A}.Debug|Any CPU.Build.0 = Debug|Any CPU
		{27D2EB0D-3FED-4FAC-AD60-6D93B450096A}.Debug|x64.ActiveCfg = Debug|Any CPU
		{27D2EB0D-3FED-4FAC-AD60-6D93B450096A}.Debug|x64.Build.0 = Debug|Any CPU
		{27D2EB0D-3FED-4FAC-AD60-6D93B450096A}.Debug|x86.ActiveCfg = Debug|Any CPU
		{27D2EB0D-3FED-4FAC-AD60-6D93B450096A}.Debug|x86.Build.0 = Debug|Any CPU
		{27D2EB0D-3FED-4FAC-AD60-6D93B450096A}.Release|Any CPU.ActiveCfg = Release|Any CPU
		{27D2EB0D-3FED-4FAC-AD60-6D93B450096A}.Release|Any CPU.Build.0 = Release|Any CPU
		{27D2EB0D-3FED-4FAC-AD60-6D93B450096A}.Release|x64.ActiveCfg = Release|Any CPU
		{27D2EB0D-3FED-4FAC-AD60-6D93B450096A}.Release|x64.Build.0 = Release|Any CPU
		{27D2EB0D-3FED-4FAC-AD60-6D93B450096A}.Release|x86.ActiveCfg = Release|Any CPU
		{27D2EB0D-3FED-4FAC-AD60-6D93B450096A}.Release|x86.Build.0 = Release|Any CPU
		{5E09738D-EF15-4311-905C-AEEFF6F38182}.Debug|Any CPU.ActiveCfg = Debug|Any CPU
		{5E09738D-EF15-4311-905C-AEEFF6F38182}.Debug|Any CPU.Build.0 = Debug|Any CPU
		{5E09738D-EF15-4311-905C-AEEFF6F38182}.Debug|x64.ActiveCfg = Debug|Any CPU
		{5E09738D-EF15-4311-905C-AEEFF6F38182}.Debug|x64.Build.0 = Debug|Any CPU
		{5E09738D-EF15-4311-905C-AEEFF6F38182}.Debug|x86.ActiveCfg = Debug|Any CPU
		{5E09738D-EF15-4311-905C-AEEFF6F38182}.Debug|x86.Build.0 = Debug|Any CPU
		{5E09738D-EF15-4311-905C-AEEFF6F38182}.Release|Any CPU.ActiveCfg = Release|Any CPU
		{5E09738D-EF15-4311-905C-AEEFF6F38182}.Release|Any CPU.Build.0 = Release|Any CPU
		{5E09738D-EF15-4311-905C-AEEFF6F38182}.Release|x64.ActiveCfg = Release|Any CPU
		{5E09738D-EF15-4311-905C-AEEFF6F38182}.Release|x64.Build.0 = Release|Any CPU
		{5E09738D-EF15-4311-905C-AEEFF6F38182}.Release|x86.ActiveCfg = Release|Any CPU
		{5E09738D-EF15-4311-905C-AEEFF6F38182}.Release|x86.Build.0 = Release|Any CPU
		{CABE0F77-6751-4C5C-84E0-65F919BE291B}.Debug|Any CPU.ActiveCfg = Debug|Any CPU
		{CABE0F77-6751-4C5C-84E0-65F919BE291B}.Debug|Any CPU.Build.0 = Debug|Any CPU
		{CABE0F77-6751-4C5C-84E0-65F919BE291B}.Debug|x64.ActiveCfg = Debug|Any CPU
		{CABE0F77-6751-4C5C-84E0-65F919BE291B}.Debug|x64.Build.0 = Debug|Any CPU
		{CABE0F77-6751-4C5C-84E0-65F919BE291B}.Debug|x86.ActiveCfg = Debug|Any CPU
		{CABE0F77-6751-4C5C-84E0-65F919BE291B}.Debug|x86.Build.0 = Debug|Any CPU
		{CABE0F77-6751-4C5C-84E0-65F919BE291B}.Release|Any CPU.ActiveCfg = Release|Any CPU
		{CABE0F77-6751-4C5C-84E0-65F919BE291B}.Release|Any CPU.Build.0 = Release|Any CPU
		{CABE0F77-6751-4C5C-84E0-65F919BE291B}.Release|x64.ActiveCfg = Release|Any CPU
		{CABE0F77-6751-4C5C-84E0-65F919BE291B}.Release|x64.Build.0 = Release|Any CPU
		{CABE0F77-6751-4C5C-84E0-65F919BE291B}.Release|x86.ActiveCfg = Release|Any CPU
		{CABE0F77-6751-4C5C-84E0-65F919BE291B}.Release|x86.Build.0 = Release|Any CPU
		{525E9DFD-A51C-4ACB-A95E-45B8AFBC5D3B}.Debug|Any CPU.ActiveCfg = Debug|Any CPU
		{525E9DFD-A51C-4ACB-A95E-45B8AFBC5D3B}.Debug|Any CPU.Build.0 = Debug|Any CPU
		{525E9DFD-A51C-4ACB-A95E-45B8AFBC5D3B}.Debug|x64.ActiveCfg = Debug|Any CPU
		{525E9DFD-A51C-4ACB-A95E-45B8AFBC5D3B}.Debug|x64.Build.0 = Debug|Any CPU
		{525E9DFD-A51C-4ACB-A95E-45B8AFBC5D3B}.Debug|x86.ActiveCfg = Debug|Any CPU
		{525E9DFD-A51C-4ACB-A95E-45B8AFBC5D3B}.Debug|x86.Build.0 = Debug|Any CPU
		{525E9DFD-A51C-4ACB-A95E-45B8AFBC5D3B}.Release|Any CPU.ActiveCfg = Release|Any CPU
		{525E9DFD-A51C-4ACB-A95E-45B8AFBC5D3B}.Release|Any CPU.Build.0 = Release|Any CPU
		{525E9DFD-A51C-4ACB-A95E-45B8AFBC5D3B}.Release|x64.ActiveCfg = Release|Any CPU
		{525E9DFD-A51C-4ACB-A95E-45B8AFBC5D3B}.Release|x64.Build.0 = Release|Any CPU
		{525E9DFD-A51C-4ACB-A95E-45B8AFBC5D3B}.Release|x86.ActiveCfg = Release|Any CPU
		{525E9DFD-A51C-4ACB-A95E-45B8AFBC5D3B}.Release|x86.Build.0 = Release|Any CPU
		{254B0EE4-343E-4E8C-9A39-8041B1938A81}.Debug|Any CPU.ActiveCfg = Debug|Any CPU
		{254B0EE4-343E-4E8C-9A39-8041B1938A81}.Debug|Any CPU.Build.0 = Debug|Any CPU
		{254B0EE4-343E-4E8C-9A39-8041B1938A81}.Debug|x64.ActiveCfg = Debug|Any CPU
		{254B0EE4-343E-4E8C-9A39-8041B1938A81}.Debug|x64.Build.0 = Debug|Any CPU
		{254B0EE4-343E-4E8C-9A39-8041B1938A81}.Debug|x86.ActiveCfg = Debug|Any CPU
		{254B0EE4-343E-4E8C-9A39-8041B1938A81}.Debug|x86.Build.0 = Debug|Any CPU
		{254B0EE4-343E-4E8C-9A39-8041B1938A81}.Release|Any CPU.ActiveCfg = Release|Any CPU
		{254B0EE4-343E-4E8C-9A39-8041B1938A81}.Release|Any CPU.Build.0 = Release|Any CPU
		{254B0EE4-343E-4E8C-9A39-8041B1938A81}.Release|x64.ActiveCfg = Release|Any CPU
		{254B0EE4-343E-4E8C-9A39-8041B1938A81}.Release|x64.Build.0 = Release|Any CPU
		{254B0EE4-343E-4E8C-9A39-8041B1938A81}.Release|x86.ActiveCfg = Release|Any CPU
		{254B0EE4-343E-4E8C-9A39-8041B1938A81}.Release|x86.Build.0 = Release|Any CPU
		{5A3AFDB9-1CE4-4D43-8B81-BD556CAC6D1F}.Debug|Any CPU.ActiveCfg = Debug|Any CPU
		{5A3AFDB9-1CE4-4D43-8B81-BD556CAC6D1F}.Debug|Any CPU.Build.0 = Debug|Any CPU
		{5A3AFDB9-1CE4-4D43-8B81-BD556CAC6D1F}.Debug|x64.ActiveCfg = Debug|Any CPU
		{5A3AFDB9-1CE4-4D43-8B81-BD556CAC6D1F}.Debug|x64.Build.0 = Debug|Any CPU
		{5A3AFDB9-1CE4-4D43-8B81-BD556CAC6D1F}.Debug|x86.ActiveCfg = Debug|Any CPU
		{5A3AFDB9-1CE4-4D43-8B81-BD556CAC6D1F}.Debug|x86.Build.0 = Debug|Any CPU
		{5A3AFDB9-1CE4-4D43-8B81-BD556CAC6D1F}.Release|Any CPU.ActiveCfg = Release|Any CPU
		{5A3AFDB9-1CE4-4D43-8B81-BD556CAC6D1F}.Release|Any CPU.Build.0 = Release|Any CPU
		{5A3AFDB9-1CE4-4D43-8B81-BD556CAC6D1F}.Release|x64.ActiveCfg = Release|Any CPU
		{5A3AFDB9-1CE4-4D43-8B81-BD556CAC6D1F}.Release|x64.Build.0 = Release|Any CPU
		{5A3AFDB9-1CE4-4D43-8B81-BD556CAC6D1F}.Release|x86.ActiveCfg = Release|Any CPU
		{5A3AFDB9-1CE4-4D43-8B81-BD556CAC6D1F}.Release|x86.Build.0 = Release|Any CPU
		{949424DF-D72A-4169-B292-5DE90C39725A}.Debug|Any CPU.ActiveCfg = Debug|Any CPU
		{949424DF-D72A-4169-B292-5DE90C39725A}.Debug|Any CPU.Build.0 = Debug|Any CPU
		{949424DF-D72A-4169-B292-5DE90C39725A}.Debug|x64.ActiveCfg = Debug|Any CPU
		{949424DF-D72A-4169-B292-5DE90C39725A}.Debug|x64.Build.0 = Debug|Any CPU
		{949424DF-D72A-4169-B292-5DE90C39725A}.Debug|x86.ActiveCfg = Debug|Any CPU
		{949424DF-D72A-4169-B292-5DE90C39725A}.Debug|x86.Build.0 = Debug|Any CPU
		{949424DF-D72A-4169-B292-5DE90C39725A}.Release|Any CPU.ActiveCfg = Release|Any CPU
		{949424DF-D72A-4169-B292-5DE90C39725A}.Release|Any CPU.Build.0 = Release|Any CPU
		{949424DF-D72A-4169-B292-5DE90C39725A}.Release|x64.ActiveCfg = Release|Any CPU
		{949424DF-D72A-4169-B292-5DE90C39725A}.Release|x64.Build.0 = Release|Any CPU
		{949424DF-D72A-4169-B292-5DE90C39725A}.Release|x86.ActiveCfg = Release|Any CPU
		{949424DF-D72A-4169-B292-5DE90C39725A}.Release|x86.Build.0 = Release|Any CPU
		{4C743916-8FB5-4581-A895-747B8B09E07A}.Debug|Any CPU.ActiveCfg = Debug|Any CPU
		{4C743916-8FB5-4581-A895-747B8B09E07A}.Debug|Any CPU.Build.0 = Debug|Any CPU
		{4C743916-8FB5-4581-A895-747B8B09E07A}.Debug|x64.ActiveCfg = Debug|Any CPU
		{4C743916-8FB5-4581-A895-747B8B09E07A}.Debug|x64.Build.0 = Debug|Any CPU
		{4C743916-8FB5-4581-A895-747B8B09E07A}.Debug|x86.ActiveCfg = Debug|Any CPU
		{4C743916-8FB5-4581-A895-747B8B09E07A}.Debug|x86.Build.0 = Debug|Any CPU
		{4C743916-8FB5-4581-A895-747B8B09E07A}.Release|Any CPU.ActiveCfg = Release|Any CPU
		{4C743916-8FB5-4581-A895-747B8B09E07A}.Release|Any CPU.Build.0 = Release|Any CPU
		{4C743916-8FB5-4581-A895-747B8B09E07A}.Release|x64.ActiveCfg = Release|Any CPU
		{4C743916-8FB5-4581-A895-747B8B09E07A}.Release|x64.Build.0 = Release|Any CPU
		{4C743916-8FB5-4581-A895-747B8B09E07A}.Release|x86.ActiveCfg = Release|Any CPU
		{4C743916-8FB5-4581-A895-747B8B09E07A}.Release|x86.Build.0 = Release|Any CPU
		{335B7E6A-3F5C-4562-B77C-20F9145DD0CC}.Debug|Any CPU.ActiveCfg = Debug|Any CPU
		{335B7E6A-3F5C-4562-B77C-20F9145DD0CC}.Debug|Any CPU.Build.0 = Debug|Any CPU
		{335B7E6A-3F5C-4562-B77C-20F9145DD0CC}.Debug|x64.ActiveCfg = Debug|Any CPU
		{335B7E6A-3F5C-4562-B77C-20F9145DD0CC}.Debug|x64.Build.0 = Debug|Any CPU
		{335B7E6A-3F5C-4562-B77C-20F9145DD0CC}.Debug|x86.ActiveCfg = Debug|Any CPU
		{335B7E6A-3F5C-4562-B77C-20F9145DD0CC}.Debug|x86.Build.0 = Debug|Any CPU
		{335B7E6A-3F5C-4562-B77C-20F9145DD0CC}.Release|Any CPU.ActiveCfg = Release|Any CPU
		{335B7E6A-3F5C-4562-B77C-20F9145DD0CC}.Release|Any CPU.Build.0 = Release|Any CPU
		{335B7E6A-3F5C-4562-B77C-20F9145DD0CC}.Release|x64.ActiveCfg = Release|Any CPU
		{335B7E6A-3F5C-4562-B77C-20F9145DD0CC}.Release|x64.Build.0 = Release|Any CPU
		{335B7E6A-3F5C-4562-B77C-20F9145DD0CC}.Release|x86.ActiveCfg = Release|Any CPU
		{335B7E6A-3F5C-4562-B77C-20F9145DD0CC}.Release|x86.Build.0 = Release|Any CPU
		{B7913E01-BCE4-480B-8665-87BE36CCE091}.Debug|Any CPU.ActiveCfg = Debug|Any CPU
		{B7913E01-BCE4-480B-8665-87BE36CCE091}.Debug|Any CPU.Build.0 = Debug|Any CPU
		{B7913E01-BCE4-480B-8665-87BE36CCE091}.Debug|x64.ActiveCfg = Debug|Any CPU
		{B7913E01-BCE4-480B-8665-87BE36CCE091}.Debug|x64.Build.0 = Debug|Any CPU
		{B7913E01-BCE4-480B-8665-87BE36CCE091}.Debug|x86.ActiveCfg = Debug|Any CPU
		{B7913E01-BCE4-480B-8665-87BE36CCE091}.Debug|x86.Build.0 = Debug|Any CPU
		{B7913E01-BCE4-480B-8665-87BE36CCE091}.Release|Any CPU.ActiveCfg = Release|Any CPU
		{B7913E01-BCE4-480B-8665-87BE36CCE091}.Release|Any CPU.Build.0 = Release|Any CPU
		{B7913E01-BCE4-480B-8665-87BE36CCE091}.Release|x64.ActiveCfg = Release|Any CPU
		{B7913E01-BCE4-480B-8665-87BE36CCE091}.Release|x64.Build.0 = Release|Any CPU
		{B7913E01-BCE4-480B-8665-87BE36CCE091}.Release|x86.ActiveCfg = Release|Any CPU
		{B7913E01-BCE4-480B-8665-87BE36CCE091}.Release|x86.Build.0 = Release|Any CPU
		{5AF27027-B766-4355-81D6-54EA94B2F72B}.Debug|Any CPU.ActiveCfg = Debug|Any CPU
		{5AF27027-B766-4355-81D6-54EA94B2F72B}.Debug|Any CPU.Build.0 = Debug|Any CPU
		{5AF27027-B766-4355-81D6-54EA94B2F72B}.Debug|x64.ActiveCfg = Debug|Any CPU
		{5AF27027-B766-4355-81D6-54EA94B2F72B}.Debug|x64.Build.0 = Debug|Any CPU
		{5AF27027-B766-4355-81D6-54EA94B2F72B}.Debug|x86.ActiveCfg = Debug|Any CPU
		{5AF27027-B766-4355-81D6-54EA94B2F72B}.Debug|x86.Build.0 = Debug|Any CPU
		{5AF27027-B766-4355-81D6-54EA94B2F72B}.Release|Any CPU.ActiveCfg = Release|Any CPU
		{5AF27027-B766-4355-81D6-54EA94B2F72B}.Release|Any CPU.Build.0 = Release|Any CPU
		{5AF27027-B766-4355-81D6-54EA94B2F72B}.Release|x64.ActiveCfg = Release|Any CPU
		{5AF27027-B766-4355-81D6-54EA94B2F72B}.Release|x64.Build.0 = Release|Any CPU
		{5AF27027-B766-4355-81D6-54EA94B2F72B}.Release|x86.ActiveCfg = Release|Any CPU
		{5AF27027-B766-4355-81D6-54EA94B2F72B}.Release|x86.Build.0 = Release|Any CPU
	EndGlobalSection
	GlobalSection(SolutionProperties) = preSolution
		HideSolutionNode = FALSE
	EndGlobalSection
	GlobalSection(NestedProjects) = preSolution
		{27D2EB0D-3FED-4FAC-AD60-6D93B450096A} = {B1D34408-D334-448B-9A11-E0590FD28CDF}
		{5E09738D-EF15-4311-905C-AEEFF6F38182} = {30A48A41-32EA-426D-9817-DC9843F5728F}
		{CABE0F77-6751-4C5C-84E0-65F919BE291B} = {30A48A41-32EA-426D-9817-DC9843F5728F}
		{525E9DFD-A51C-4ACB-A95E-45B8AFBC5D3B} = {B1D34408-D334-448B-9A11-E0590FD28CDF}
		{3753FC62-B775-4A12-82CE-06DD4E0601B3} = {EFE26BB4-5B74-42D1-AD40-4DC376F146D1}
		{254B0EE4-343E-4E8C-9A39-8041B1938A81} = {3753FC62-B775-4A12-82CE-06DD4E0601B3}
		{5A3AFDB9-1CE4-4D43-8B81-BD556CAC6D1F} = {3753FC62-B775-4A12-82CE-06DD4E0601B3}
		{949424DF-D72A-4169-B292-5DE90C39725A} = {F6534AE9-6E81-4C0E-B2A9-D7DAAFC6EA80}
		{4C743916-8FB5-4581-A895-747B8B09E07A} = {3753FC62-B775-4A12-82CE-06DD4E0601B3}
		{335B7E6A-3F5C-4562-B77C-20F9145DD0CC} = {7E67289B-FFAE-4EA0-8682-69D17080B3A2}
		{B7913E01-BCE4-480B-8665-87BE36CCE091} = {30A48A41-32EA-426D-9817-DC9843F5728F}
		{5AF27027-B766-4355-81D6-54EA94B2F72B} = {E95570D8-E5C4-4A78-AC91-67B35BFEA135}
	EndGlobalSection
	GlobalSection(ExtensibilityGlobals) = postSolution
		SolutionGuid = {EF0E5A4C-10D8-4943-954D-1D652A07E08A}
	EndGlobalSection
EndGlobal
