
Microsoft Visual Studio Solution File, Format Version 12.00
# Visual Studio 15
VisualStudioVersion = 15.0.27130.2026
MinimumVisualStudioVersion = 10.0.40219.1
Project("{2150E333-8FDC-42A3-9474-1A3956D46DE8}") = "Solution Items", "Solution Items", "{C29D66F9-D2E7-4C82-84CE-7A56EEBBA684}"
	ProjectSection(SolutionItems) = preProject
		.editorconfig = .editorconfig
		README.md = README.md
		src\Sakuno.ING.props = src\Sakuno.ING.props
	EndProjectSection
EndProject
Project("{9A19103F-16F7-4668-BE54-9A1E7A4F7556}") = "Sakuno.ING.Bootstrap", "src\Sakuno.ING.Bootstrap\Sakuno.ING.Bootstrap.csproj", "{773D4281-944D-4154-AE00-A69CFCA6659C}"
EndProject
Project("{9A19103F-16F7-4668-BE54-9A1E7A4F7556}") = "Sakuno.ING.Core.DateTime", "src\Sakuno.ING.Core.DateTime\Sakuno.ING.Core.DateTime.csproj", "{6BBBE871-BEB9-47CF-BBF9-28DB9B64729A}"
EndProject
Project("{9A19103F-16F7-4668-BE54-9A1E7A4F7556}") = "Sakuno.ING.Core.CommonSettings", "src\Sakuno.ING.Core.CommonSettings\Sakuno.ING.Core.CommonSettings.csproj", "{04A06327-2D86-4A59-8F5C-188D5027516E}"
EndProject
Project("{9A19103F-16F7-4668-BE54-9A1E7A4F7556}") = "Sakuno.ING.Standard", "src\Sakuno.ING.Standard\Sakuno.ING.Standard.csproj", "{D5E9FD1A-A812-4FEB-B252-A84242B0E4CC}"
EndProject
Project("{9A19103F-16F7-4668-BE54-9A1E7A4F7556}") = "Sakuno.ING.Data", "src\Sakuno.ING.Data\Sakuno.ING.Data.csproj", "{AB6EC829-12AC-4B7C-A348-5C7620C96EB5}"
EndProject
Project("{9A19103F-16F7-4668-BE54-9A1E7A4F7556}") = "DebugEntry", "src\DebugEntry\DebugEntry.csproj", "{449903A2-AF35-493D-A658-DF62FFC36C30}"
EndProject
Project("{9A19103F-16F7-4668-BE54-9A1E7A4F7556}") = "Sakuno.ING.Data.Design", "src\Sakuno.ING.Data.Design\Sakuno.ING.Data.Design.csproj", "{A16DFBEC-F553-4F70-B1F8-24FB37012CF3}"
EndProject
Global
	GlobalSection(SolutionConfigurationPlatforms) = preSolution
		Debug|Any CPU = Debug|Any CPU
		Release|Any CPU = Release|Any CPU
	EndGlobalSection
	GlobalSection(ProjectConfigurationPlatforms) = postSolution
		{773D4281-944D-4154-AE00-A69CFCA6659C}.Debug|Any CPU.ActiveCfg = Debug|Any CPU
		{773D4281-944D-4154-AE00-A69CFCA6659C}.Debug|Any CPU.Build.0 = Debug|Any CPU
		{773D4281-944D-4154-AE00-A69CFCA6659C}.Release|Any CPU.ActiveCfg = Release|Any CPU
		{773D4281-944D-4154-AE00-A69CFCA6659C}.Release|Any CPU.Build.0 = Release|Any CPU
		{6BBBE871-BEB9-47CF-BBF9-28DB9B64729A}.Debug|Any CPU.ActiveCfg = Debug|Any CPU
		{6BBBE871-BEB9-47CF-BBF9-28DB9B64729A}.Debug|Any CPU.Build.0 = Debug|Any CPU
		{6BBBE871-BEB9-47CF-BBF9-28DB9B64729A}.Release|Any CPU.ActiveCfg = Release|Any CPU
		{6BBBE871-BEB9-47CF-BBF9-28DB9B64729A}.Release|Any CPU.Build.0 = Release|Any CPU
		{04A06327-2D86-4A59-8F5C-188D5027516E}.Debug|Any CPU.ActiveCfg = Debug|Any CPU
		{04A06327-2D86-4A59-8F5C-188D5027516E}.Debug|Any CPU.Build.0 = Debug|Any CPU
		{04A06327-2D86-4A59-8F5C-188D5027516E}.Release|Any CPU.ActiveCfg = Release|Any CPU
		{04A06327-2D86-4A59-8F5C-188D5027516E}.Release|Any CPU.Build.0 = Release|Any CPU
		{D5E9FD1A-A812-4FEB-B252-A84242B0E4CC}.Debug|Any CPU.ActiveCfg = Debug|Any CPU
		{D5E9FD1A-A812-4FEB-B252-A84242B0E4CC}.Debug|Any CPU.Build.0 = Debug|Any CPU
		{D5E9FD1A-A812-4FEB-B252-A84242B0E4CC}.Release|Any CPU.ActiveCfg = Release|Any CPU
		{D5E9FD1A-A812-4FEB-B252-A84242B0E4CC}.Release|Any CPU.Build.0 = Release|Any CPU
		{AB6EC829-12AC-4B7C-A348-5C7620C96EB5}.Debug|Any CPU.ActiveCfg = Debug|Any CPU
		{AB6EC829-12AC-4B7C-A348-5C7620C96EB5}.Debug|Any CPU.Build.0 = Debug|Any CPU
		{AB6EC829-12AC-4B7C-A348-5C7620C96EB5}.Release|Any CPU.ActiveCfg = Release|Any CPU
		{AB6EC829-12AC-4B7C-A348-5C7620C96EB5}.Release|Any CPU.Build.0 = Release|Any CPU
		{449903A2-AF35-493D-A658-DF62FFC36C30}.Debug|Any CPU.ActiveCfg = Debug|Any CPU
		{449903A2-AF35-493D-A658-DF62FFC36C30}.Debug|Any CPU.Build.0 = Debug|Any CPU
		{449903A2-AF35-493D-A658-DF62FFC36C30}.Release|Any CPU.ActiveCfg = Release|Any CPU
		{449903A2-AF35-493D-A658-DF62FFC36C30}.Release|Any CPU.Build.0 = Release|Any CPU
		{A16DFBEC-F553-4F70-B1F8-24FB37012CF3}.Debug|Any CPU.ActiveCfg = Debug|Any CPU
		{A16DFBEC-F553-4F70-B1F8-24FB37012CF3}.Debug|Any CPU.Build.0 = Debug|Any CPU
		{A16DFBEC-F553-4F70-B1F8-24FB37012CF3}.Release|Any CPU.ActiveCfg = Release|Any CPU
		{A16DFBEC-F553-4F70-B1F8-24FB37012CF3}.Release|Any CPU.Build.0 = Release|Any CPU
	EndGlobalSection
	GlobalSection(SolutionProperties) = preSolution
		HideSolutionNode = FALSE
	EndGlobalSection
	GlobalSection(ExtensibilityGlobals) = postSolution
		SolutionGuid = {D453CD6A-4918-42E2-A29D-43391DB418D2}
	EndGlobalSection
EndGlobal
