{
  "version": 1,
  "dependencies": {
    ".NETStandard,Version=v2.0": {
      "IsExternalInit": {
        "type": "Direct",
        "requested": "[1.0.0, )",
        "resolved": "1.0.0",
        "contentHash": "xGTfHXnk6NT94zR4tVWoxraY+9FnXn2R2uMe1HY7hLpmU/rTkdpexZT+4UlEUXr7oVHK7ogtWIMcrwrH/GMBiw=="
      },
      "Microsoft.Bcl.HashCode": {
        "type": "Direct",
        "requested": "[1.1.1, )",
        "resolved": "1.1.1",
        "contentHash": "MalY0Y/uM/LjXtHfX/26l2VtN4LDNZ2OE3aumNOHDLsT4fNYy2hiHXI4CXCqKpNUNm7iJ2brrc4J89UdaL56FA=="
      },
      "NETStandard.Library": {
        "type": "Direct",
        "requested": "[2.0.3, )",
        "resolved": "2.0.3",
        "contentHash": "st47PosZSHrjECdjeIzZQbzivYBJFv6P2nv4cj2ypdI204DO+vZ7l5raGMiX4eXMJ53RfOIg+/s4DHVZ54Nu2A==",
        "dependencies": {
          "Microsoft.NETCore.Platforms": "1.1.0"
        }
      },
      "System.Reactive": {
        "type": "Direct",
        "requested": "[5.0.0, )",
        "resolved": "5.0.0",
        "contentHash": "erBZjkQHWL9jpasCE/0qKAryzVBJFxGHVBAvgRN1bzM0q2s1S4oYREEEL0Vb+1kA/6BKb5FjUZMp5VXmy+gzkQ==",
        "dependencies": {
          "System.Runtime.InteropServices.WindowsRuntime": "4.3.0",
          "System.Threading.Tasks.Extensions": "4.5.4"
        }
      },
      "System.Runtime.CompilerServices.Unsafe": {
        "type": "Direct",
        "requested": "[5.0.0, )",
        "resolved": "5.0.0",
        "contentHash": "ZD9TMpsmYJLrxbbmdvhwt9YEgG5WntEnZ/d1eH8JBX9LBp+Ju8BSBhUGbZMNVHHomWo2KVImJhTDl2hIgw/6MA=="
      },
      "System.Text.Json": {
        "type": "Direct",
        "requested": "[5.0.2, )",
        "resolved": "5.0.2",
        "contentHash": "I47dVIGiV6SfAyppphxqupertT/5oZkYLDCX6vC3HpOI4ZLjyoKAreUoem2ie6G0RbRuFrlqz/PcTQjfb2DOfQ==",
        "dependencies": {
          "Microsoft.Bcl.AsyncInterfaces": "5.0.0",
          "System.Buffers": "4.5.1",
          "System.Memory": "4.5.4",
          "System.Numerics.Vectors": "4.5.0",
          "System.Runtime.CompilerServices.Unsafe": "5.0.0",
          "System.Text.Encodings.Web": "5.0.1",
          "System.Threading.Tasks.Extensions": "4.5.4"
        }
      },
      "Microsoft.Bcl.AsyncInterfaces": {
        "type": "Transitive",
        "resolved": "5.0.0",
        "contentHash": "W8DPQjkMScOMTtJbPwmPyj9c3zYSFGawDW3jwlBOOsnY+EzZFLgNQ/UMkK35JmkNOVPdCyPr2Tw7Vv9N+KA3ZQ==",
        "dependencies": {
          "System.Threading.Tasks.Extensions": "4.5.4"
        }
      },
      "Microsoft.CodeAnalysis.Analyzers": {
        "type": "Transitive",
        "resolved": "3.0.0",
        "contentHash": "ojG5pGAhTPmjxRGTNvuszO3H8XPZqksDwr9xLd4Ae/JBjZZdl6GuoLk7uLMf+o7yl5wO0TAqoWcEKkEWqrZE5g=="
      },
      "Microsoft.CodeAnalysis.Common": {
        "type": "Transitive",
        "resolved": "3.9.0",
        "contentHash": "HiWjF7PNIEngmFg2Xk8cZ/83lRIRkk9v+5ibbY5B7VvjNGdClGAMuWtZER9F5rGRR41VbJLco9ah73jFTh4vPw==",
        "dependencies": {
          "Microsoft.CodeAnalysis.Analyzers": "3.0.0",
          "System.Collections.Immutable": "5.0.0",
          "System.Memory": "4.5.4",
          "System.Reflection.Metadata": "5.0.0",
          "System.Runtime.CompilerServices.Unsafe": "5.0.0",
          "System.Text.Encoding.CodePages": "4.5.1",
          "System.Threading.Tasks.Extensions": "4.5.4"
        }
      },
      "Microsoft.CodeAnalysis.CSharp": {
        "type": "Transitive",
        "resolved": "3.9.0",
        "contentHash": "NTsiK3fnoZGemy4dBHrILwg9rL+jDnOJ7aixFu4EOWM1r6MZMrNCIhT2tO4AmIMdfICLPwj910uZRRLpbMnqHg==",
        "dependencies": {
          "Microsoft.CodeAnalysis.Common": "[3.9.0]"
        }
      },
      "Microsoft.NETCore.Platforms": {
        "type": "Transitive",
        "resolved": "1.1.0",
        "contentHash": "kz0PEW2lhqygehI/d6XsPCQzD7ff7gUJaVGPVETX611eadGsA3A877GdSlU0LRVMCTH/+P3o2iDTak+S08V2+A=="
      },
      "Microsoft.NETCore.Targets": {
        "type": "Transitive",
        "resolved": "1.1.0",
        "contentHash": "aOZA3BWfz9RXjpzt0sRJJMjAscAUm3Hoa4UWAfceV9UTYxgwZ1lZt5nO2myFf+/jetYQo4uTP7zS8sJY67BBxg=="
      },
      "System.Buffers": {
        "type": "Transitive",
        "resolved": "4.5.1",
        "contentHash": "Rw7ijyl1qqRS0YQD/WycNst8hUUMgrMH4FCn1nNm27M4VxchZ1js3fVjQaANHO5f3sN4isvP4a+Met9Y4YomAg=="
      },
      "System.Collections.Immutable": {
        "type": "Transitive",
        "resolved": "5.0.0",
        "contentHash": "FXkLXiK0sVVewcso0imKQoOxjoPAj42R8HtjjbSjVPAzwDfzoyoznWxgA3c38LDbN9SJux1xXoXYAhz98j7r2g==",
        "dependencies": {
          "System.Memory": "4.5.4"
        }
      },
      "System.Memory": {
        "type": "Transitive",
        "resolved": "4.5.4",
        "contentHash": "1MbJTHS1lZ4bS4FmsJjnuGJOu88ZzTT2rLvrhW7Ygic+pC0NWA+3hgAen0HRdsocuQXCkUTdFn9yHJJhsijDXw==",
        "dependencies": {
          "System.Buffers": "4.5.1",
          "System.Numerics.Vectors": "4.4.0",
          "System.Runtime.CompilerServices.Unsafe": "4.5.3"
        }
      },
      "System.Numerics.Vectors": {
        "type": "Transitive",
        "resolved": "4.5.0",
        "contentHash": "QQTlPTl06J/iiDbJCiepZ4H//BVraReU4O4EoRw1U02H5TLUIT7xn3GnDp9AXPSlJUDyFs4uWjWafNX6WrAojQ=="
      },
      "System.Reflection.Metadata": {
        "type": "Transitive",
        "resolved": "5.0.0",
        "contentHash": "5NecZgXktdGg34rh1OenY1rFNDCI8xSjFr+Z4OU4cU06AQHUdRnIIEeWENu3Wl4YowbzkymAIMvi3WyK9U53pQ==",
        "dependencies": {
          "System.Collections.Immutable": "5.0.0"
        }
      },
      "System.Runtime": {
        "type": "Transitive",
        "resolved": "4.3.0",
        "contentHash": "JufQi0vPQ0xGnAczR13AUFglDyVYt4Kqnz1AZaiKZ5+GICq0/1MH/mO/eAJHt/mHW1zjKBJd7kV26SrxddAhiw==",
        "dependencies": {
          "Microsoft.NETCore.Platforms": "1.1.0",
          "Microsoft.NETCore.Targets": "1.1.0"
        }
      },
      "System.Runtime.InteropServices.WindowsRuntime": {
        "type": "Transitive",
        "resolved": "4.3.0",
        "contentHash": "J4GUi3xZQLUBasNwZnjrffN8i5wpHrBtZoLG+OhRyGo/+YunMRWWtwoMDlUAIdmX0uRfpHIBDSV6zyr3yf00TA==",
        "dependencies": {
          "System.Runtime": "4.3.0"
        }
      },
      "System.Text.Encoding.CodePages": {
        "type": "Transitive",
        "resolved": "4.5.1",
        "contentHash": "4J2JQXbftjPMppIHJ7IC+VXQ9XfEagN92vZZNoG12i+zReYlim5dMoXFC1Zzg7tsnKDM7JPo5bYfFK4Jheq44w==",
        "dependencies": {
          "System.Runtime.CompilerServices.Unsafe": "4.5.2"
        }
      },
      "System.Text.Encodings.Web": {
        "type": "Transitive",
        "resolved": "5.0.1",
        "contentHash": "KmJ+CJXizDofbq6mpqDoRRLcxgOd2z9X3XoFNULSbvbqVRZkFX3istvr+MUjL6Zw1RT+RNdoI4GYidIINtgvqQ==",
        "dependencies": {
          "System.Buffers": "4.5.1",
          "System.Memory": "4.5.4"
        }
      },
      "System.Threading.Tasks.Extensions": {
        "type": "Transitive",
        "resolved": "4.5.4",
        "contentHash": "zteT+G8xuGu6mS+mzDzYXbzS7rd3K6Fjb9RiZlYlJPam2/hU7JCBZBVEcywNuR+oZ1ncTvc/cq0faRr3P01OVg==",
        "dependencies": {
          "System.Runtime.CompilerServices.Unsafe": "4.5.3"
        }
      },
      "sakuno.ing.game.provider.sourcegenerator": {
        "type": "Project",
        "dependencies": {
          "Microsoft.CodeAnalysis.CSharp": "3.9.0"
        }
      },
      "sakuno.ing.standard": {
        "type": "Project",
        "dependencies": {
          "System.Memory": "4.5.4"
        }
      }
    }
  }
}